
Microsoft Visual Studio Solution File, Format Version 12.00
# Visual Studio Version 16
VisualStudioVersion = 16.0.30413.136
MinimumVisualStudioVersion = 10.0.40219.1
Project("{FAE04EC0-301F-11D3-BF4B-00C04F79EFBC}") = "MonkeyTapWithSound.UWP", "MonkeyTapWithSound\MonkeyTapWithSound.UWP\MonkeyTapWithSound.UWP.csproj", "{0C1EE470-D004-4E94-B125-0CF27A669FB0}"
EndProject
Project("{FAE04EC0-301F-11D3-BF4B-00C04F79EFBC}") = "MonkeyTapWithSound.Android", "MonkeyTapWithSound\MonkeyTapWithSound.Android\MonkeyTapWithSound.Android.csproj", "{315FE3A9-1FD2-4051-9064-59DB44D1E84D}"
EndProject
Project("{FAE04EC0-301F-11D3-BF4B-00C04F79EFBC}") = "MonkeyTapWithSound.iOS", "MonkeyTapWithSound\MonkeyTapWithSound.iOS\MonkeyTapWithSound.iOS.csproj", "{A5FC0CE1-80A4-4950-BB25-F9C99979D65D}"
EndProject
Project("{FAE04EC0-301F-11D3-BF4B-00C04F79EFBC}") = "MonkeyTapWithSound", "MonkeyTapWithSound\MonkeyTapWithSound\MonkeyTapWithSound.csproj", "{46DB2726-CF26-46DD-882E-F9A756DE6EE3}"
EndProject
Global
	GlobalSection(SolutionConfigurationPlatforms) = preSolution
		Debug|Any CPU = Debug|Any CPU
		Debug|ARM = Debug|ARM
		Debug|iPhone = Debug|iPhone
		Debug|iPhoneSimulator = Debug|iPhoneSimulator
		Debug|x64 = Debug|x64
		Debug|x86 = Debug|x86
		Release|Any CPU = Release|Any CPU
		Release|ARM = Release|ARM
		Release|iPhone = Release|iPhone
		Release|iPhoneSimulator = Release|iPhoneSimulator
		Release|x64 = Release|x64
		Release|x86 = Release|x86
	EndGlobalSection
	GlobalSection(ProjectConfigurationPlatforms) = postSolution
		{0C1EE470-D004-4E94-B125-0CF27A669FB0}.Debug|Any CPU.ActiveCfg = Debug|x86
		{0C1EE470-D004-4E94-B125-0CF27A669FB0}.Debug|Any CPU.Build.0 = Debug|x86
		{0C1EE470-D004-4E94-B125-0CF27A669FB0}.Debug|Any CPU.Deploy.0 = Debug|x86
		{0C1EE470-D004-4E94-B125-0CF27A669FB0}.Debug|ARM.ActiveCfg = Debug|ARM
		{0C1EE470-D004-4E94-B125-0CF27A669FB0}.Debug|ARM.Build.0 = Debug|ARM
		{0C1EE470-D004-4E94-B125-0CF27A669FB0}.Debug|ARM.Deploy.0 = Debug|ARM
		{0C1EE470-D004-4E94-B125-0CF27A669FB0}.Debug|iPhone.ActiveCfg = Debug|x86
		{0C1EE470-D004-4E94-B125-0CF27A669FB0}.Debug|iPhone.Build.0 = Debug|x86
		{0C1EE470-D004-4E94-B125-0CF27A669FB0}.Debug|iPhone.Deploy.0 = Debug|x86
		{0C1EE470-D004-4E94-B125-0CF27A669FB0}.Debug|iPhoneSimulator.ActiveCfg = Debug|x86
		{0C1EE470-D004-4E94-B125-0CF27A669FB0}.Debug|iPhoneSimulator.Build.0 = Debug|x86
		{0C1EE470-D004-4E94-B125-0CF27A669FB0}.Debug|iPhoneSimulator.Deploy.0 = Debug|x86
		{0C1EE470-D004-4E94-B125-0CF27A669FB0}.Debug|x64.ActiveCfg = Debug|x64
		{0C1EE470-D004-4E94-B125-0CF27A669FB0}.Debug|x64.Build.0 = Debug|x64
		{0C1EE470-D004-4E94-B125-0CF27A669FB0}.Debug|x64.Deploy.0 = Debug|x64
		{0C1EE470-D004-4E94-B125-0CF27A669FB0}.Debug|x86.ActiveCfg = Debug|x86
		{0C1EE470-D004-4E94-B125-0CF27A669FB0}.Debug|x86.Build.0 = Debug|x86
		{0C1EE470-D004-4E94-B125-0CF27A669FB0}.Debug|x86.Deploy.0 = Debug|x86
		{0C1EE470-D004-4E94-B125-0CF27A669FB0}.Release|Any CPU.ActiveCfg = Release|x86
		{0C1EE470-D004-4E94-B125-0CF27A669FB0}.Release|Any CPU.Build.0 = Release|x86
		{0C1EE470-D004-4E94-B125-0CF27A669FB0}.Release|Any CPU.Deploy.0 = Release|x86
		{0C1EE470-D004-4E94-B125-0CF27A669FB0}.Release|ARM.ActiveCfg = Release|ARM
		{0C1EE470-D004-4E94-B125-0CF27A669FB0}.Release|ARM.Build.0 = Release|ARM
		{0C1EE470-D004-4E94-B125-0CF27A669FB0}.Release|ARM.Deploy.0 = Release|ARM
		{0C1EE470-D004-4E94-B125-0CF27A669FB0}.Release|iPhone.ActiveCfg = Release|x86
		{0C1EE470-D004-4E94-B125-0CF27A669FB0}.Release|iPhone.Build.0 = Release|x86
		{0C1EE470-D004-4E94-B125-0CF27A669FB0}.Release|iPhone.Deploy.0 = Release|x86
		{0C1EE470-D004-4E94-B125-0CF27A669FB0}.Release|iPhoneSimulator.ActiveCfg = Release|x86
		{0C1EE470-D004-4E94-B125-0CF27A669FB0}.Release|iPhoneSimulator.Build.0 = Release|x86
		{0C1EE470-D004-4E94-B125-0CF27A669FB0}.Release|iPhoneSimulator.Deploy.0 = Release|x86
		{0C1EE470-D004-4E94-B125-0CF27A669FB0}.Release|x64.ActiveCfg = Release|x64
		{0C1EE470-D004-4E94-B125-0CF27A669FB0}.Release|x64.Build.0 = Release|x64
		{0C1EE470-D004-4E94-B125-0CF27A669FB0}.Release|x64.Deploy.0 = Release|x64
		{0C1EE470-D004-4E94-B125-0CF27A669FB0}.Release|x86.ActiveCfg = Release|x86
		{0C1EE470-D004-4E94-B125-0CF27A669FB0}.Release|x86.Build.0 = Release|x86
		{0C1EE470-D004-4E94-B125-0CF27A669FB0}.Release|x86.Deploy.0 = Release|x86
		{315FE3A9-1FD2-4051-9064-59DB44D1E84D}.Debug|Any CPU.ActiveCfg = Debug|Any CPU
		{315FE3A9-1FD2-4051-9064-59DB44D1E84D}.Debug|Any CPU.Build.0 = Debug|Any CPU
		{315FE3A9-1FD2-4051-9064-59DB44D1E84D}.Debug|Any CPU.Deploy.0 = Debug|Any CPU
		{315FE3A9-1FD2-4051-9064-59DB44D1E84D}.Debug|ARM.ActiveCfg = Debug|Any CPU
		{315FE3A9-1FD2-4051-9064-59DB44D1E84D}.Debug|ARM.Build.0 = Debug|Any CPU
		{315FE3A9-1FD2-4051-9064-59DB44D1E84D}.Debug|ARM.Deploy.0 = Debug|Any CPU
		{315FE3A9-1FD2-4051-9064-59DB44D1E84D}.Debug|iPhone.ActiveCfg = Debug|Any CPU
		{315FE3A9-1FD2-4051-9064-59DB44D1E84D}.Debug|iPhone.Build.0 = Debug|Any CPU
		{315FE3A9-1FD2-4051-9064-59DB44D1E84D}.Debug|iPhone.Deploy.0 = Debug|Any CPU
		{315FE3A9-1FD2-4051-9064-59DB44D1E84D}.Debug|iPhoneSimulator.ActiveCfg = Debug|Any CPU
		{315FE3A9-1FD2-4051-9064-59DB44D1E84D}.Debug|iPhoneSimulator.Build.0 = Debug|Any CPU
		{315FE3A9-1FD2-4051-9064-59DB44D1E84D}.Debug|iPhoneSimulator.Deploy.0 = Debug|Any CPU
		{315FE3A9-1FD2-4051-9064-59DB44D1E84D}.Debug|x64.ActiveCfg = Debug|Any CPU
		{315FE3A9-1FD2-4051-9064-59DB44D1E84D}.Debug|x64.Build.0 = Debug|Any CPU
		{315FE3A9-1FD2-4051-9064-59DB44D1E84D}.Debug|x64.Deploy.0 = Debug|Any CPU
		{315FE3A9-1FD2-4051-9064-59DB44D1E84D}.Debug|x86.ActiveCfg = Debug|Any CPU
		{315FE3A9-1FD2-4051-9064-59DB44D1E84D}.Debug|x86.Build.0 = Debug|Any CPU
		{315FE3A9-1FD2-4051-9064-59DB44D1E84D}.Debug|x86.Deploy.0 = Debug|Any CPU
		{315FE3A9-1FD2-4051-9064-59DB44D1E84D}.Release|Any CPU.ActiveCfg = Release|Any CPU
		{315FE3A9-1FD2-4051-9064-59DB44D1E84D}.Release|Any CPU.Build.0 = Release|Any CPU
		{315FE3A9-1FD2-4051-9064-59DB44D1E84D}.Release|Any CPU.Deploy.0 = Release|Any CPU
		{315FE3A9-1FD2-4051-9064-59DB44D1E84D}.Release|ARM.ActiveCfg = Release|Any CPU
		{315FE3A9-1FD2-4051-9064-59DB44D1E84D}.Release|ARM.Build.0 = Release|Any CPU
		{315FE3A9-1FD2-4051-9064-59DB44D1E84D}.Release|ARM.Deploy.0 = Release|Any CPU
		{315FE3A9-1FD2-4051-9064-59DB44D1E84D}.Release|iPhone.ActiveCfg = Release|Any CPU
		{315FE3A9-1FD2-4051-9064-59DB44D1E84D}.Release|iPhone.Build.0 = Release|Any CPU
		{315FE3A9-1FD2-4051-9064-59DB44D1E84D}.Release|iPhone.Deploy.0 = Release|Any CPU
		{315FE3A9-1FD2-4051-9064-59DB44D1E84D}.Release|iPhoneSimulator.ActiveCfg = Release|Any CPU
		{315FE3A9-1FD2-4051-9064-59DB44D1E84D}.Release|iPhoneSimulator.Build.0 = Release|Any CPU
		{315FE3A9-1FD2-4051-9064-59DB44D1E84D}.Release|iPhoneSimulator.Deploy.0 = Release|Any CPU
		{315FE3A9-1FD2-4051-9064-59DB44D1E84D}.Release|x64.ActiveCfg = Release|Any CPU
		{315FE3A9-1FD2-4051-9064-59DB44D1E84D}.Release|x64.Build.0 = Release|Any CPU
		{315FE3A9-1FD2-4051-9064-59DB44D1E84D}.Release|x64.Deploy.0 = Release|Any CPU
		{315FE3A9-1FD2-4051-9064-59DB44D1E84D}.Release|x86.ActiveCfg = Release|Any CPU
		{315FE3A9-1FD2-4051-9064-59DB44D1E84D}.Release|x86.Build.0 = Release|Any CPU
		{315FE3A9-1FD2-4051-9064-59DB44D1E84D}.Release|x86.Deploy.0 = Release|Any CPU
		{A5FC0CE1-80A4-4950-BB25-F9C99979D65D}.Debug|Any CPU.ActiveCfg = Debug|iPhone
		{A5FC0CE1-80A4-4950-BB25-F9C99979D65D}.Debug|Any CPU.Build.0 = Debug|iPhone
		{A5FC0CE1-80A4-4950-BB25-F9C99979D65D}.Debug|Any CPU.Deploy.0 = Debug|iPhone
		{A5FC0CE1-80A4-4950-BB25-F9C99979D65D}.Debug|ARM.ActiveCfg = Debug|iPhone
		{A5FC0CE1-80A4-4950-BB25-F9C99979D65D}.Debug|ARM.Build.0 = Debug|iPhone
		{A5FC0CE1-80A4-4950-BB25-F9C99979D65D}.Debug|ARM.Deploy.0 = Debug|iPhone
		{A5FC0CE1-80A4-4950-BB25-F9C99979D65D}.Debug|iPhone.ActiveCfg = Debug|iPhone
		{A5FC0CE1-80A4-4950-BB25-F9C99979D65D}.Debug|iPhone.Build.0 = Debug|iPhone
		{A5FC0CE1-80A4-4950-BB25-F9C99979D65D}.Debug|iPhone.Deploy.0 = Debug|iPhone
		{A5FC0CE1-80A4-4950-BB25-F9C99979D65D}.Debug|iPhoneSimulator.ActiveCfg = Debug|iPhoneSimulator
		{A5FC0CE1-80A4-4950-BB25-F9C99979D65D}.Debug|iPhoneSimulator.Build.0 = Debug|iPhoneSimulator
		{A5FC0CE1-80A4-4950-BB25-F9C99979D65D}.Debug|iPhoneSimulator.Deploy.0 = Debug|iPhoneSimulator
		{A5FC0CE1-80A4-4950-BB25-F9C99979D65D}.Debug|x64.ActiveCfg = Debug|iPhone
		{A5FC0CE1-80A4-4950-BB25-F9C99979D65D}.Debug|x64.Build.0 = Debug|iPhone
		{A5FC0CE1-80A4-4950-BB25-F9C99979D65D}.Debug|x64.Deploy.0 = Debug|iPhone
		{A5FC0CE1-80A4-4950-BB25-F9C99979D65D}.Debug|x86.ActiveCfg = Debug|iPhone
		{A5FC0CE1-80A4-4950-BB25-F9C99979D65D}.Debug|x86.Build.0 = Debug|iPhone
		{A5FC0CE1-80A4-4950-BB25-F9C99979D65D}.Debug|x86.Deploy.0 = Debug|iPhone
		{A5FC0CE1-80A4-4950-BB25-F9C99979D65D}.Release|Any CPU.ActiveCfg = Release|iPhone
		{A5FC0CE1-80A4-4950-BB25-F9C99979D65D}.Release|Any CPU.Build.0 = Release|iPhone
		{A5FC0CE1-80A4-4950-BB25-F9C99979D65D}.Release|Any CPU.Deploy.0 = Release|iPhone
		{A5FC0CE1-80A4-4950-BB25-F9C99979D65D}.Release|ARM.ActiveCfg = Release|iPhone
		{A5FC0CE1-80A4-4950-BB25-F9C99979D65D}.Release|ARM.Build.0 = Release|iPhone
		{A5FC0CE1-80A4-4950-BB25-F9C99979D65D}.Release|ARM.Deploy.0 = Release|iPhone
		{A5FC0CE1-80A4-4950-BB25-F9C99979D65D}.Release|iPhone.ActiveCfg = Release|iPhone
		{A5FC0CE1-80A4-4950-BB25-F9C99979D65D}.Release|iPhone.Build.0 = Release|iPhone
		{A5FC0CE1-80A4-4950-BB25-F9C99979D65D}.Release|iPhone.Deploy.0 = Release|iPhone
		{A5FC0CE1-80A4-4950-BB25-F9C99979D65D}.Release|iPhoneSimulator.ActiveCfg = Release|iPhoneSimulator
		{A5FC0CE1-80A4-4950-BB25-F9C99979D65D}.Release|iPhoneSimulator.Build.0 = Release|iPhoneSimulator
		{A5FC0CE1-80A4-4950-BB25-F9C99979D65D}.Release|iPhoneSimulator.Deploy.0 = Release|iPhoneSimulator
		{A5FC0CE1-80A4-4950-BB25-F9C99979D65D}.Release|x64.ActiveCfg = Release|iPhone
		{A5FC0CE1-80A4-4950-BB25-F9C99979D65D}.Release|x64.Build.0 = Release|iPhone
		{A5FC0CE1-80A4-4950-BB25-F9C99979D65D}.Release|x64.Deploy.0 = Release|iPhone
		{A5FC0CE1-80A4-4950-BB25-F9C99979D65D}.Release|x86.ActiveCfg = Release|iPhone
		{A5FC0CE1-80A4-4950-BB25-F9C99979D65D}.Release|x86.Build.0 = Release|iPhone
		{A5FC0CE1-80A4-4950-BB25-F9C99979D65D}.Release|x86.Deploy.0 = Release|iPhone
		{46DB2726-CF26-46DD-882E-F9A756DE6EE3}.Debug|Any CPU.ActiveCfg = Debug|Any CPU
		{46DB2726-CF26-46DD-882E-F9A756DE6EE3}.Debug|Any CPU.Build.0 = Debug|Any CPU
		{46DB2726-CF26-46DD-882E-F9A756DE6EE3}.Debug|Any CPU.Deploy.0 = Debug|Any CPU
		{46DB2726-CF26-46DD-882E-F9A756DE6EE3}.Debug|ARM.ActiveCfg = Debug|Any CPU
		{46DB2726-CF26-46DD-882E-F9A756DE6EE3}.Debug|ARM.Build.0 = Debug|Any CPU
		{46DB2726-CF26-46DD-882E-F9A756DE6EE3}.Debug|ARM.Deploy.0 = Debug|Any CPU
		{46DB2726-CF26-46DD-882E-F9A756DE6EE3}.Debug|iPhone.ActiveCfg = Debug|Any CPU
		{46DB2726-CF26-46DD-882E-F9A756DE6EE3}.Debug|iPhone.Build.0 = Debug|Any CPU
		{46DB2726-CF26-46DD-882E-F9A756DE6EE3}.Debug|iPhone.Deploy.0 = Debug|Any CPU
		{46DB2726-CF26-46DD-882E-F9A756DE6EE3}.Debug|iPhoneSimulator.ActiveCfg = Debug|Any CPU
		{46DB2726-CF26-46DD-882E-F9A756DE6EE3}.Debug|iPhoneSimulator.Build.0 = Debug|Any CPU
		{46DB2726-CF26-46DD-882E-F9A756DE6EE3}.Debug|iPhoneSimulator.Deploy.0 = Debug|Any CPU
		{46DB2726-CF26-46DD-882E-F9A756DE6EE3}.Debug|x64.ActiveCfg = Debug|Any CPU
		{46DB2726-CF26-46DD-882E-F9A756DE6EE3}.Debug|x64.Build.0 = Debug|Any CPU
		{46DB2726-CF26-46DD-882E-F9A756DE6EE3}.Debug|x64.Deploy.0 = Debug|Any CPU
		{46DB2726-CF26-46DD-882E-F9A756DE6EE3}.Debug|x86.ActiveCfg = Debug|Any CPU
		{46DB2726-CF26-46DD-882E-F9A756DE6EE3}.Debug|x86.Build.0 = Debug|Any CPU
		{46DB2726-CF26-46DD-882E-F9A756DE6EE3}.Debug|x86.Deploy.0 = Debug|Any CPU
		{46DB2726-CF26-46DD-882E-F9A756DE6EE3}.Release|Any CPU.ActiveCfg = Release|Any CPU
		{46DB2726-CF26-46DD-882E-F9A756DE6EE3}.Release|Any CPU.Build.0 = Release|Any CPU
		{46DB2726-CF26-46DD-882E-F9A756DE6EE3}.Release|Any CPU.Deploy.0 = Release|Any CPU
		{46DB2726-CF26-46DD-882E-F9A756DE6EE3}.Release|ARM.ActiveCfg = Release|Any CPU
		{46DB2726-CF26-46DD-882E-F9A756DE6EE3}.Release|ARM.Build.0 = Release|Any CPU
		{46DB2726-CF26-46DD-882E-F9A756DE6EE3}.Release|ARM.Deploy.0 = Release|Any CPU
		{46DB2726-CF26-46DD-882E-F9A756DE6EE3}.Release|iPhone.ActiveCfg = Release|Any CPU
		{46DB2726-CF26-46DD-882E-F9A756DE6EE3}.Release|iPhone.Build.0 = Release|Any CPU
		{46DB2726-CF26-46DD-882E-F9A756DE6EE3}.Release|iPhone.Deploy.0 = Release|Any CPU
		{46DB2726-CF26-46DD-882E-F9A756DE6EE3}.Release|iPhoneSimulator.ActiveCfg = Release|Any CPU
		{46DB2726-CF26-46DD-882E-F9A756DE6EE3}.Release|iPhoneSimulator.Build.0 = Release|Any CPU
		{46DB2726-CF26-46DD-882E-F9A756DE6EE3}.Release|iPhoneSimulator.Deploy.0 = Release|Any CPU
		{46DB2726-CF26-46DD-882E-F9A756DE6EE3}.Release|x64.ActiveCfg = Release|Any CPU
		{46DB2726-CF26-46DD-882E-F9A756DE6EE3}.Release|x64.Build.0 = Release|Any CPU
		{46DB2726-CF26-46DD-882E-F9A756DE6EE3}.Release|x64.Deploy.0 = Release|Any CPU
		{46DB2726-CF26-46DD-882E-F9A756DE6EE3}.Release|x86.ActiveCfg = Release|Any CPU
		{46DB2726-CF26-46DD-882E-F9A756DE6EE3}.Release|x86.Build.0 = Release|Any CPU
		{46DB2726-CF26-46DD-882E-F9A756DE6EE3}.Release|x86.Deploy.0 = Release|Any CPU
	EndGlobalSection
	GlobalSection(SolutionProperties) = preSolution
		HideSolutionNode = FALSE
	EndGlobalSection
	GlobalSection(ExtensibilityGlobals) = postSolution
		SolutionGuid = {865A3741-AC12-4157-9F40-99F8E7B11F07}
	EndGlobalSection
EndGlobal
