
Microsoft Visual Studio Solution File, Format Version 12.00
# Visual Studio Version 16
VisualStudioVersion = 16.0.30413.136
MinimumVisualStudioVersion = 10.0.40219.1
Project("{FAE04EC0-301F-11D3-BF4B-00C04F79EFBC}") = "DiyGradientBitmap.UWP", "DiyGradientBitmap\DiyGradientBitmap.UWP\DiyGradientBitmap.UWP.csproj", "{6E8D055E-03D5-4965-B5CA-992C4F174924}"
EndProject
Project("{FAE04EC0-301F-11D3-BF4B-00C04F79EFBC}") = "DiyGradientBitmap.Android", "DiyGradientBitmap\DiyGradientBitmap.Android\DiyGradientBitmap.Android.csproj", "{9CB435D0-2AFB-4875-B220-E2C29080DB18}"
EndProject
Project("{FAE04EC0-301F-11D3-BF4B-00C04F79EFBC}") = "DiyGradientBitmap.iOS", "DiyGradientBitmap\DiyGradientBitmap.iOS\DiyGradientBitmap.iOS.csproj", "{E960CA9F-6871-4344-9941-F1343570A9AD}"
EndProject
Project("{FAE04EC0-301F-11D3-BF4B-00C04F79EFBC}") = "DiyGradientBitmap", "DiyGradientBitmap\DiyGradientBitmap\DiyGradientBitmap.csproj", "{721FC13F-532B-42AC-AA0E-932FA66C5A7B}"
	ProjectSection(ProjectDependencies) = postProject
		{DCDDBE8A-0E99-40BB-AF76-04D04C9ABDA9} = {DCDDBE8A-0E99-40BB-AF76-04D04C9ABDA9}
	EndProjectSection
EndProject
Project("{9A19103F-16F7-4668-BE54-9A1E7A4F7556}") = "Xamarin.FormsBook.Toolkit", "..\..\Libraries\Xamarin.FormsBook.Toolkit\Xamarin.FormsBook.Toolkit\Xamarin.FormsBook.Toolkit\Xamarin.FormsBook.Toolkit.csproj", "{DCDDBE8A-0E99-40BB-AF76-04D04C9ABDA9}"
EndProject
Global
	GlobalSection(SolutionConfigurationPlatforms) = preSolution
		Debug|Any CPU = Debug|Any CPU
		Debug|ARM = Debug|ARM
		Debug|iPhone = Debug|iPhone
		Debug|iPhoneSimulator = Debug|iPhoneSimulator
		Debug|x64 = Debug|x64
		Debug|x86 = Debug|x86
		Release|Any CPU = Release|Any CPU
		Release|ARM = Release|ARM
		Release|iPhone = Release|iPhone
		Release|iPhoneSimulator = Release|iPhoneSimulator
		Release|x64 = Release|x64
		Release|x86 = Release|x86
	EndGlobalSection
	GlobalSection(ProjectConfigurationPlatforms) = postSolution
		{6E8D055E-03D5-4965-B5CA-992C4F174924}.Debug|Any CPU.ActiveCfg = Debug|x86
		{6E8D055E-03D5-4965-B5CA-992C4F174924}.Debug|Any CPU.Build.0 = Debug|x86
		{6E8D055E-03D5-4965-B5CA-992C4F174924}.Debug|Any CPU.Deploy.0 = Debug|x86
		{6E8D055E-03D5-4965-B5CA-992C4F174924}.Debug|ARM.ActiveCfg = Debug|ARM
		{6E8D055E-03D5-4965-B5CA-992C4F174924}.Debug|ARM.Build.0 = Debug|ARM
		{6E8D055E-03D5-4965-B5CA-992C4F174924}.Debug|ARM.Deploy.0 = Debug|ARM
		{6E8D055E-03D5-4965-B5CA-992C4F174924}.Debug|iPhone.ActiveCfg = Debug|x86
		{6E8D055E-03D5-4965-B5CA-992C4F174924}.Debug|iPhone.Build.0 = Debug|x86
		{6E8D055E-03D5-4965-B5CA-992C4F174924}.Debug|iPhone.Deploy.0 = Debug|x86
		{6E8D055E-03D5-4965-B5CA-992C4F174924}.Debug|iPhoneSimulator.ActiveCfg = Debug|x86
		{6E8D055E-03D5-4965-B5CA-992C4F174924}.Debug|iPhoneSimulator.Build.0 = Debug|x86
		{6E8D055E-03D5-4965-B5CA-992C4F174924}.Debug|iPhoneSimulator.Deploy.0 = Debug|x86
		{6E8D055E-03D5-4965-B5CA-992C4F174924}.Debug|x64.ActiveCfg = Debug|x64
		{6E8D055E-03D5-4965-B5CA-992C4F174924}.Debug|x64.Build.0 = Debug|x64
		{6E8D055E-03D5-4965-B5CA-992C4F174924}.Debug|x64.Deploy.0 = Debug|x64
		{6E8D055E-03D5-4965-B5CA-992C4F174924}.Debug|x86.ActiveCfg = Debug|x86
		{6E8D055E-03D5-4965-B5CA-992C4F174924}.Debug|x86.Build.0 = Debug|x86
		{6E8D055E-03D5-4965-B5CA-992C4F174924}.Debug|x86.Deploy.0 = Debug|x86
		{6E8D055E-03D5-4965-B5CA-992C4F174924}.Release|Any CPU.ActiveCfg = Release|x86
		{6E8D055E-03D5-4965-B5CA-992C4F174924}.Release|Any CPU.Build.0 = Release|x86
		{6E8D055E-03D5-4965-B5CA-992C4F174924}.Release|Any CPU.Deploy.0 = Release|x86
		{6E8D055E-03D5-4965-B5CA-992C4F174924}.Release|ARM.ActiveCfg = Release|ARM
		{6E8D055E-03D5-4965-B5CA-992C4F174924}.Release|ARM.Build.0 = Release|ARM
		{6E8D055E-03D5-4965-B5CA-992C4F174924}.Release|ARM.Deploy.0 = Release|ARM
		{6E8D055E-03D5-4965-B5CA-992C4F174924}.Release|iPhone.ActiveCfg = Release|x86
		{6E8D055E-03D5-4965-B5CA-992C4F174924}.Release|iPhone.Build.0 = Release|x86
		{6E8D055E-03D5-4965-B5CA-992C4F174924}.Release|iPhone.Deploy.0 = Release|x86
		{6E8D055E-03D5-4965-B5CA-992C4F174924}.Release|iPhoneSimulator.ActiveCfg = Release|x86
		{6E8D055E-03D5-4965-B5CA-992C4F174924}.Release|iPhoneSimulator.Build.0 = Release|x86
		{6E8D055E-03D5-4965-B5CA-992C4F174924}.Release|iPhoneSimulator.Deploy.0 = Release|x86
		{6E8D055E-03D5-4965-B5CA-992C4F174924}.Release|x64.ActiveCfg = Release|x64
		{6E8D055E-03D5-4965-B5CA-992C4F174924}.Release|x64.Build.0 = Release|x64
		{6E8D055E-03D5-4965-B5CA-992C4F174924}.Release|x64.Deploy.0 = Release|x64
		{6E8D055E-03D5-4965-B5CA-992C4F174924}.Release|x86.ActiveCfg = Release|x86
		{6E8D055E-03D5-4965-B5CA-992C4F174924}.Release|x86.Build.0 = Release|x86
		{6E8D055E-03D5-4965-B5CA-992C4F174924}.Release|x86.Deploy.0 = Release|x86
		{9CB435D0-2AFB-4875-B220-E2C29080DB18}.Debug|Any CPU.ActiveCfg = Debug|Any CPU
		{9CB435D0-2AFB-4875-B220-E2C29080DB18}.Debug|Any CPU.Build.0 = Debug|Any CPU
		{9CB435D0-2AFB-4875-B220-E2C29080DB18}.Debug|Any CPU.Deploy.0 = Debug|Any CPU
		{9CB435D0-2AFB-4875-B220-E2C29080DB18}.Debug|ARM.ActiveCfg = Debug|Any CPU
		{9CB435D0-2AFB-4875-B220-E2C29080DB18}.Debug|ARM.Build.0 = Debug|Any CPU
		{9CB435D0-2AFB-4875-B220-E2C29080DB18}.Debug|ARM.Deploy.0 = Debug|Any CPU
		{9CB435D0-2AFB-4875-B220-E2C29080DB18}.Debug|iPhone.ActiveCfg = Debug|Any CPU
		{9CB435D0-2AFB-4875-B220-E2C29080DB18}.Debug|iPhone.Build.0 = Debug|Any CPU
		{9CB435D0-2AFB-4875-B220-E2C29080DB18}.Debug|iPhone.Deploy.0 = Debug|Any CPU
		{9CB435D0-2AFB-4875-B220-E2C29080DB18}.Debug|iPhoneSimulator.ActiveCfg = Debug|Any CPU
		{9CB435D0-2AFB-4875-B220-E2C29080DB18}.Debug|iPhoneSimulator.Build.0 = Debug|Any CPU
		{9CB435D0-2AFB-4875-B220-E2C29080DB18}.Debug|iPhoneSimulator.Deploy.0 = Debug|Any CPU
		{9CB435D0-2AFB-4875-B220-E2C29080DB18}.Debug|x64.ActiveCfg = Debug|Any CPU
		{9CB435D0-2AFB-4875-B220-E2C29080DB18}.Debug|x64.Build.0 = Debug|Any CPU
		{9CB435D0-2AFB-4875-B220-E2C29080DB18}.Debug|x64.Deploy.0 = Debug|Any CPU
		{9CB435D0-2AFB-4875-B220-E2C29080DB18}.Debug|x86.ActiveCfg = Debug|Any CPU
		{9CB435D0-2AFB-4875-B220-E2C29080DB18}.Debug|x86.Build.0 = Debug|Any CPU
		{9CB435D0-2AFB-4875-B220-E2C29080DB18}.Debug|x86.Deploy.0 = Debug|Any CPU
		{9CB435D0-2AFB-4875-B220-E2C29080DB18}.Release|Any CPU.ActiveCfg = Release|Any CPU
		{9CB435D0-2AFB-4875-B220-E2C29080DB18}.Release|Any CPU.Build.0 = Release|Any CPU
		{9CB435D0-2AFB-4875-B220-E2C29080DB18}.Release|Any CPU.Deploy.0 = Release|Any CPU
		{9CB435D0-2AFB-4875-B220-E2C29080DB18}.Release|ARM.ActiveCfg = Release|Any CPU
		{9CB435D0-2AFB-4875-B220-E2C29080DB18}.Release|ARM.Build.0 = Release|Any CPU
		{9CB435D0-2AFB-4875-B220-E2C29080DB18}.Release|ARM.Deploy.0 = Release|Any CPU
		{9CB435D0-2AFB-4875-B220-E2C29080DB18}.Release|iPhone.ActiveCfg = Release|Any CPU
		{9CB435D0-2AFB-4875-B220-E2C29080DB18}.Release|iPhone.Build.0 = Release|Any CPU
		{9CB435D0-2AFB-4875-B220-E2C29080DB18}.Release|iPhone.Deploy.0 = Release|Any CPU
		{9CB435D0-2AFB-4875-B220-E2C29080DB18}.Release|iPhoneSimulator.ActiveCfg = Release|Any CPU
		{9CB435D0-2AFB-4875-B220-E2C29080DB18}.Release|iPhoneSimulator.Build.0 = Release|Any CPU
		{9CB435D0-2AFB-4875-B220-E2C29080DB18}.Release|iPhoneSimulator.Deploy.0 = Release|Any CPU
		{9CB435D0-2AFB-4875-B220-E2C29080DB18}.Release|x64.ActiveCfg = Release|Any CPU
		{9CB435D0-2AFB-4875-B220-E2C29080DB18}.Release|x64.Build.0 = Release|Any CPU
		{9CB435D0-2AFB-4875-B220-E2C29080DB18}.Release|x64.Deploy.0 = Release|Any CPU
		{9CB435D0-2AFB-4875-B220-E2C29080DB18}.Release|x86.ActiveCfg = Release|Any CPU
		{9CB435D0-2AFB-4875-B220-E2C29080DB18}.Release|x86.Build.0 = Release|Any CPU
		{9CB435D0-2AFB-4875-B220-E2C29080DB18}.Release|x86.Deploy.0 = Release|Any CPU
		{E960CA9F-6871-4344-9941-F1343570A9AD}.Debug|Any CPU.ActiveCfg = Debug|iPhone
		{E960CA9F-6871-4344-9941-F1343570A9AD}.Debug|Any CPU.Build.0 = Debug|iPhone
		{E960CA9F-6871-4344-9941-F1343570A9AD}.Debug|Any CPU.Deploy.0 = Debug|iPhone
		{E960CA9F-6871-4344-9941-F1343570A9AD}.Debug|ARM.ActiveCfg = Debug|iPhone
		{E960CA9F-6871-4344-9941-F1343570A9AD}.Debug|ARM.Build.0 = Debug|iPhone
		{E960CA9F-6871-4344-9941-F1343570A9AD}.Debug|ARM.Deploy.0 = Debug|iPhone
		{E960CA9F-6871-4344-9941-F1343570A9AD}.Debug|iPhone.ActiveCfg = Debug|iPhone
		{E960CA9F-6871-4344-9941-F1343570A9AD}.Debug|iPhone.Build.0 = Debug|iPhone
		{E960CA9F-6871-4344-9941-F1343570A9AD}.Debug|iPhone.Deploy.0 = Debug|iPhone
		{E960CA9F-6871-4344-9941-F1343570A9AD}.Debug|iPhoneSimulator.ActiveCfg = Debug|iPhoneSimulator
		{E960CA9F-6871-4344-9941-F1343570A9AD}.Debug|iPhoneSimulator.Build.0 = Debug|iPhoneSimulator
		{E960CA9F-6871-4344-9941-F1343570A9AD}.Debug|iPhoneSimulator.Deploy.0 = Debug|iPhoneSimulator
		{E960CA9F-6871-4344-9941-F1343570A9AD}.Debug|x64.ActiveCfg = Debug|iPhone
		{E960CA9F-6871-4344-9941-F1343570A9AD}.Debug|x64.Build.0 = Debug|iPhone
		{E960CA9F-6871-4344-9941-F1343570A9AD}.Debug|x64.Deploy.0 = Debug|iPhone
		{E960CA9F-6871-4344-9941-F1343570A9AD}.Debug|x86.ActiveCfg = Debug|iPhone
		{E960CA9F-6871-4344-9941-F1343570A9AD}.Debug|x86.Build.0 = Debug|iPhone
		{E960CA9F-6871-4344-9941-F1343570A9AD}.Debug|x86.Deploy.0 = Debug|iPhone
		{E960CA9F-6871-4344-9941-F1343570A9AD}.Release|Any CPU.ActiveCfg = Release|iPhone
		{E960CA9F-6871-4344-9941-F1343570A9AD}.Release|Any CPU.Build.0 = Release|iPhone
		{E960CA9F-6871-4344-9941-F1343570A9AD}.Release|Any CPU.Deploy.0 = Release|iPhone
		{E960CA9F-6871-4344-9941-F1343570A9AD}.Release|ARM.ActiveCfg = Release|iPhone
		{E960CA9F-6871-4344-9941-F1343570A9AD}.Release|ARM.Build.0 = Release|iPhone
		{E960CA9F-6871-4344-9941-F1343570A9AD}.Release|ARM.Deploy.0 = Release|iPhone
		{E960CA9F-6871-4344-9941-F1343570A9AD}.Release|iPhone.ActiveCfg = Release|iPhone
		{E960CA9F-6871-4344-9941-F1343570A9AD}.Release|iPhone.Build.0 = Release|iPhone
		{E960CA9F-6871-4344-9941-F1343570A9AD}.Release|iPhone.Deploy.0 = Release|iPhone
		{E960CA9F-6871-4344-9941-F1343570A9AD}.Release|iPhoneSimulator.ActiveCfg = Release|iPhoneSimulator
		{E960CA9F-6871-4344-9941-F1343570A9AD}.Release|iPhoneSimulator.Build.0 = Release|iPhoneSimulator
		{E960CA9F-6871-4344-9941-F1343570A9AD}.Release|iPhoneSimulator.Deploy.0 = Release|iPhoneSimulator
		{E960CA9F-6871-4344-9941-F1343570A9AD}.Release|x64.ActiveCfg = Release|iPhone
		{E960CA9F-6871-4344-9941-F1343570A9AD}.Release|x64.Build.0 = Release|iPhone
		{E960CA9F-6871-4344-9941-F1343570A9AD}.Release|x64.Deploy.0 = Release|iPhone
		{E960CA9F-6871-4344-9941-F1343570A9AD}.Release|x86.ActiveCfg = Release|iPhone
		{E960CA9F-6871-4344-9941-F1343570A9AD}.Release|x86.Build.0 = Release|iPhone
		{E960CA9F-6871-4344-9941-F1343570A9AD}.Release|x86.Deploy.0 = Release|iPhone
		{721FC13F-532B-42AC-AA0E-932FA66C5A7B}.Debug|Any CPU.ActiveCfg = Debug|Any CPU
		{721FC13F-532B-42AC-AA0E-932FA66C5A7B}.Debug|Any CPU.Build.0 = Debug|Any CPU
		{721FC13F-532B-42AC-AA0E-932FA66C5A7B}.Debug|Any CPU.Deploy.0 = Debug|Any CPU
		{721FC13F-532B-42AC-AA0E-932FA66C5A7B}.Debug|ARM.ActiveCfg = Debug|Any CPU
		{721FC13F-532B-42AC-AA0E-932FA66C5A7B}.Debug|ARM.Build.0 = Debug|Any CPU
		{721FC13F-532B-42AC-AA0E-932FA66C5A7B}.Debug|ARM.Deploy.0 = Debug|Any CPU
		{721FC13F-532B-42AC-AA0E-932FA66C5A7B}.Debug|iPhone.ActiveCfg = Debug|Any CPU
		{721FC13F-532B-42AC-AA0E-932FA66C5A7B}.Debug|iPhone.Build.0 = Debug|Any CPU
		{721FC13F-532B-42AC-AA0E-932FA66C5A7B}.Debug|iPhone.Deploy.0 = Debug|Any CPU
		{721FC13F-532B-42AC-AA0E-932FA66C5A7B}.Debug|iPhoneSimulator.ActiveCfg = Debug|Any CPU
		{721FC13F-532B-42AC-AA0E-932FA66C5A7B}.Debug|iPhoneSimulator.Build.0 = Debug|Any CPU
		{721FC13F-532B-42AC-AA0E-932FA66C5A7B}.Debug|iPhoneSimulator.Deploy.0 = Debug|Any CPU
		{721FC13F-532B-42AC-AA0E-932FA66C5A7B}.Debug|x64.ActiveCfg = Debug|Any CPU
		{721FC13F-532B-42AC-AA0E-932FA66C5A7B}.Debug|x64.Build.0 = Debug|Any CPU
		{721FC13F-532B-42AC-AA0E-932FA66C5A7B}.Debug|x64.Deploy.0 = Debug|Any CPU
		{721FC13F-532B-42AC-AA0E-932FA66C5A7B}.Debug|x86.ActiveCfg = Debug|Any CPU
		{721FC13F-532B-42AC-AA0E-932FA66C5A7B}.Debug|x86.Build.0 = Debug|Any CPU
		{721FC13F-532B-42AC-AA0E-932FA66C5A7B}.Debug|x86.Deploy.0 = Debug|Any CPU
		{721FC13F-532B-42AC-AA0E-932FA66C5A7B}.Release|Any CPU.ActiveCfg = Release|Any CPU
		{721FC13F-532B-42AC-AA0E-932FA66C5A7B}.Release|Any CPU.Build.0 = Release|Any CPU
		{721FC13F-532B-42AC-AA0E-932FA66C5A7B}.Release|Any CPU.Deploy.0 = Release|Any CPU
		{721FC13F-532B-42AC-AA0E-932FA66C5A7B}.Release|ARM.ActiveCfg = Release|Any CPU
		{721FC13F-532B-42AC-AA0E-932FA66C5A7B}.Release|ARM.Build.0 = Release|Any CPU
		{721FC13F-532B-42AC-AA0E-932FA66C5A7B}.Release|ARM.Deploy.0 = Release|Any CPU
		{721FC13F-532B-42AC-AA0E-932FA66C5A7B}.Release|iPhone.ActiveCfg = Release|Any CPU
		{721FC13F-532B-42AC-AA0E-932FA66C5A7B}.Release|iPhone.Build.0 = Release|Any CPU
		{721FC13F-532B-42AC-AA0E-932FA66C5A7B}.Release|iPhone.Deploy.0 = Release|Any CPU
		{721FC13F-532B-42AC-AA0E-932FA66C5A7B}.Release|iPhoneSimulator.ActiveCfg = Release|Any CPU
		{721FC13F-532B-42AC-AA0E-932FA66C5A7B}.Release|iPhoneSimulator.Build.0 = Release|Any CPU
		{721FC13F-532B-42AC-AA0E-932FA66C5A7B}.Release|iPhoneSimulator.Deploy.0 = Release|Any CPU
		{721FC13F-532B-42AC-AA0E-932FA66C5A7B}.Release|x64.ActiveCfg = Release|Any CPU
		{721FC13F-532B-42AC-AA0E-932FA66C5A7B}.Release|x64.Build.0 = Release|Any CPU
		{721FC13F-532B-42AC-AA0E-932FA66C5A7B}.Release|x64.Deploy.0 = Release|Any CPU
		{721FC13F-532B-42AC-AA0E-932FA66C5A7B}.Release|x86.ActiveCfg = Release|Any CPU
		{721FC13F-532B-42AC-AA0E-932FA66C5A7B}.Release|x86.Build.0 = Release|Any CPU
		{721FC13F-532B-42AC-AA0E-932FA66C5A7B}.Release|x86.Deploy.0 = Release|Any CPU
		{DCDDBE8A-0E99-40BB-AF76-04D04C9ABDA9}.Debug|Any CPU.ActiveCfg = Debug|Any CPU
		{DCDDBE8A-0E99-40BB-AF76-04D04C9ABDA9}.Debug|Any CPU.Build.0 = Debug|Any CPU
		{DCDDBE8A-0E99-40BB-AF76-04D04C9ABDA9}.Debug|ARM.ActiveCfg = Debug|Any CPU
		{DCDDBE8A-0E99-40BB-AF76-04D04C9ABDA9}.Debug|ARM.Build.0 = Debug|Any CPU
		{DCDDBE8A-0E99-40BB-AF76-04D04C9ABDA9}.Debug|iPhone.ActiveCfg = Debug|Any CPU
		{DCDDBE8A-0E99-40BB-AF76-04D04C9ABDA9}.Debug|iPhone.Build.0 = Debug|Any CPU
		{DCDDBE8A-0E99-40BB-AF76-04D04C9ABDA9}.Debug|iPhoneSimulator.ActiveCfg = Debug|Any CPU
		{DCDDBE8A-0E99-40BB-AF76-04D04C9ABDA9}.Debug|iPhoneSimulator.Build.0 = Debug|Any CPU
		{DCDDBE8A-0E99-40BB-AF76-04D04C9ABDA9}.Debug|x64.ActiveCfg = Debug|Any CPU
		{DCDDBE8A-0E99-40BB-AF76-04D04C9ABDA9}.Debug|x64.Build.0 = Debug|Any CPU
		{DCDDBE8A-0E99-40BB-AF76-04D04C9ABDA9}.Debug|x86.ActiveCfg = Debug|Any CPU
		{DCDDBE8A-0E99-40BB-AF76-04D04C9ABDA9}.Debug|x86.Build.0 = Debug|Any CPU
		{DCDDBE8A-0E99-40BB-AF76-04D04C9ABDA9}.Release|Any CPU.ActiveCfg = Release|Any CPU
		{DCDDBE8A-0E99-40BB-AF76-04D04C9ABDA9}.Release|Any CPU.Build.0 = Release|Any CPU
		{DCDDBE8A-0E99-40BB-AF76-04D04C9ABDA9}.Release|ARM.ActiveCfg = Release|Any CPU
		{DCDDBE8A-0E99-40BB-AF76-04D04C9ABDA9}.Release|ARM.Build.0 = Release|Any CPU
		{DCDDBE8A-0E99-40BB-AF76-04D04C9ABDA9}.Release|iPhone.ActiveCfg = Release|Any CPU
		{DCDDBE8A-0E99-40BB-AF76-04D04C9ABDA9}.Release|iPhone.Build.0 = Release|Any CPU
		{DCDDBE8A-0E99-40BB-AF76-04D04C9ABDA9}.Release|iPhoneSimulator.ActiveCfg = Release|Any CPU
		{DCDDBE8A-0E99-40BB-AF76-04D04C9ABDA9}.Release|iPhoneSimulator.Build.0 = Release|Any CPU
		{DCDDBE8A-0E99-40BB-AF76-04D04C9ABDA9}.Release|x64.ActiveCfg = Release|Any CPU
		{DCDDBE8A-0E99-40BB-AF76-04D04C9ABDA9}.Release|x64.Build.0 = Release|Any CPU
		{DCDDBE8A-0E99-40BB-AF76-04D04C9ABDA9}.Release|x86.ActiveCfg = Release|Any CPU
		{DCDDBE8A-0E99-40BB-AF76-04D04C9ABDA9}.Release|x86.Build.0 = Release|Any CPU
	EndGlobalSection
	GlobalSection(SolutionProperties) = preSolution
		HideSolutionNode = FALSE
	EndGlobalSection
	GlobalSection(ExtensibilityGlobals) = postSolution
		SolutionGuid = {32DFF3FF-F7ED-489E-B6FC-AB00A1F0460B}
	EndGlobalSection
EndGlobal
