
Microsoft Visual Studio Solution File, Format Version 12.00
# Visual Studio Version 16
VisualStudioVersion = 16.0.30413.136
MinimumVisualStudioVersion = 10.0.40219.1
Project("{FAE04EC0-301F-11D3-BF4B-00C04F79EFBC}") = "CheckBoxDemo.UWP", "CheckBoxDemo\CheckBoxDemo.UWP\CheckBoxDemo.UWP.csproj", "{2D07A3A2-027C-469F-BBA8-1ADBC284717F}"
EndProject
Project("{FAE04EC0-301F-11D3-BF4B-00C04F79EFBC}") = "CheckBoxDemo.Android", "CheckBoxDemo\CheckBoxDemo.Android\CheckBoxDemo.Android.csproj", "{21854E3D-7335-4F38-85C2-80B070AC69F4}"
EndProject
Project("{FAE04EC0-301F-11D3-BF4B-00C04F79EFBC}") = "CheckBoxDemo.iOS", "CheckBoxDemo\CheckBoxDemo.iOS\CheckBoxDemo.iOS.csproj", "{E6A397AD-6D04-40FB-9BD3-C659773495CB}"
EndProject
Project("{FAE04EC0-301F-11D3-BF4B-00C04F79EFBC}") = "CheckBoxDemo", "CheckBoxDemo\CheckBoxDemo\CheckBoxDemo.csproj", "{432C8B62-9C05-43D9-9DF0-5AA0ECED4D34}"
EndProject
Project("{9A19103F-16F7-4668-BE54-9A1E7A4F7556}") = "Xamarin.FormsBook.Toolkit", "..\..\Libraries\Xamarin.FormsBook.Toolkit\Xamarin.FormsBook.Toolkit\Xamarin.FormsBook.Toolkit\Xamarin.FormsBook.Toolkit.csproj", "{0D6F2DE4-88F8-4A11-AA34-7E1BED6AFED7}"
EndProject
Global
	GlobalSection(SolutionConfigurationPlatforms) = preSolution
		Debug|Any CPU = Debug|Any CPU
		Debug|ARM = Debug|ARM
		Debug|iPhone = Debug|iPhone
		Debug|iPhoneSimulator = Debug|iPhoneSimulator
		Debug|x64 = Debug|x64
		Debug|x86 = Debug|x86
		Release|Any CPU = Release|Any CPU
		Release|ARM = Release|ARM
		Release|iPhone = Release|iPhone
		Release|iPhoneSimulator = Release|iPhoneSimulator
		Release|x64 = Release|x64
		Release|x86 = Release|x86
	EndGlobalSection
	GlobalSection(ProjectConfigurationPlatforms) = postSolution
		{2D07A3A2-027C-469F-BBA8-1ADBC284717F}.Debug|Any CPU.ActiveCfg = Debug|x86
		{2D07A3A2-027C-469F-BBA8-1ADBC284717F}.Debug|Any CPU.Build.0 = Debug|x86
		{2D07A3A2-027C-469F-BBA8-1ADBC284717F}.Debug|Any CPU.Deploy.0 = Debug|x86
		{2D07A3A2-027C-469F-BBA8-1ADBC284717F}.Debug|ARM.ActiveCfg = Debug|ARM
		{2D07A3A2-027C-469F-BBA8-1ADBC284717F}.Debug|ARM.Build.0 = Debug|ARM
		{2D07A3A2-027C-469F-BBA8-1ADBC284717F}.Debug|ARM.Deploy.0 = Debug|ARM
		{2D07A3A2-027C-469F-BBA8-1ADBC284717F}.Debug|iPhone.ActiveCfg = Debug|x86
		{2D07A3A2-027C-469F-BBA8-1ADBC284717F}.Debug|iPhone.Build.0 = Debug|x86
		{2D07A3A2-027C-469F-BBA8-1ADBC284717F}.Debug|iPhone.Deploy.0 = Debug|x86
		{2D07A3A2-027C-469F-BBA8-1ADBC284717F}.Debug|iPhoneSimulator.ActiveCfg = Debug|x86
		{2D07A3A2-027C-469F-BBA8-1ADBC284717F}.Debug|iPhoneSimulator.Build.0 = Debug|x86
		{2D07A3A2-027C-469F-BBA8-1ADBC284717F}.Debug|iPhoneSimulator.Deploy.0 = Debug|x86
		{2D07A3A2-027C-469F-BBA8-1ADBC284717F}.Debug|x64.ActiveCfg = Debug|x64
		{2D07A3A2-027C-469F-BBA8-1ADBC284717F}.Debug|x64.Build.0 = Debug|x64
		{2D07A3A2-027C-469F-BBA8-1ADBC284717F}.Debug|x64.Deploy.0 = Debug|x64
		{2D07A3A2-027C-469F-BBA8-1ADBC284717F}.Debug|x86.ActiveCfg = Debug|x86
		{2D07A3A2-027C-469F-BBA8-1ADBC284717F}.Debug|x86.Build.0 = Debug|x86
		{2D07A3A2-027C-469F-BBA8-1ADBC284717F}.Debug|x86.Deploy.0 = Debug|x86
		{2D07A3A2-027C-469F-BBA8-1ADBC284717F}.Release|Any CPU.ActiveCfg = Release|x86
		{2D07A3A2-027C-469F-BBA8-1ADBC284717F}.Release|Any CPU.Build.0 = Release|x86
		{2D07A3A2-027C-469F-BBA8-1ADBC284717F}.Release|Any CPU.Deploy.0 = Release|x86
		{2D07A3A2-027C-469F-BBA8-1ADBC284717F}.Release|ARM.ActiveCfg = Release|ARM
		{2D07A3A2-027C-469F-BBA8-1ADBC284717F}.Release|ARM.Build.0 = Release|ARM
		{2D07A3A2-027C-469F-BBA8-1ADBC284717F}.Release|ARM.Deploy.0 = Release|ARM
		{2D07A3A2-027C-469F-BBA8-1ADBC284717F}.Release|iPhone.ActiveCfg = Release|x86
		{2D07A3A2-027C-469F-BBA8-1ADBC284717F}.Release|iPhone.Build.0 = Release|x86
		{2D07A3A2-027C-469F-BBA8-1ADBC284717F}.Release|iPhone.Deploy.0 = Release|x86
		{2D07A3A2-027C-469F-BBA8-1ADBC284717F}.Release|iPhoneSimulator.ActiveCfg = Release|x86
		{2D07A3A2-027C-469F-BBA8-1ADBC284717F}.Release|iPhoneSimulator.Build.0 = Release|x86
		{2D07A3A2-027C-469F-BBA8-1ADBC284717F}.Release|iPhoneSimulator.Deploy.0 = Release|x86
		{2D07A3A2-027C-469F-BBA8-1ADBC284717F}.Release|x64.ActiveCfg = Release|x64
		{2D07A3A2-027C-469F-BBA8-1ADBC284717F}.Release|x64.Build.0 = Release|x64
		{2D07A3A2-027C-469F-BBA8-1ADBC284717F}.Release|x64.Deploy.0 = Release|x64
		{2D07A3A2-027C-469F-BBA8-1ADBC284717F}.Release|x86.ActiveCfg = Release|x86
		{2D07A3A2-027C-469F-BBA8-1ADBC284717F}.Release|x86.Build.0 = Release|x86
		{2D07A3A2-027C-469F-BBA8-1ADBC284717F}.Release|x86.Deploy.0 = Release|x86
		{21854E3D-7335-4F38-85C2-80B070AC69F4}.Debug|Any CPU.ActiveCfg = Debug|Any CPU
		{21854E3D-7335-4F38-85C2-80B070AC69F4}.Debug|Any CPU.Build.0 = Debug|Any CPU
		{21854E3D-7335-4F38-85C2-80B070AC69F4}.Debug|Any CPU.Deploy.0 = Debug|Any CPU
		{21854E3D-7335-4F38-85C2-80B070AC69F4}.Debug|ARM.ActiveCfg = Debug|Any CPU
		{21854E3D-7335-4F38-85C2-80B070AC69F4}.Debug|ARM.Build.0 = Debug|Any CPU
		{21854E3D-7335-4F38-85C2-80B070AC69F4}.Debug|ARM.Deploy.0 = Debug|Any CPU
		{21854E3D-7335-4F38-85C2-80B070AC69F4}.Debug|iPhone.ActiveCfg = Debug|Any CPU
		{21854E3D-7335-4F38-85C2-80B070AC69F4}.Debug|iPhone.Build.0 = Debug|Any CPU
		{21854E3D-7335-4F38-85C2-80B070AC69F4}.Debug|iPhone.Deploy.0 = Debug|Any CPU
		{21854E3D-7335-4F38-85C2-80B070AC69F4}.Debug|iPhoneSimulator.ActiveCfg = Debug|Any CPU
		{21854E3D-7335-4F38-85C2-80B070AC69F4}.Debug|iPhoneSimulator.Build.0 = Debug|Any CPU
		{21854E3D-7335-4F38-85C2-80B070AC69F4}.Debug|iPhoneSimulator.Deploy.0 = Debug|Any CPU
		{21854E3D-7335-4F38-85C2-80B070AC69F4}.Debug|x64.ActiveCfg = Debug|Any CPU
		{21854E3D-7335-4F38-85C2-80B070AC69F4}.Debug|x64.Build.0 = Debug|Any CPU
		{21854E3D-7335-4F38-85C2-80B070AC69F4}.Debug|x64.Deploy.0 = Debug|Any CPU
		{21854E3D-7335-4F38-85C2-80B070AC69F4}.Debug|x86.ActiveCfg = Debug|Any CPU
		{21854E3D-7335-4F38-85C2-80B070AC69F4}.Debug|x86.Build.0 = Debug|Any CPU
		{21854E3D-7335-4F38-85C2-80B070AC69F4}.Debug|x86.Deploy.0 = Debug|Any CPU
		{21854E3D-7335-4F38-85C2-80B070AC69F4}.Release|Any CPU.ActiveCfg = Release|Any CPU
		{21854E3D-7335-4F38-85C2-80B070AC69F4}.Release|Any CPU.Build.0 = Release|Any CPU
		{21854E3D-7335-4F38-85C2-80B070AC69F4}.Release|Any CPU.Deploy.0 = Release|Any CPU
		{21854E3D-7335-4F38-85C2-80B070AC69F4}.Release|ARM.ActiveCfg = Release|Any CPU
		{21854E3D-7335-4F38-85C2-80B070AC69F4}.Release|ARM.Build.0 = Release|Any CPU
		{21854E3D-7335-4F38-85C2-80B070AC69F4}.Release|ARM.Deploy.0 = Release|Any CPU
		{21854E3D-7335-4F38-85C2-80B070AC69F4}.Release|iPhone.ActiveCfg = Release|Any CPU
		{21854E3D-7335-4F38-85C2-80B070AC69F4}.Release|iPhone.Build.0 = Release|Any CPU
		{21854E3D-7335-4F38-85C2-80B070AC69F4}.Release|iPhone.Deploy.0 = Release|Any CPU
		{21854E3D-7335-4F38-85C2-80B070AC69F4}.Release|iPhoneSimulator.ActiveCfg = Release|Any CPU
		{21854E3D-7335-4F38-85C2-80B070AC69F4}.Release|iPhoneSimulator.Build.0 = Release|Any CPU
		{21854E3D-7335-4F38-85C2-80B070AC69F4}.Release|iPhoneSimulator.Deploy.0 = Release|Any CPU
		{21854E3D-7335-4F38-85C2-80B070AC69F4}.Release|x64.ActiveCfg = Release|Any CPU
		{21854E3D-7335-4F38-85C2-80B070AC69F4}.Release|x64.Build.0 = Release|Any CPU
		{21854E3D-7335-4F38-85C2-80B070AC69F4}.Release|x64.Deploy.0 = Release|Any CPU
		{21854E3D-7335-4F38-85C2-80B070AC69F4}.Release|x86.ActiveCfg = Release|Any CPU
		{21854E3D-7335-4F38-85C2-80B070AC69F4}.Release|x86.Build.0 = Release|Any CPU
		{21854E3D-7335-4F38-85C2-80B070AC69F4}.Release|x86.Deploy.0 = Release|Any CPU
		{E6A397AD-6D04-40FB-9BD3-C659773495CB}.Debug|Any CPU.ActiveCfg = Debug|iPhone
		{E6A397AD-6D04-40FB-9BD3-C659773495CB}.Debug|Any CPU.Build.0 = Debug|iPhone
		{E6A397AD-6D04-40FB-9BD3-C659773495CB}.Debug|Any CPU.Deploy.0 = Debug|iPhone
		{E6A397AD-6D04-40FB-9BD3-C659773495CB}.Debug|ARM.ActiveCfg = Debug|iPhone
		{E6A397AD-6D04-40FB-9BD3-C659773495CB}.Debug|ARM.Build.0 = Debug|iPhone
		{E6A397AD-6D04-40FB-9BD3-C659773495CB}.Debug|ARM.Deploy.0 = Debug|iPhone
		{E6A397AD-6D04-40FB-9BD3-C659773495CB}.Debug|iPhone.ActiveCfg = Debug|iPhone
		{E6A397AD-6D04-40FB-9BD3-C659773495CB}.Debug|iPhone.Build.0 = Debug|iPhone
		{E6A397AD-6D04-40FB-9BD3-C659773495CB}.Debug|iPhone.Deploy.0 = Debug|iPhone
		{E6A397AD-6D04-40FB-9BD3-C659773495CB}.Debug|iPhoneSimulator.ActiveCfg = Debug|iPhoneSimulator
		{E6A397AD-6D04-40FB-9BD3-C659773495CB}.Debug|iPhoneSimulator.Build.0 = Debug|iPhoneSimulator
		{E6A397AD-6D04-40FB-9BD3-C659773495CB}.Debug|iPhoneSimulator.Deploy.0 = Debug|iPhoneSimulator
		{E6A397AD-6D04-40FB-9BD3-C659773495CB}.Debug|x64.ActiveCfg = Debug|iPhone
		{E6A397AD-6D04-40FB-9BD3-C659773495CB}.Debug|x64.Build.0 = Debug|iPhone
		{E6A397AD-6D04-40FB-9BD3-C659773495CB}.Debug|x64.Deploy.0 = Debug|iPhone
		{E6A397AD-6D04-40FB-9BD3-C659773495CB}.Debug|x86.ActiveCfg = Debug|iPhone
		{E6A397AD-6D04-40FB-9BD3-C659773495CB}.Debug|x86.Build.0 = Debug|iPhone
		{E6A397AD-6D04-40FB-9BD3-C659773495CB}.Debug|x86.Deploy.0 = Debug|iPhone
		{E6A397AD-6D04-40FB-9BD3-C659773495CB}.Release|Any CPU.ActiveCfg = Release|iPhone
		{E6A397AD-6D04-40FB-9BD3-C659773495CB}.Release|Any CPU.Build.0 = Release|iPhone
		{E6A397AD-6D04-40FB-9BD3-C659773495CB}.Release|Any CPU.Deploy.0 = Release|iPhone
		{E6A397AD-6D04-40FB-9BD3-C659773495CB}.Release|ARM.ActiveCfg = Release|iPhone
		{E6A397AD-6D04-40FB-9BD3-C659773495CB}.Release|ARM.Build.0 = Release|iPhone
		{E6A397AD-6D04-40FB-9BD3-C659773495CB}.Release|ARM.Deploy.0 = Release|iPhone
		{E6A397AD-6D04-40FB-9BD3-C659773495CB}.Release|iPhone.ActiveCfg = Release|iPhone
		{E6A397AD-6D04-40FB-9BD3-C659773495CB}.Release|iPhone.Build.0 = Release|iPhone
		{E6A397AD-6D04-40FB-9BD3-C659773495CB}.Release|iPhone.Deploy.0 = Release|iPhone
		{E6A397AD-6D04-40FB-9BD3-C659773495CB}.Release|iPhoneSimulator.ActiveCfg = Release|iPhoneSimulator
		{E6A397AD-6D04-40FB-9BD3-C659773495CB}.Release|iPhoneSimulator.Build.0 = Release|iPhoneSimulator
		{E6A397AD-6D04-40FB-9BD3-C659773495CB}.Release|iPhoneSimulator.Deploy.0 = Release|iPhoneSimulator
		{E6A397AD-6D04-40FB-9BD3-C659773495CB}.Release|x64.ActiveCfg = Release|iPhone
		{E6A397AD-6D04-40FB-9BD3-C659773495CB}.Release|x64.Build.0 = Release|iPhone
		{E6A397AD-6D04-40FB-9BD3-C659773495CB}.Release|x64.Deploy.0 = Release|iPhone
		{E6A397AD-6D04-40FB-9BD3-C659773495CB}.Release|x86.ActiveCfg = Release|iPhone
		{E6A397AD-6D04-40FB-9BD3-C659773495CB}.Release|x86.Build.0 = Release|iPhone
		{E6A397AD-6D04-40FB-9BD3-C659773495CB}.Release|x86.Deploy.0 = Release|iPhone
		{432C8B62-9C05-43D9-9DF0-5AA0ECED4D34}.Debug|Any CPU.ActiveCfg = Debug|Any CPU
		{432C8B62-9C05-43D9-9DF0-5AA0ECED4D34}.Debug|Any CPU.Build.0 = Debug|Any CPU
		{432C8B62-9C05-43D9-9DF0-5AA0ECED4D34}.Debug|Any CPU.Deploy.0 = Debug|Any CPU
		{432C8B62-9C05-43D9-9DF0-5AA0ECED4D34}.Debug|ARM.ActiveCfg = Debug|Any CPU
		{432C8B62-9C05-43D9-9DF0-5AA0ECED4D34}.Debug|ARM.Build.0 = Debug|Any CPU
		{432C8B62-9C05-43D9-9DF0-5AA0ECED4D34}.Debug|ARM.Deploy.0 = Debug|Any CPU
		{432C8B62-9C05-43D9-9DF0-5AA0ECED4D34}.Debug|iPhone.ActiveCfg = Debug|Any CPU
		{432C8B62-9C05-43D9-9DF0-5AA0ECED4D34}.Debug|iPhone.Build.0 = Debug|Any CPU
		{432C8B62-9C05-43D9-9DF0-5AA0ECED4D34}.Debug|iPhone.Deploy.0 = Debug|Any CPU
		{432C8B62-9C05-43D9-9DF0-5AA0ECED4D34}.Debug|iPhoneSimulator.ActiveCfg = Debug|Any CPU
		{432C8B62-9C05-43D9-9DF0-5AA0ECED4D34}.Debug|iPhoneSimulator.Build.0 = Debug|Any CPU
		{432C8B62-9C05-43D9-9DF0-5AA0ECED4D34}.Debug|iPhoneSimulator.Deploy.0 = Debug|Any CPU
		{432C8B62-9C05-43D9-9DF0-5AA0ECED4D34}.Debug|x64.ActiveCfg = Debug|Any CPU
		{432C8B62-9C05-43D9-9DF0-5AA0ECED4D34}.Debug|x64.Build.0 = Debug|Any CPU
		{432C8B62-9C05-43D9-9DF0-5AA0ECED4D34}.Debug|x64.Deploy.0 = Debug|Any CPU
		{432C8B62-9C05-43D9-9DF0-5AA0ECED4D34}.Debug|x86.ActiveCfg = Debug|Any CPU
		{432C8B62-9C05-43D9-9DF0-5AA0ECED4D34}.Debug|x86.Build.0 = Debug|Any CPU
		{432C8B62-9C05-43D9-9DF0-5AA0ECED4D34}.Debug|x86.Deploy.0 = Debug|Any CPU
		{432C8B62-9C05-43D9-9DF0-5AA0ECED4D34}.Release|Any CPU.ActiveCfg = Release|Any CPU
		{432C8B62-9C05-43D9-9DF0-5AA0ECED4D34}.Release|Any CPU.Build.0 = Release|Any CPU
		{432C8B62-9C05-43D9-9DF0-5AA0ECED4D34}.Release|Any CPU.Deploy.0 = Release|Any CPU
		{432C8B62-9C05-43D9-9DF0-5AA0ECED4D34}.Release|ARM.ActiveCfg = Release|Any CPU
		{432C8B62-9C05-43D9-9DF0-5AA0ECED4D34}.Release|ARM.Build.0 = Release|Any CPU
		{432C8B62-9C05-43D9-9DF0-5AA0ECED4D34}.Release|ARM.Deploy.0 = Release|Any CPU
		{432C8B62-9C05-43D9-9DF0-5AA0ECED4D34}.Release|iPhone.ActiveCfg = Release|Any CPU
		{432C8B62-9C05-43D9-9DF0-5AA0ECED4D34}.Release|iPhone.Build.0 = Release|Any CPU
		{432C8B62-9C05-43D9-9DF0-5AA0ECED4D34}.Release|iPhone.Deploy.0 = Release|Any CPU
		{432C8B62-9C05-43D9-9DF0-5AA0ECED4D34}.Release|iPhoneSimulator.ActiveCfg = Release|Any CPU
		{432C8B62-9C05-43D9-9DF0-5AA0ECED4D34}.Release|iPhoneSimulator.Build.0 = Release|Any CPU
		{432C8B62-9C05-43D9-9DF0-5AA0ECED4D34}.Release|iPhoneSimulator.Deploy.0 = Release|Any CPU
		{432C8B62-9C05-43D9-9DF0-5AA0ECED4D34}.Release|x64.ActiveCfg = Release|Any CPU
		{432C8B62-9C05-43D9-9DF0-5AA0ECED4D34}.Release|x64.Build.0 = Release|Any CPU
		{432C8B62-9C05-43D9-9DF0-5AA0ECED4D34}.Release|x64.Deploy.0 = Release|Any CPU
		{432C8B62-9C05-43D9-9DF0-5AA0ECED4D34}.Release|x86.ActiveCfg = Release|Any CPU
		{432C8B62-9C05-43D9-9DF0-5AA0ECED4D34}.Release|x86.Build.0 = Release|Any CPU
		{432C8B62-9C05-43D9-9DF0-5AA0ECED4D34}.Release|x86.Deploy.0 = Release|Any CPU
		{0D6F2DE4-88F8-4A11-AA34-7E1BED6AFED7}.Debug|Any CPU.ActiveCfg = Debug|Any CPU
		{0D6F2DE4-88F8-4A11-AA34-7E1BED6AFED7}.Debug|Any CPU.Build.0 = Debug|Any CPU
		{0D6F2DE4-88F8-4A11-AA34-7E1BED6AFED7}.Debug|ARM.ActiveCfg = Debug|Any CPU
		{0D6F2DE4-88F8-4A11-AA34-7E1BED6AFED7}.Debug|ARM.Build.0 = Debug|Any CPU
		{0D6F2DE4-88F8-4A11-AA34-7E1BED6AFED7}.Debug|iPhone.ActiveCfg = Debug|Any CPU
		{0D6F2DE4-88F8-4A11-AA34-7E1BED6AFED7}.Debug|iPhone.Build.0 = Debug|Any CPU
		{0D6F2DE4-88F8-4A11-AA34-7E1BED6AFED7}.Debug|iPhoneSimulator.ActiveCfg = Debug|Any CPU
		{0D6F2DE4-88F8-4A11-AA34-7E1BED6AFED7}.Debug|iPhoneSimulator.Build.0 = Debug|Any CPU
		{0D6F2DE4-88F8-4A11-AA34-7E1BED6AFED7}.Debug|x64.ActiveCfg = Debug|Any CPU
		{0D6F2DE4-88F8-4A11-AA34-7E1BED6AFED7}.Debug|x64.Build.0 = Debug|Any CPU
		{0D6F2DE4-88F8-4A11-AA34-7E1BED6AFED7}.Debug|x86.ActiveCfg = Debug|Any CPU
		{0D6F2DE4-88F8-4A11-AA34-7E1BED6AFED7}.Debug|x86.Build.0 = Debug|Any CPU
		{0D6F2DE4-88F8-4A11-AA34-7E1BED6AFED7}.Release|Any CPU.ActiveCfg = Release|Any CPU
		{0D6F2DE4-88F8-4A11-AA34-7E1BED6AFED7}.Release|Any CPU.Build.0 = Release|Any CPU
		{0D6F2DE4-88F8-4A11-AA34-7E1BED6AFED7}.Release|ARM.ActiveCfg = Release|Any CPU
		{0D6F2DE4-88F8-4A11-AA34-7E1BED6AFED7}.Release|ARM.Build.0 = Release|Any CPU
		{0D6F2DE4-88F8-4A11-AA34-7E1BED6AFED7}.Release|iPhone.ActiveCfg = Release|Any CPU
		{0D6F2DE4-88F8-4A11-AA34-7E1BED6AFED7}.Release|iPhone.Build.0 = Release|Any CPU
		{0D6F2DE4-88F8-4A11-AA34-7E1BED6AFED7}.Release|iPhoneSimulator.ActiveCfg = Release|Any CPU
		{0D6F2DE4-88F8-4A11-AA34-7E1BED6AFED7}.Release|iPhoneSimulator.Build.0 = Release|Any CPU
		{0D6F2DE4-88F8-4A11-AA34-7E1BED6AFED7}.Release|x64.ActiveCfg = Release|Any CPU
		{0D6F2DE4-88F8-4A11-AA34-7E1BED6AFED7}.Release|x64.Build.0 = Release|Any CPU
		{0D6F2DE4-88F8-4A11-AA34-7E1BED6AFED7}.Release|x86.ActiveCfg = Release|Any CPU
		{0D6F2DE4-88F8-4A11-AA34-7E1BED6AFED7}.Release|x86.Build.0 = Release|Any CPU
	EndGlobalSection
	GlobalSection(SolutionProperties) = preSolution
		HideSolutionNode = FALSE
	EndGlobalSection
	GlobalSection(ExtensibilityGlobals) = postSolution
		SolutionGuid = {3DDDA80F-9723-4239-AE79-92A912756BA0}
	EndGlobalSection
EndGlobal
