
Microsoft Visual Studio Solution File, Format Version 12.00
# Visual Studio Version 16
VisualStudioVersion = 16.0.30413.136
MinimumVisualStudioVersion = 10.0.40219.1
Project("{FAE04EC0-301F-11D3-BF4B-00C04F79EFBC}") = "SharedStatics.UWP", "SharedStatics\SharedStatics.UWP\SharedStatics.UWP.csproj", "{EC98BE3A-14E8-485D-9544-522B122745F4}"
EndProject
Project("{FAE04EC0-301F-11D3-BF4B-00C04F79EFBC}") = "SharedStatics.Android", "SharedStatics\SharedStatics.Android\SharedStatics.Android.csproj", "{DBFADA9B-9F11-4DC3-8E22-DD5173784434}"
EndProject
Project("{FAE04EC0-301F-11D3-BF4B-00C04F79EFBC}") = "SharedStatics.iOS", "SharedStatics\SharedStatics.iOS\SharedStatics.iOS.csproj", "{EB1E8CCE-543F-499C-8BC4-40FB109B4FE8}"
EndProject
Project("{FAE04EC0-301F-11D3-BF4B-00C04F79EFBC}") = "SharedStatics", "SharedStatics\SharedStatics\SharedStatics.csproj", "{86275142-1EDE-4B5A-B0B6-2E02279A1583}"
EndProject
Global
	GlobalSection(SolutionConfigurationPlatforms) = preSolution
		Debug|Any CPU = Debug|Any CPU
		Debug|ARM = Debug|ARM
		Debug|iPhone = Debug|iPhone
		Debug|iPhoneSimulator = Debug|iPhoneSimulator
		Debug|x64 = Debug|x64
		Debug|x86 = Debug|x86
		Release|Any CPU = Release|Any CPU
		Release|ARM = Release|ARM
		Release|iPhone = Release|iPhone
		Release|iPhoneSimulator = Release|iPhoneSimulator
		Release|x64 = Release|x64
		Release|x86 = Release|x86
	EndGlobalSection
	GlobalSection(ProjectConfigurationPlatforms) = postSolution
		{EC98BE3A-14E8-485D-9544-522B122745F4}.Debug|Any CPU.ActiveCfg = Debug|x86
		{EC98BE3A-14E8-485D-9544-522B122745F4}.Debug|Any CPU.Build.0 = Debug|x86
		{EC98BE3A-14E8-485D-9544-522B122745F4}.Debug|Any CPU.Deploy.0 = Debug|x86
		{EC98BE3A-14E8-485D-9544-522B122745F4}.Debug|ARM.ActiveCfg = Debug|ARM
		{EC98BE3A-14E8-485D-9544-522B122745F4}.Debug|ARM.Build.0 = Debug|ARM
		{EC98BE3A-14E8-485D-9544-522B122745F4}.Debug|ARM.Deploy.0 = Debug|ARM
		{EC98BE3A-14E8-485D-9544-522B122745F4}.Debug|iPhone.ActiveCfg = Debug|x86
		{EC98BE3A-14E8-485D-9544-522B122745F4}.Debug|iPhone.Build.0 = Debug|x86
		{EC98BE3A-14E8-485D-9544-522B122745F4}.Debug|iPhone.Deploy.0 = Debug|x86
		{EC98BE3A-14E8-485D-9544-522B122745F4}.Debug|iPhoneSimulator.ActiveCfg = Debug|x86
		{EC98BE3A-14E8-485D-9544-522B122745F4}.Debug|iPhoneSimulator.Build.0 = Debug|x86
		{EC98BE3A-14E8-485D-9544-522B122745F4}.Debug|iPhoneSimulator.Deploy.0 = Debug|x86
		{EC98BE3A-14E8-485D-9544-522B122745F4}.Debug|x64.ActiveCfg = Debug|x64
		{EC98BE3A-14E8-485D-9544-522B122745F4}.Debug|x64.Build.0 = Debug|x64
		{EC98BE3A-14E8-485D-9544-522B122745F4}.Debug|x64.Deploy.0 = Debug|x64
		{EC98BE3A-14E8-485D-9544-522B122745F4}.Debug|x86.ActiveCfg = Debug|x86
		{EC98BE3A-14E8-485D-9544-522B122745F4}.Debug|x86.Build.0 = Debug|x86
		{EC98BE3A-14E8-485D-9544-522B122745F4}.Debug|x86.Deploy.0 = Debug|x86
		{EC98BE3A-14E8-485D-9544-522B122745F4}.Release|Any CPU.ActiveCfg = Release|x86
		{EC98BE3A-14E8-485D-9544-522B122745F4}.Release|Any CPU.Build.0 = Release|x86
		{EC98BE3A-14E8-485D-9544-522B122745F4}.Release|Any CPU.Deploy.0 = Release|x86
		{EC98BE3A-14E8-485D-9544-522B122745F4}.Release|ARM.ActiveCfg = Release|ARM
		{EC98BE3A-14E8-485D-9544-522B122745F4}.Release|ARM.Build.0 = Release|ARM
		{EC98BE3A-14E8-485D-9544-522B122745F4}.Release|ARM.Deploy.0 = Release|ARM
		{EC98BE3A-14E8-485D-9544-522B122745F4}.Release|iPhone.ActiveCfg = Release|x86
		{EC98BE3A-14E8-485D-9544-522B122745F4}.Release|iPhone.Build.0 = Release|x86
		{EC98BE3A-14E8-485D-9544-522B122745F4}.Release|iPhone.Deploy.0 = Release|x86
		{EC98BE3A-14E8-485D-9544-522B122745F4}.Release|iPhoneSimulator.ActiveCfg = Release|x86
		{EC98BE3A-14E8-485D-9544-522B122745F4}.Release|iPhoneSimulator.Build.0 = Release|x86
		{EC98BE3A-14E8-485D-9544-522B122745F4}.Release|iPhoneSimulator.Deploy.0 = Release|x86
		{EC98BE3A-14E8-485D-9544-522B122745F4}.Release|x64.ActiveCfg = Release|x64
		{EC98BE3A-14E8-485D-9544-522B122745F4}.Release|x64.Build.0 = Release|x64
		{EC98BE3A-14E8-485D-9544-522B122745F4}.Release|x64.Deploy.0 = Release|x64
		{EC98BE3A-14E8-485D-9544-522B122745F4}.Release|x86.ActiveCfg = Release|x86
		{EC98BE3A-14E8-485D-9544-522B122745F4}.Release|x86.Build.0 = Release|x86
		{EC98BE3A-14E8-485D-9544-522B122745F4}.Release|x86.Deploy.0 = Release|x86
		{DBFADA9B-9F11-4DC3-8E22-DD5173784434}.Debug|Any CPU.ActiveCfg = Debug|Any CPU
		{DBFADA9B-9F11-4DC3-8E22-DD5173784434}.Debug|Any CPU.Build.0 = Debug|Any CPU
		{DBFADA9B-9F11-4DC3-8E22-DD5173784434}.Debug|Any CPU.Deploy.0 = Debug|Any CPU
		{DBFADA9B-9F11-4DC3-8E22-DD5173784434}.Debug|ARM.ActiveCfg = Debug|Any CPU
		{DBFADA9B-9F11-4DC3-8E22-DD5173784434}.Debug|ARM.Build.0 = Debug|Any CPU
		{DBFADA9B-9F11-4DC3-8E22-DD5173784434}.Debug|ARM.Deploy.0 = Debug|Any CPU
		{DBFADA9B-9F11-4DC3-8E22-DD5173784434}.Debug|iPhone.ActiveCfg = Debug|Any CPU
		{DBFADA9B-9F11-4DC3-8E22-DD5173784434}.Debug|iPhone.Build.0 = Debug|Any CPU
		{DBFADA9B-9F11-4DC3-8E22-DD5173784434}.Debug|iPhone.Deploy.0 = Debug|Any CPU
		{DBFADA9B-9F11-4DC3-8E22-DD5173784434}.Debug|iPhoneSimulator.ActiveCfg = Debug|Any CPU
		{DBFADA9B-9F11-4DC3-8E22-DD5173784434}.Debug|iPhoneSimulator.Build.0 = Debug|Any CPU
		{DBFADA9B-9F11-4DC3-8E22-DD5173784434}.Debug|iPhoneSimulator.Deploy.0 = Debug|Any CPU
		{DBFADA9B-9F11-4DC3-8E22-DD5173784434}.Debug|x64.ActiveCfg = Debug|Any CPU
		{DBFADA9B-9F11-4DC3-8E22-DD5173784434}.Debug|x64.Build.0 = Debug|Any CPU
		{DBFADA9B-9F11-4DC3-8E22-DD5173784434}.Debug|x64.Deploy.0 = Debug|Any CPU
		{DBFADA9B-9F11-4DC3-8E22-DD5173784434}.Debug|x86.ActiveCfg = Debug|Any CPU
		{DBFADA9B-9F11-4DC3-8E22-DD5173784434}.Debug|x86.Build.0 = Debug|Any CPU
		{DBFADA9B-9F11-4DC3-8E22-DD5173784434}.Debug|x86.Deploy.0 = Debug|Any CPU
		{DBFADA9B-9F11-4DC3-8E22-DD5173784434}.Release|Any CPU.ActiveCfg = Release|Any CPU
		{DBFADA9B-9F11-4DC3-8E22-DD5173784434}.Release|Any CPU.Build.0 = Release|Any CPU
		{DBFADA9B-9F11-4DC3-8E22-DD5173784434}.Release|Any CPU.Deploy.0 = Release|Any CPU
		{DBFADA9B-9F11-4DC3-8E22-DD5173784434}.Release|ARM.ActiveCfg = Release|Any CPU
		{DBFADA9B-9F11-4DC3-8E22-DD5173784434}.Release|ARM.Build.0 = Release|Any CPU
		{DBFADA9B-9F11-4DC3-8E22-DD5173784434}.Release|ARM.Deploy.0 = Release|Any CPU
		{DBFADA9B-9F11-4DC3-8E22-DD5173784434}.Release|iPhone.ActiveCfg = Release|Any CPU
		{DBFADA9B-9F11-4DC3-8E22-DD5173784434}.Release|iPhone.Build.0 = Release|Any CPU
		{DBFADA9B-9F11-4DC3-8E22-DD5173784434}.Release|iPhone.Deploy.0 = Release|Any CPU
		{DBFADA9B-9F11-4DC3-8E22-DD5173784434}.Release|iPhoneSimulator.ActiveCfg = Release|Any CPU
		{DBFADA9B-9F11-4DC3-8E22-DD5173784434}.Release|iPhoneSimulator.Build.0 = Release|Any CPU
		{DBFADA9B-9F11-4DC3-8E22-DD5173784434}.Release|iPhoneSimulator.Deploy.0 = Release|Any CPU
		{DBFADA9B-9F11-4DC3-8E22-DD5173784434}.Release|x64.ActiveCfg = Release|Any CPU
		{DBFADA9B-9F11-4DC3-8E22-DD5173784434}.Release|x64.Build.0 = Release|Any CPU
		{DBFADA9B-9F11-4DC3-8E22-DD5173784434}.Release|x64.Deploy.0 = Release|Any CPU
		{DBFADA9B-9F11-4DC3-8E22-DD5173784434}.Release|x86.ActiveCfg = Release|Any CPU
		{DBFADA9B-9F11-4DC3-8E22-DD5173784434}.Release|x86.Build.0 = Release|Any CPU
		{DBFADA9B-9F11-4DC3-8E22-DD5173784434}.Release|x86.Deploy.0 = Release|Any CPU
		{EB1E8CCE-543F-499C-8BC4-40FB109B4FE8}.Debug|Any CPU.ActiveCfg = Debug|iPhone
		{EB1E8CCE-543F-499C-8BC4-40FB109B4FE8}.Debug|Any CPU.Build.0 = Debug|iPhone
		{EB1E8CCE-543F-499C-8BC4-40FB109B4FE8}.Debug|Any CPU.Deploy.0 = Debug|iPhone
		{EB1E8CCE-543F-499C-8BC4-40FB109B4FE8}.Debug|ARM.ActiveCfg = Debug|iPhone
		{EB1E8CCE-543F-499C-8BC4-40FB109B4FE8}.Debug|ARM.Build.0 = Debug|iPhone
		{EB1E8CCE-543F-499C-8BC4-40FB109B4FE8}.Debug|ARM.Deploy.0 = Debug|iPhone
		{EB1E8CCE-543F-499C-8BC4-40FB109B4FE8}.Debug|iPhone.ActiveCfg = Debug|iPhone
		{EB1E8CCE-543F-499C-8BC4-40FB109B4FE8}.Debug|iPhone.Build.0 = Debug|iPhone
		{EB1E8CCE-543F-499C-8BC4-40FB109B4FE8}.Debug|iPhone.Deploy.0 = Debug|iPhone
		{EB1E8CCE-543F-499C-8BC4-40FB109B4FE8}.Debug|iPhoneSimulator.ActiveCfg = Debug|iPhoneSimulator
		{EB1E8CCE-543F-499C-8BC4-40FB109B4FE8}.Debug|iPhoneSimulator.Build.0 = Debug|iPhoneSimulator
		{EB1E8CCE-543F-499C-8BC4-40FB109B4FE8}.Debug|iPhoneSimulator.Deploy.0 = Debug|iPhoneSimulator
		{EB1E8CCE-543F-499C-8BC4-40FB109B4FE8}.Debug|x64.ActiveCfg = Debug|iPhone
		{EB1E8CCE-543F-499C-8BC4-40FB109B4FE8}.Debug|x64.Build.0 = Debug|iPhone
		{EB1E8CCE-543F-499C-8BC4-40FB109B4FE8}.Debug|x64.Deploy.0 = Debug|iPhone
		{EB1E8CCE-543F-499C-8BC4-40FB109B4FE8}.Debug|x86.ActiveCfg = Debug|iPhone
		{EB1E8CCE-543F-499C-8BC4-40FB109B4FE8}.Debug|x86.Build.0 = Debug|iPhone
		{EB1E8CCE-543F-499C-8BC4-40FB109B4FE8}.Debug|x86.Deploy.0 = Debug|iPhone
		{EB1E8CCE-543F-499C-8BC4-40FB109B4FE8}.Release|Any CPU.ActiveCfg = Release|iPhone
		{EB1E8CCE-543F-499C-8BC4-40FB109B4FE8}.Release|Any CPU.Build.0 = Release|iPhone
		{EB1E8CCE-543F-499C-8BC4-40FB109B4FE8}.Release|Any CPU.Deploy.0 = Release|iPhone
		{EB1E8CCE-543F-499C-8BC4-40FB109B4FE8}.Release|ARM.ActiveCfg = Release|iPhone
		{EB1E8CCE-543F-499C-8BC4-40FB109B4FE8}.Release|ARM.Build.0 = Release|iPhone
		{EB1E8CCE-543F-499C-8BC4-40FB109B4FE8}.Release|ARM.Deploy.0 = Release|iPhone
		{EB1E8CCE-543F-499C-8BC4-40FB109B4FE8}.Release|iPhone.ActiveCfg = Release|iPhone
		{EB1E8CCE-543F-499C-8BC4-40FB109B4FE8}.Release|iPhone.Build.0 = Release|iPhone
		{EB1E8CCE-543F-499C-8BC4-40FB109B4FE8}.Release|iPhone.Deploy.0 = Release|iPhone
		{EB1E8CCE-543F-499C-8BC4-40FB109B4FE8}.Release|iPhoneSimulator.ActiveCfg = Release|iPhoneSimulator
		{EB1E8CCE-543F-499C-8BC4-40FB109B4FE8}.Release|iPhoneSimulator.Build.0 = Release|iPhoneSimulator
		{EB1E8CCE-543F-499C-8BC4-40FB109B4FE8}.Release|iPhoneSimulator.Deploy.0 = Release|iPhoneSimulator
		{EB1E8CCE-543F-499C-8BC4-40FB109B4FE8}.Release|x64.ActiveCfg = Release|iPhone
		{EB1E8CCE-543F-499C-8BC4-40FB109B4FE8}.Release|x64.Build.0 = Release|iPhone
		{EB1E8CCE-543F-499C-8BC4-40FB109B4FE8}.Release|x64.Deploy.0 = Release|iPhone
		{EB1E8CCE-543F-499C-8BC4-40FB109B4FE8}.Release|x86.ActiveCfg = Release|iPhone
		{EB1E8CCE-543F-499C-8BC4-40FB109B4FE8}.Release|x86.Build.0 = Release|iPhone
		{EB1E8CCE-543F-499C-8BC4-40FB109B4FE8}.Release|x86.Deploy.0 = Release|iPhone
		{86275142-1EDE-4B5A-B0B6-2E02279A1583}.Debug|Any CPU.ActiveCfg = Debug|Any CPU
		{86275142-1EDE-4B5A-B0B6-2E02279A1583}.Debug|Any CPU.Build.0 = Debug|Any CPU
		{86275142-1EDE-4B5A-B0B6-2E02279A1583}.Debug|Any CPU.Deploy.0 = Debug|Any CPU
		{86275142-1EDE-4B5A-B0B6-2E02279A1583}.Debug|ARM.ActiveCfg = Debug|Any CPU
		{86275142-1EDE-4B5A-B0B6-2E02279A1583}.Debug|ARM.Build.0 = Debug|Any CPU
		{86275142-1EDE-4B5A-B0B6-2E02279A1583}.Debug|ARM.Deploy.0 = Debug|Any CPU
		{86275142-1EDE-4B5A-B0B6-2E02279A1583}.Debug|iPhone.ActiveCfg = Debug|Any CPU
		{86275142-1EDE-4B5A-B0B6-2E02279A1583}.Debug|iPhone.Build.0 = Debug|Any CPU
		{86275142-1EDE-4B5A-B0B6-2E02279A1583}.Debug|iPhone.Deploy.0 = Debug|Any CPU
		{86275142-1EDE-4B5A-B0B6-2E02279A1583}.Debug|iPhoneSimulator.ActiveCfg = Debug|Any CPU
		{86275142-1EDE-4B5A-B0B6-2E02279A1583}.Debug|iPhoneSimulator.Build.0 = Debug|Any CPU
		{86275142-1EDE-4B5A-B0B6-2E02279A1583}.Debug|iPhoneSimulator.Deploy.0 = Debug|Any CPU
		{86275142-1EDE-4B5A-B0B6-2E02279A1583}.Debug|x64.ActiveCfg = Debug|Any CPU
		{86275142-1EDE-4B5A-B0B6-2E02279A1583}.Debug|x64.Build.0 = Debug|Any CPU
		{86275142-1EDE-4B5A-B0B6-2E02279A1583}.Debug|x64.Deploy.0 = Debug|Any CPU
		{86275142-1EDE-4B5A-B0B6-2E02279A1583}.Debug|x86.ActiveCfg = Debug|Any CPU
		{86275142-1EDE-4B5A-B0B6-2E02279A1583}.Debug|x86.Build.0 = Debug|Any CPU
		{86275142-1EDE-4B5A-B0B6-2E02279A1583}.Debug|x86.Deploy.0 = Debug|Any CPU
		{86275142-1EDE-4B5A-B0B6-2E02279A1583}.Release|Any CPU.ActiveCfg = Release|Any CPU
		{86275142-1EDE-4B5A-B0B6-2E02279A1583}.Release|Any CPU.Build.0 = Release|Any CPU
		{86275142-1EDE-4B5A-B0B6-2E02279A1583}.Release|Any CPU.Deploy.0 = Release|Any CPU
		{86275142-1EDE-4B5A-B0B6-2E02279A1583}.Release|ARM.ActiveCfg = Release|Any CPU
		{86275142-1EDE-4B5A-B0B6-2E02279A1583}.Release|ARM.Build.0 = Release|Any CPU
		{86275142-1EDE-4B5A-B0B6-2E02279A1583}.Release|ARM.Deploy.0 = Release|Any CPU
		{86275142-1EDE-4B5A-B0B6-2E02279A1583}.Release|iPhone.ActiveCfg = Release|Any CPU
		{86275142-1EDE-4B5A-B0B6-2E02279A1583}.Release|iPhone.Build.0 = Release|Any CPU
		{86275142-1EDE-4B5A-B0B6-2E02279A1583}.Release|iPhone.Deploy.0 = Release|Any CPU
		{86275142-1EDE-4B5A-B0B6-2E02279A1583}.Release|iPhoneSimulator.ActiveCfg = Release|Any CPU
		{86275142-1EDE-4B5A-B0B6-2E02279A1583}.Release|iPhoneSimulator.Build.0 = Release|Any CPU
		{86275142-1EDE-4B5A-B0B6-2E02279A1583}.Release|iPhoneSimulator.Deploy.0 = Release|Any CPU
		{86275142-1EDE-4B5A-B0B6-2E02279A1583}.Release|x64.ActiveCfg = Release|Any CPU
		{86275142-1EDE-4B5A-B0B6-2E02279A1583}.Release|x64.Build.0 = Release|Any CPU
		{86275142-1EDE-4B5A-B0B6-2E02279A1583}.Release|x64.Deploy.0 = Release|Any CPU
		{86275142-1EDE-4B5A-B0B6-2E02279A1583}.Release|x86.ActiveCfg = Release|Any CPU
		{86275142-1EDE-4B5A-B0B6-2E02279A1583}.Release|x86.Build.0 = Release|Any CPU
		{86275142-1EDE-4B5A-B0B6-2E02279A1583}.Release|x86.Deploy.0 = Release|Any CPU
	EndGlobalSection
	GlobalSection(SolutionProperties) = preSolution
		HideSolutionNode = FALSE
	EndGlobalSection
	GlobalSection(ExtensibilityGlobals) = postSolution
		SolutionGuid = {DBC0BEFF-C195-4B31-B255-12F961AF7C38}
	EndGlobalSection
EndGlobal
