
Microsoft Visual Studio Solution File, Format Version 12.00
# Visual Studio Version 16
VisualStudioVersion = 16.0.30413.136
MinimumVisualStudioVersion = 10.0.40219.1
Project("{FAE04EC0-301F-11D3-BF4B-00C04F79EFBC}") = "TaskDelayClock.UWP", "TaskDelayClock\TaskDelayClock.UWP\TaskDelayClock.UWP.csproj", "{BDC52D85-12A0-4CB8-83DF-ABF744135E03}"
EndProject
Project("{FAE04EC0-301F-11D3-BF4B-00C04F79EFBC}") = "TaskDelayClock.Android", "TaskDelayClock\TaskDelayClock.Android\TaskDelayClock.Android.csproj", "{39F49445-E255-43B6-9491-277E272E30CC}"
EndProject
Project("{FAE04EC0-301F-11D3-BF4B-00C04F79EFBC}") = "TaskDelayClock.iOS", "TaskDelayClock\TaskDelayClock.iOS\TaskDelayClock.iOS.csproj", "{0E7850CA-BEB1-4B2F-8E07-DA07B91ACC35}"
EndProject
Project("{FAE04EC0-301F-11D3-BF4B-00C04F79EFBC}") = "TaskDelayClock", "TaskDelayClock\TaskDelayClock\TaskDelayClock.csproj", "{21884A4B-08AA-49AA-8310-A8B9E634313A}"
EndProject
Global
	GlobalSection(SolutionConfigurationPlatforms) = preSolution
		Debug|Any CPU = Debug|Any CPU
		Debug|ARM = Debug|ARM
		Debug|iPhone = Debug|iPhone
		Debug|iPhoneSimulator = Debug|iPhoneSimulator
		Debug|x64 = Debug|x64
		Debug|x86 = Debug|x86
		Release|Any CPU = Release|Any CPU
		Release|ARM = Release|ARM
		Release|iPhone = Release|iPhone
		Release|iPhoneSimulator = Release|iPhoneSimulator
		Release|x64 = Release|x64
		Release|x86 = Release|x86
	EndGlobalSection
	GlobalSection(ProjectConfigurationPlatforms) = postSolution
		{BDC52D85-12A0-4CB8-83DF-ABF744135E03}.Debug|Any CPU.ActiveCfg = Debug|x86
		{BDC52D85-12A0-4CB8-83DF-ABF744135E03}.Debug|Any CPU.Build.0 = Debug|x86
		{BDC52D85-12A0-4CB8-83DF-ABF744135E03}.Debug|Any CPU.Deploy.0 = Debug|x86
		{BDC52D85-12A0-4CB8-83DF-ABF744135E03}.Debug|ARM.ActiveCfg = Debug|ARM
		{BDC52D85-12A0-4CB8-83DF-ABF744135E03}.Debug|ARM.Build.0 = Debug|ARM
		{BDC52D85-12A0-4CB8-83DF-ABF744135E03}.Debug|ARM.Deploy.0 = Debug|ARM
		{BDC52D85-12A0-4CB8-83DF-ABF744135E03}.Debug|iPhone.ActiveCfg = Debug|x86
		{BDC52D85-12A0-4CB8-83DF-ABF744135E03}.Debug|iPhone.Build.0 = Debug|x86
		{BDC52D85-12A0-4CB8-83DF-ABF744135E03}.Debug|iPhone.Deploy.0 = Debug|x86
		{BDC52D85-12A0-4CB8-83DF-ABF744135E03}.Debug|iPhoneSimulator.ActiveCfg = Debug|x86
		{BDC52D85-12A0-4CB8-83DF-ABF744135E03}.Debug|iPhoneSimulator.Build.0 = Debug|x86
		{BDC52D85-12A0-4CB8-83DF-ABF744135E03}.Debug|iPhoneSimulator.Deploy.0 = Debug|x86
		{BDC52D85-12A0-4CB8-83DF-ABF744135E03}.Debug|x64.ActiveCfg = Debug|x64
		{BDC52D85-12A0-4CB8-83DF-ABF744135E03}.Debug|x64.Build.0 = Debug|x64
		{BDC52D85-12A0-4CB8-83DF-ABF744135E03}.Debug|x64.Deploy.0 = Debug|x64
		{BDC52D85-12A0-4CB8-83DF-ABF744135E03}.Debug|x86.ActiveCfg = Debug|x86
		{BDC52D85-12A0-4CB8-83DF-ABF744135E03}.Debug|x86.Build.0 = Debug|x86
		{BDC52D85-12A0-4CB8-83DF-ABF744135E03}.Debug|x86.Deploy.0 = Debug|x86
		{BDC52D85-12A0-4CB8-83DF-ABF744135E03}.Release|Any CPU.ActiveCfg = Release|x86
		{BDC52D85-12A0-4CB8-83DF-ABF744135E03}.Release|Any CPU.Build.0 = Release|x86
		{BDC52D85-12A0-4CB8-83DF-ABF744135E03}.Release|Any CPU.Deploy.0 = Release|x86
		{BDC52D85-12A0-4CB8-83DF-ABF744135E03}.Release|ARM.ActiveCfg = Release|ARM
		{BDC52D85-12A0-4CB8-83DF-ABF744135E03}.Release|ARM.Build.0 = Release|ARM
		{BDC52D85-12A0-4CB8-83DF-ABF744135E03}.Release|ARM.Deploy.0 = Release|ARM
		{BDC52D85-12A0-4CB8-83DF-ABF744135E03}.Release|iPhone.ActiveCfg = Release|x86
		{BDC52D85-12A0-4CB8-83DF-ABF744135E03}.Release|iPhone.Build.0 = Release|x86
		{BDC52D85-12A0-4CB8-83DF-ABF744135E03}.Release|iPhone.Deploy.0 = Release|x86
		{BDC52D85-12A0-4CB8-83DF-ABF744135E03}.Release|iPhoneSimulator.ActiveCfg = Release|x86
		{BDC52D85-12A0-4CB8-83DF-ABF744135E03}.Release|iPhoneSimulator.Build.0 = Release|x86
		{BDC52D85-12A0-4CB8-83DF-ABF744135E03}.Release|iPhoneSimulator.Deploy.0 = Release|x86
		{BDC52D85-12A0-4CB8-83DF-ABF744135E03}.Release|x64.ActiveCfg = Release|x64
		{BDC52D85-12A0-4CB8-83DF-ABF744135E03}.Release|x64.Build.0 = Release|x64
		{BDC52D85-12A0-4CB8-83DF-ABF744135E03}.Release|x64.Deploy.0 = Release|x64
		{BDC52D85-12A0-4CB8-83DF-ABF744135E03}.Release|x86.ActiveCfg = Release|x86
		{BDC52D85-12A0-4CB8-83DF-ABF744135E03}.Release|x86.Build.0 = Release|x86
		{BDC52D85-12A0-4CB8-83DF-ABF744135E03}.Release|x86.Deploy.0 = Release|x86
		{39F49445-E255-43B6-9491-277E272E30CC}.Debug|Any CPU.ActiveCfg = Debug|Any CPU
		{39F49445-E255-43B6-9491-277E272E30CC}.Debug|Any CPU.Build.0 = Debug|Any CPU
		{39F49445-E255-43B6-9491-277E272E30CC}.Debug|Any CPU.Deploy.0 = Debug|Any CPU
		{39F49445-E255-43B6-9491-277E272E30CC}.Debug|ARM.ActiveCfg = Debug|Any CPU
		{39F49445-E255-43B6-9491-277E272E30CC}.Debug|ARM.Build.0 = Debug|Any CPU
		{39F49445-E255-43B6-9491-277E272E30CC}.Debug|ARM.Deploy.0 = Debug|Any CPU
		{39F49445-E255-43B6-9491-277E272E30CC}.Debug|iPhone.ActiveCfg = Debug|Any CPU
		{39F49445-E255-43B6-9491-277E272E30CC}.Debug|iPhone.Build.0 = Debug|Any CPU
		{39F49445-E255-43B6-9491-277E272E30CC}.Debug|iPhone.Deploy.0 = Debug|Any CPU
		{39F49445-E255-43B6-9491-277E272E30CC}.Debug|iPhoneSimulator.ActiveCfg = Debug|Any CPU
		{39F49445-E255-43B6-9491-277E272E30CC}.Debug|iPhoneSimulator.Build.0 = Debug|Any CPU
		{39F49445-E255-43B6-9491-277E272E30CC}.Debug|iPhoneSimulator.Deploy.0 = Debug|Any CPU
		{39F49445-E255-43B6-9491-277E272E30CC}.Debug|x64.ActiveCfg = Debug|Any CPU
		{39F49445-E255-43B6-9491-277E272E30CC}.Debug|x64.Build.0 = Debug|Any CPU
		{39F49445-E255-43B6-9491-277E272E30CC}.Debug|x64.Deploy.0 = Debug|Any CPU
		{39F49445-E255-43B6-9491-277E272E30CC}.Debug|x86.ActiveCfg = Debug|Any CPU
		{39F49445-E255-43B6-9491-277E272E30CC}.Debug|x86.Build.0 = Debug|Any CPU
		{39F49445-E255-43B6-9491-277E272E30CC}.Debug|x86.Deploy.0 = Debug|Any CPU
		{39F49445-E255-43B6-9491-277E272E30CC}.Release|Any CPU.ActiveCfg = Release|Any CPU
		{39F49445-E255-43B6-9491-277E272E30CC}.Release|Any CPU.Build.0 = Release|Any CPU
		{39F49445-E255-43B6-9491-277E272E30CC}.Release|Any CPU.Deploy.0 = Release|Any CPU
		{39F49445-E255-43B6-9491-277E272E30CC}.Release|ARM.ActiveCfg = Release|Any CPU
		{39F49445-E255-43B6-9491-277E272E30CC}.Release|ARM.Build.0 = Release|Any CPU
		{39F49445-E255-43B6-9491-277E272E30CC}.Release|ARM.Deploy.0 = Release|Any CPU
		{39F49445-E255-43B6-9491-277E272E30CC}.Release|iPhone.ActiveCfg = Release|Any CPU
		{39F49445-E255-43B6-9491-277E272E30CC}.Release|iPhone.Build.0 = Release|Any CPU
		{39F49445-E255-43B6-9491-277E272E30CC}.Release|iPhone.Deploy.0 = Release|Any CPU
		{39F49445-E255-43B6-9491-277E272E30CC}.Release|iPhoneSimulator.ActiveCfg = Release|Any CPU
		{39F49445-E255-43B6-9491-277E272E30CC}.Release|iPhoneSimulator.Build.0 = Release|Any CPU
		{39F49445-E255-43B6-9491-277E272E30CC}.Release|iPhoneSimulator.Deploy.0 = Release|Any CPU
		{39F49445-E255-43B6-9491-277E272E30CC}.Release|x64.ActiveCfg = Release|Any CPU
		{39F49445-E255-43B6-9491-277E272E30CC}.Release|x64.Build.0 = Release|Any CPU
		{39F49445-E255-43B6-9491-277E272E30CC}.Release|x64.Deploy.0 = Release|Any CPU
		{39F49445-E255-43B6-9491-277E272E30CC}.Release|x86.ActiveCfg = Release|Any CPU
		{39F49445-E255-43B6-9491-277E272E30CC}.Release|x86.Build.0 = Release|Any CPU
		{39F49445-E255-43B6-9491-277E272E30CC}.Release|x86.Deploy.0 = Release|Any CPU
		{0E7850CA-BEB1-4B2F-8E07-DA07B91ACC35}.Debug|Any CPU.ActiveCfg = Debug|iPhone
		{0E7850CA-BEB1-4B2F-8E07-DA07B91ACC35}.Debug|Any CPU.Build.0 = Debug|iPhone
		{0E7850CA-BEB1-4B2F-8E07-DA07B91ACC35}.Debug|Any CPU.Deploy.0 = Debug|iPhone
		{0E7850CA-BEB1-4B2F-8E07-DA07B91ACC35}.Debug|ARM.ActiveCfg = Debug|iPhone
		{0E7850CA-BEB1-4B2F-8E07-DA07B91ACC35}.Debug|ARM.Build.0 = Debug|iPhone
		{0E7850CA-BEB1-4B2F-8E07-DA07B91ACC35}.Debug|ARM.Deploy.0 = Debug|iPhone
		{0E7850CA-BEB1-4B2F-8E07-DA07B91ACC35}.Debug|iPhone.ActiveCfg = Debug|iPhone
		{0E7850CA-BEB1-4B2F-8E07-DA07B91ACC35}.Debug|iPhone.Build.0 = Debug|iPhone
		{0E7850CA-BEB1-4B2F-8E07-DA07B91ACC35}.Debug|iPhone.Deploy.0 = Debug|iPhone
		{0E7850CA-BEB1-4B2F-8E07-DA07B91ACC35}.Debug|iPhoneSimulator.ActiveCfg = Debug|iPhoneSimulator
		{0E7850CA-BEB1-4B2F-8E07-DA07B91ACC35}.Debug|iPhoneSimulator.Build.0 = Debug|iPhoneSimulator
		{0E7850CA-BEB1-4B2F-8E07-DA07B91ACC35}.Debug|iPhoneSimulator.Deploy.0 = Debug|iPhoneSimulator
		{0E7850CA-BEB1-4B2F-8E07-DA07B91ACC35}.Debug|x64.ActiveCfg = Debug|iPhone
		{0E7850CA-BEB1-4B2F-8E07-DA07B91ACC35}.Debug|x64.Build.0 = Debug|iPhone
		{0E7850CA-BEB1-4B2F-8E07-DA07B91ACC35}.Debug|x64.Deploy.0 = Debug|iPhone
		{0E7850CA-BEB1-4B2F-8E07-DA07B91ACC35}.Debug|x86.ActiveCfg = Debug|iPhone
		{0E7850CA-BEB1-4B2F-8E07-DA07B91ACC35}.Debug|x86.Build.0 = Debug|iPhone
		{0E7850CA-BEB1-4B2F-8E07-DA07B91ACC35}.Debug|x86.Deploy.0 = Debug|iPhone
		{0E7850CA-BEB1-4B2F-8E07-DA07B91ACC35}.Release|Any CPU.ActiveCfg = Release|iPhone
		{0E7850CA-BEB1-4B2F-8E07-DA07B91ACC35}.Release|Any CPU.Build.0 = Release|iPhone
		{0E7850CA-BEB1-4B2F-8E07-DA07B91ACC35}.Release|Any CPU.Deploy.0 = Release|iPhone
		{0E7850CA-BEB1-4B2F-8E07-DA07B91ACC35}.Release|ARM.ActiveCfg = Release|iPhone
		{0E7850CA-BEB1-4B2F-8E07-DA07B91ACC35}.Release|ARM.Build.0 = Release|iPhone
		{0E7850CA-BEB1-4B2F-8E07-DA07B91ACC35}.Release|ARM.Deploy.0 = Release|iPhone
		{0E7850CA-BEB1-4B2F-8E07-DA07B91ACC35}.Release|iPhone.ActiveCfg = Release|iPhone
		{0E7850CA-BEB1-4B2F-8E07-DA07B91ACC35}.Release|iPhone.Build.0 = Release|iPhone
		{0E7850CA-BEB1-4B2F-8E07-DA07B91ACC35}.Release|iPhone.Deploy.0 = Release|iPhone
		{0E7850CA-BEB1-4B2F-8E07-DA07B91ACC35}.Release|iPhoneSimulator.ActiveCfg = Release|iPhoneSimulator
		{0E7850CA-BEB1-4B2F-8E07-DA07B91ACC35}.Release|iPhoneSimulator.Build.0 = Release|iPhoneSimulator
		{0E7850CA-BEB1-4B2F-8E07-DA07B91ACC35}.Release|iPhoneSimulator.Deploy.0 = Release|iPhoneSimulator
		{0E7850CA-BEB1-4B2F-8E07-DA07B91ACC35}.Release|x64.ActiveCfg = Release|iPhone
		{0E7850CA-BEB1-4B2F-8E07-DA07B91ACC35}.Release|x64.Build.0 = Release|iPhone
		{0E7850CA-BEB1-4B2F-8E07-DA07B91ACC35}.Release|x64.Deploy.0 = Release|iPhone
		{0E7850CA-BEB1-4B2F-8E07-DA07B91ACC35}.Release|x86.ActiveCfg = Release|iPhone
		{0E7850CA-BEB1-4B2F-8E07-DA07B91ACC35}.Release|x86.Build.0 = Release|iPhone
		{0E7850CA-BEB1-4B2F-8E07-DA07B91ACC35}.Release|x86.Deploy.0 = Release|iPhone
		{21884A4B-08AA-49AA-8310-A8B9E634313A}.Debug|Any CPU.ActiveCfg = Debug|Any CPU
		{21884A4B-08AA-49AA-8310-A8B9E634313A}.Debug|Any CPU.Build.0 = Debug|Any CPU
		{21884A4B-08AA-49AA-8310-A8B9E634313A}.Debug|Any CPU.Deploy.0 = Debug|Any CPU
		{21884A4B-08AA-49AA-8310-A8B9E634313A}.Debug|ARM.ActiveCfg = Debug|Any CPU
		{21884A4B-08AA-49AA-8310-A8B9E634313A}.Debug|ARM.Build.0 = Debug|Any CPU
		{21884A4B-08AA-49AA-8310-A8B9E634313A}.Debug|ARM.Deploy.0 = Debug|Any CPU
		{21884A4B-08AA-49AA-8310-A8B9E634313A}.Debug|iPhone.ActiveCfg = Debug|Any CPU
		{21884A4B-08AA-49AA-8310-A8B9E634313A}.Debug|iPhone.Build.0 = Debug|Any CPU
		{21884A4B-08AA-49AA-8310-A8B9E634313A}.Debug|iPhone.Deploy.0 = Debug|Any CPU
		{21884A4B-08AA-49AA-8310-A8B9E634313A}.Debug|iPhoneSimulator.ActiveCfg = Debug|Any CPU
		{21884A4B-08AA-49AA-8310-A8B9E634313A}.Debug|iPhoneSimulator.Build.0 = Debug|Any CPU
		{21884A4B-08AA-49AA-8310-A8B9E634313A}.Debug|iPhoneSimulator.Deploy.0 = Debug|Any CPU
		{21884A4B-08AA-49AA-8310-A8B9E634313A}.Debug|x64.ActiveCfg = Debug|Any CPU
		{21884A4B-08AA-49AA-8310-A8B9E634313A}.Debug|x64.Build.0 = Debug|Any CPU
		{21884A4B-08AA-49AA-8310-A8B9E634313A}.Debug|x64.Deploy.0 = Debug|Any CPU
		{21884A4B-08AA-49AA-8310-A8B9E634313A}.Debug|x86.ActiveCfg = Debug|Any CPU
		{21884A4B-08AA-49AA-8310-A8B9E634313A}.Debug|x86.Build.0 = Debug|Any CPU
		{21884A4B-08AA-49AA-8310-A8B9E634313A}.Debug|x86.Deploy.0 = Debug|Any CPU
		{21884A4B-08AA-49AA-8310-A8B9E634313A}.Release|Any CPU.ActiveCfg = Release|Any CPU
		{21884A4B-08AA-49AA-8310-A8B9E634313A}.Release|Any CPU.Build.0 = Release|Any CPU
		{21884A4B-08AA-49AA-8310-A8B9E634313A}.Release|Any CPU.Deploy.0 = Release|Any CPU
		{21884A4B-08AA-49AA-8310-A8B9E634313A}.Release|ARM.ActiveCfg = Release|Any CPU
		{21884A4B-08AA-49AA-8310-A8B9E634313A}.Release|ARM.Build.0 = Release|Any CPU
		{21884A4B-08AA-49AA-8310-A8B9E634313A}.Release|ARM.Deploy.0 = Release|Any CPU
		{21884A4B-08AA-49AA-8310-A8B9E634313A}.Release|iPhone.ActiveCfg = Release|Any CPU
		{21884A4B-08AA-49AA-8310-A8B9E634313A}.Release|iPhone.Build.0 = Release|Any CPU
		{21884A4B-08AA-49AA-8310-A8B9E634313A}.Release|iPhone.Deploy.0 = Release|Any CPU
		{21884A4B-08AA-49AA-8310-A8B9E634313A}.Release|iPhoneSimulator.ActiveCfg = Release|Any CPU
		{21884A4B-08AA-49AA-8310-A8B9E634313A}.Release|iPhoneSimulator.Build.0 = Release|Any CPU
		{21884A4B-08AA-49AA-8310-A8B9E634313A}.Release|iPhoneSimulator.Deploy.0 = Release|Any CPU
		{21884A4B-08AA-49AA-8310-A8B9E634313A}.Release|x64.ActiveCfg = Release|Any CPU
		{21884A4B-08AA-49AA-8310-A8B9E634313A}.Release|x64.Build.0 = Release|Any CPU
		{21884A4B-08AA-49AA-8310-A8B9E634313A}.Release|x64.Deploy.0 = Release|Any CPU
		{21884A4B-08AA-49AA-8310-A8B9E634313A}.Release|x86.ActiveCfg = Release|Any CPU
		{21884A4B-08AA-49AA-8310-A8B9E634313A}.Release|x86.Build.0 = Release|Any CPU
		{21884A4B-08AA-49AA-8310-A8B9E634313A}.Release|x86.Deploy.0 = Release|Any CPU
	EndGlobalSection
	GlobalSection(SolutionProperties) = preSolution
		HideSolutionNode = FALSE
	EndGlobalSection
	GlobalSection(ExtensibilityGlobals) = postSolution
		SolutionGuid = {5967ACA2-ECFC-4303-A422-437BFCE25738}
	EndGlobalSection
EndGlobal
