
Microsoft Visual Studio Solution File, Format Version 12.00
# Visual Studio Version 16
VisualStudioVersion = 16.0.30413.136
MinimumVisualStudioVersion = 10.0.40219.1
Project("{FAE04EC0-301F-11D3-BF4B-00C04F79EFBC}") = "BouncingText.UWP", "BouncingText\BouncingText.UWP\BouncingText.UWP.csproj", "{036864FA-A0AF-46A1-A722-083C1B24427D}"
EndProject
Project("{FAE04EC0-301F-11D3-BF4B-00C04F79EFBC}") = "BouncingText.Android", "BouncingText\BouncingText.Android\BouncingText.Android.csproj", "{320F62B4-02CB-4421-8F9B-FCD539997CCC}"
EndProject
Project("{FAE04EC0-301F-11D3-BF4B-00C04F79EFBC}") = "BouncingText.iOS", "BouncingText\BouncingText.iOS\BouncingText.iOS.csproj", "{278ED964-11C8-498B-A03B-9C1E9DF2A9C1}"
EndProject
Project("{FAE04EC0-301F-11D3-BF4B-00C04F79EFBC}") = "BouncingText", "BouncingText\BouncingText\BouncingText.csproj", "{18AB5691-D2FE-4185-9B93-B1D9AA171860}"
EndProject
Global
	GlobalSection(SolutionConfigurationPlatforms) = preSolution
		Debug|Any CPU = Debug|Any CPU
		Debug|ARM = Debug|ARM
		Debug|iPhone = Debug|iPhone
		Debug|iPhoneSimulator = Debug|iPhoneSimulator
		Debug|x64 = Debug|x64
		Debug|x86 = Debug|x86
		Release|Any CPU = Release|Any CPU
		Release|ARM = Release|ARM
		Release|iPhone = Release|iPhone
		Release|iPhoneSimulator = Release|iPhoneSimulator
		Release|x64 = Release|x64
		Release|x86 = Release|x86
	EndGlobalSection
	GlobalSection(ProjectConfigurationPlatforms) = postSolution
		{036864FA-A0AF-46A1-A722-083C1B24427D}.Debug|Any CPU.ActiveCfg = Debug|x86
		{036864FA-A0AF-46A1-A722-083C1B24427D}.Debug|Any CPU.Build.0 = Debug|x86
		{036864FA-A0AF-46A1-A722-083C1B24427D}.Debug|Any CPU.Deploy.0 = Debug|x86
		{036864FA-A0AF-46A1-A722-083C1B24427D}.Debug|ARM.ActiveCfg = Debug|ARM
		{036864FA-A0AF-46A1-A722-083C1B24427D}.Debug|ARM.Build.0 = Debug|ARM
		{036864FA-A0AF-46A1-A722-083C1B24427D}.Debug|ARM.Deploy.0 = Debug|ARM
		{036864FA-A0AF-46A1-A722-083C1B24427D}.Debug|iPhone.ActiveCfg = Debug|x86
		{036864FA-A0AF-46A1-A722-083C1B24427D}.Debug|iPhone.Build.0 = Debug|x86
		{036864FA-A0AF-46A1-A722-083C1B24427D}.Debug|iPhone.Deploy.0 = Debug|x86
		{036864FA-A0AF-46A1-A722-083C1B24427D}.Debug|iPhoneSimulator.ActiveCfg = Debug|x86
		{036864FA-A0AF-46A1-A722-083C1B24427D}.Debug|iPhoneSimulator.Build.0 = Debug|x86
		{036864FA-A0AF-46A1-A722-083C1B24427D}.Debug|iPhoneSimulator.Deploy.0 = Debug|x86
		{036864FA-A0AF-46A1-A722-083C1B24427D}.Debug|x64.ActiveCfg = Debug|x64
		{036864FA-A0AF-46A1-A722-083C1B24427D}.Debug|x64.Build.0 = Debug|x64
		{036864FA-A0AF-46A1-A722-083C1B24427D}.Debug|x64.Deploy.0 = Debug|x64
		{036864FA-A0AF-46A1-A722-083C1B24427D}.Debug|x86.ActiveCfg = Debug|x86
		{036864FA-A0AF-46A1-A722-083C1B24427D}.Debug|x86.Build.0 = Debug|x86
		{036864FA-A0AF-46A1-A722-083C1B24427D}.Debug|x86.Deploy.0 = Debug|x86
		{036864FA-A0AF-46A1-A722-083C1B24427D}.Release|Any CPU.ActiveCfg = Release|x86
		{036864FA-A0AF-46A1-A722-083C1B24427D}.Release|Any CPU.Build.0 = Release|x86
		{036864FA-A0AF-46A1-A722-083C1B24427D}.Release|Any CPU.Deploy.0 = Release|x86
		{036864FA-A0AF-46A1-A722-083C1B24427D}.Release|ARM.ActiveCfg = Release|ARM
		{036864FA-A0AF-46A1-A722-083C1B24427D}.Release|ARM.Build.0 = Release|ARM
		{036864FA-A0AF-46A1-A722-083C1B24427D}.Release|ARM.Deploy.0 = Release|ARM
		{036864FA-A0AF-46A1-A722-083C1B24427D}.Release|iPhone.ActiveCfg = Release|x86
		{036864FA-A0AF-46A1-A722-083C1B24427D}.Release|iPhone.Build.0 = Release|x86
		{036864FA-A0AF-46A1-A722-083C1B24427D}.Release|iPhone.Deploy.0 = Release|x86
		{036864FA-A0AF-46A1-A722-083C1B24427D}.Release|iPhoneSimulator.ActiveCfg = Release|x86
		{036864FA-A0AF-46A1-A722-083C1B24427D}.Release|iPhoneSimulator.Build.0 = Release|x86
		{036864FA-A0AF-46A1-A722-083C1B24427D}.Release|iPhoneSimulator.Deploy.0 = Release|x86
		{036864FA-A0AF-46A1-A722-083C1B24427D}.Release|x64.ActiveCfg = Release|x64
		{036864FA-A0AF-46A1-A722-083C1B24427D}.Release|x64.Build.0 = Release|x64
		{036864FA-A0AF-46A1-A722-083C1B24427D}.Release|x64.Deploy.0 = Release|x64
		{036864FA-A0AF-46A1-A722-083C1B24427D}.Release|x86.ActiveCfg = Release|x86
		{036864FA-A0AF-46A1-A722-083C1B24427D}.Release|x86.Build.0 = Release|x86
		{036864FA-A0AF-46A1-A722-083C1B24427D}.Release|x86.Deploy.0 = Release|x86
		{320F62B4-02CB-4421-8F9B-FCD539997CCC}.Debug|Any CPU.ActiveCfg = Debug|Any CPU
		{320F62B4-02CB-4421-8F9B-FCD539997CCC}.Debug|Any CPU.Build.0 = Debug|Any CPU
		{320F62B4-02CB-4421-8F9B-FCD539997CCC}.Debug|Any CPU.Deploy.0 = Debug|Any CPU
		{320F62B4-02CB-4421-8F9B-FCD539997CCC}.Debug|ARM.ActiveCfg = Debug|Any CPU
		{320F62B4-02CB-4421-8F9B-FCD539997CCC}.Debug|ARM.Build.0 = Debug|Any CPU
		{320F62B4-02CB-4421-8F9B-FCD539997CCC}.Debug|ARM.Deploy.0 = Debug|Any CPU
		{320F62B4-02CB-4421-8F9B-FCD539997CCC}.Debug|iPhone.ActiveCfg = Debug|Any CPU
		{320F62B4-02CB-4421-8F9B-FCD539997CCC}.Debug|iPhone.Build.0 = Debug|Any CPU
		{320F62B4-02CB-4421-8F9B-FCD539997CCC}.Debug|iPhone.Deploy.0 = Debug|Any CPU
		{320F62B4-02CB-4421-8F9B-FCD539997CCC}.Debug|iPhoneSimulator.ActiveCfg = Debug|Any CPU
		{320F62B4-02CB-4421-8F9B-FCD539997CCC}.Debug|iPhoneSimulator.Build.0 = Debug|Any CPU
		{320F62B4-02CB-4421-8F9B-FCD539997CCC}.Debug|iPhoneSimulator.Deploy.0 = Debug|Any CPU
		{320F62B4-02CB-4421-8F9B-FCD539997CCC}.Debug|x64.ActiveCfg = Debug|Any CPU
		{320F62B4-02CB-4421-8F9B-FCD539997CCC}.Debug|x64.Build.0 = Debug|Any CPU
		{320F62B4-02CB-4421-8F9B-FCD539997CCC}.Debug|x64.Deploy.0 = Debug|Any CPU
		{320F62B4-02CB-4421-8F9B-FCD539997CCC}.Debug|x86.ActiveCfg = Debug|Any CPU
		{320F62B4-02CB-4421-8F9B-FCD539997CCC}.Debug|x86.Build.0 = Debug|Any CPU
		{320F62B4-02CB-4421-8F9B-FCD539997CCC}.Debug|x86.Deploy.0 = Debug|Any CPU
		{320F62B4-02CB-4421-8F9B-FCD539997CCC}.Release|Any CPU.ActiveCfg = Release|Any CPU
		{320F62B4-02CB-4421-8F9B-FCD539997CCC}.Release|Any CPU.Build.0 = Release|Any CPU
		{320F62B4-02CB-4421-8F9B-FCD539997CCC}.Release|Any CPU.Deploy.0 = Release|Any CPU
		{320F62B4-02CB-4421-8F9B-FCD539997CCC}.Release|ARM.ActiveCfg = Release|Any CPU
		{320F62B4-02CB-4421-8F9B-FCD539997CCC}.Release|ARM.Build.0 = Release|Any CPU
		{320F62B4-02CB-4421-8F9B-FCD539997CCC}.Release|ARM.Deploy.0 = Release|Any CPU
		{320F62B4-02CB-4421-8F9B-FCD539997CCC}.Release|iPhone.ActiveCfg = Release|Any CPU
		{320F62B4-02CB-4421-8F9B-FCD539997CCC}.Release|iPhone.Build.0 = Release|Any CPU
		{320F62B4-02CB-4421-8F9B-FCD539997CCC}.Release|iPhone.Deploy.0 = Release|Any CPU
		{320F62B4-02CB-4421-8F9B-FCD539997CCC}.Release|iPhoneSimulator.ActiveCfg = Release|Any CPU
		{320F62B4-02CB-4421-8F9B-FCD539997CCC}.Release|iPhoneSimulator.Build.0 = Release|Any CPU
		{320F62B4-02CB-4421-8F9B-FCD539997CCC}.Release|iPhoneSimulator.Deploy.0 = Release|Any CPU
		{320F62B4-02CB-4421-8F9B-FCD539997CCC}.Release|x64.ActiveCfg = Release|Any CPU
		{320F62B4-02CB-4421-8F9B-FCD539997CCC}.Release|x64.Build.0 = Release|Any CPU
		{320F62B4-02CB-4421-8F9B-FCD539997CCC}.Release|x64.Deploy.0 = Release|Any CPU
		{320F62B4-02CB-4421-8F9B-FCD539997CCC}.Release|x86.ActiveCfg = Release|Any CPU
		{320F62B4-02CB-4421-8F9B-FCD539997CCC}.Release|x86.Build.0 = Release|Any CPU
		{320F62B4-02CB-4421-8F9B-FCD539997CCC}.Release|x86.Deploy.0 = Release|Any CPU
		{278ED964-11C8-498B-A03B-9C1E9DF2A9C1}.Debug|Any CPU.ActiveCfg = Debug|iPhone
		{278ED964-11C8-498B-A03B-9C1E9DF2A9C1}.Debug|Any CPU.Build.0 = Debug|iPhone
		{278ED964-11C8-498B-A03B-9C1E9DF2A9C1}.Debug|Any CPU.Deploy.0 = Debug|iPhone
		{278ED964-11C8-498B-A03B-9C1E9DF2A9C1}.Debug|ARM.ActiveCfg = Debug|iPhone
		{278ED964-11C8-498B-A03B-9C1E9DF2A9C1}.Debug|ARM.Build.0 = Debug|iPhone
		{278ED964-11C8-498B-A03B-9C1E9DF2A9C1}.Debug|ARM.Deploy.0 = Debug|iPhone
		{278ED964-11C8-498B-A03B-9C1E9DF2A9C1}.Debug|iPhone.ActiveCfg = Debug|iPhone
		{278ED964-11C8-498B-A03B-9C1E9DF2A9C1}.Debug|iPhone.Build.0 = Debug|iPhone
		{278ED964-11C8-498B-A03B-9C1E9DF2A9C1}.Debug|iPhone.Deploy.0 = Debug|iPhone
		{278ED964-11C8-498B-A03B-9C1E9DF2A9C1}.Debug|iPhoneSimulator.ActiveCfg = Debug|iPhoneSimulator
		{278ED964-11C8-498B-A03B-9C1E9DF2A9C1}.Debug|iPhoneSimulator.Build.0 = Debug|iPhoneSimulator
		{278ED964-11C8-498B-A03B-9C1E9DF2A9C1}.Debug|iPhoneSimulator.Deploy.0 = Debug|iPhoneSimulator
		{278ED964-11C8-498B-A03B-9C1E9DF2A9C1}.Debug|x64.ActiveCfg = Debug|iPhone
		{278ED964-11C8-498B-A03B-9C1E9DF2A9C1}.Debug|x64.Build.0 = Debug|iPhone
		{278ED964-11C8-498B-A03B-9C1E9DF2A9C1}.Debug|x64.Deploy.0 = Debug|iPhone
		{278ED964-11C8-498B-A03B-9C1E9DF2A9C1}.Debug|x86.ActiveCfg = Debug|iPhone
		{278ED964-11C8-498B-A03B-9C1E9DF2A9C1}.Debug|x86.Build.0 = Debug|iPhone
		{278ED964-11C8-498B-A03B-9C1E9DF2A9C1}.Debug|x86.Deploy.0 = Debug|iPhone
		{278ED964-11C8-498B-A03B-9C1E9DF2A9C1}.Release|Any CPU.ActiveCfg = Release|iPhone
		{278ED964-11C8-498B-A03B-9C1E9DF2A9C1}.Release|Any CPU.Build.0 = Release|iPhone
		{278ED964-11C8-498B-A03B-9C1E9DF2A9C1}.Release|Any CPU.Deploy.0 = Release|iPhone
		{278ED964-11C8-498B-A03B-9C1E9DF2A9C1}.Release|ARM.ActiveCfg = Release|iPhone
		{278ED964-11C8-498B-A03B-9C1E9DF2A9C1}.Release|ARM.Build.0 = Release|iPhone
		{278ED964-11C8-498B-A03B-9C1E9DF2A9C1}.Release|ARM.Deploy.0 = Release|iPhone
		{278ED964-11C8-498B-A03B-9C1E9DF2A9C1}.Release|iPhone.ActiveCfg = Release|iPhone
		{278ED964-11C8-498B-A03B-9C1E9DF2A9C1}.Release|iPhone.Build.0 = Release|iPhone
		{278ED964-11C8-498B-A03B-9C1E9DF2A9C1}.Release|iPhone.Deploy.0 = Release|iPhone
		{278ED964-11C8-498B-A03B-9C1E9DF2A9C1}.Release|iPhoneSimulator.ActiveCfg = Release|iPhoneSimulator
		{278ED964-11C8-498B-A03B-9C1E9DF2A9C1}.Release|iPhoneSimulator.Build.0 = Release|iPhoneSimulator
		{278ED964-11C8-498B-A03B-9C1E9DF2A9C1}.Release|iPhoneSimulator.Deploy.0 = Release|iPhoneSimulator
		{278ED964-11C8-498B-A03B-9C1E9DF2A9C1}.Release|x64.ActiveCfg = Release|iPhone
		{278ED964-11C8-498B-A03B-9C1E9DF2A9C1}.Release|x64.Build.0 = Release|iPhone
		{278ED964-11C8-498B-A03B-9C1E9DF2A9C1}.Release|x64.Deploy.0 = Release|iPhone
		{278ED964-11C8-498B-A03B-9C1E9DF2A9C1}.Release|x86.ActiveCfg = Release|iPhone
		{278ED964-11C8-498B-A03B-9C1E9DF2A9C1}.Release|x86.Build.0 = Release|iPhone
		{278ED964-11C8-498B-A03B-9C1E9DF2A9C1}.Release|x86.Deploy.0 = Release|iPhone
		{18AB5691-D2FE-4185-9B93-B1D9AA171860}.Debug|Any CPU.ActiveCfg = Debug|Any CPU
		{18AB5691-D2FE-4185-9B93-B1D9AA171860}.Debug|Any CPU.Build.0 = Debug|Any CPU
		{18AB5691-D2FE-4185-9B93-B1D9AA171860}.Debug|Any CPU.Deploy.0 = Debug|Any CPU
		{18AB5691-D2FE-4185-9B93-B1D9AA171860}.Debug|ARM.ActiveCfg = Debug|Any CPU
		{18AB5691-D2FE-4185-9B93-B1D9AA171860}.Debug|ARM.Build.0 = Debug|Any CPU
		{18AB5691-D2FE-4185-9B93-B1D9AA171860}.Debug|ARM.Deploy.0 = Debug|Any CPU
		{18AB5691-D2FE-4185-9B93-B1D9AA171860}.Debug|iPhone.ActiveCfg = Debug|Any CPU
		{18AB5691-D2FE-4185-9B93-B1D9AA171860}.Debug|iPhone.Build.0 = Debug|Any CPU
		{18AB5691-D2FE-4185-9B93-B1D9AA171860}.Debug|iPhone.Deploy.0 = Debug|Any CPU
		{18AB5691-D2FE-4185-9B93-B1D9AA171860}.Debug|iPhoneSimulator.ActiveCfg = Debug|Any CPU
		{18AB5691-D2FE-4185-9B93-B1D9AA171860}.Debug|iPhoneSimulator.Build.0 = Debug|Any CPU
		{18AB5691-D2FE-4185-9B93-B1D9AA171860}.Debug|iPhoneSimulator.Deploy.0 = Debug|Any CPU
		{18AB5691-D2FE-4185-9B93-B1D9AA171860}.Debug|x64.ActiveCfg = Debug|Any CPU
		{18AB5691-D2FE-4185-9B93-B1D9AA171860}.Debug|x64.Build.0 = Debug|Any CPU
		{18AB5691-D2FE-4185-9B93-B1D9AA171860}.Debug|x64.Deploy.0 = Debug|Any CPU
		{18AB5691-D2FE-4185-9B93-B1D9AA171860}.Debug|x86.ActiveCfg = Debug|Any CPU
		{18AB5691-D2FE-4185-9B93-B1D9AA171860}.Debug|x86.Build.0 = Debug|Any CPU
		{18AB5691-D2FE-4185-9B93-B1D9AA171860}.Debug|x86.Deploy.0 = Debug|Any CPU
		{18AB5691-D2FE-4185-9B93-B1D9AA171860}.Release|Any CPU.ActiveCfg = Release|Any CPU
		{18AB5691-D2FE-4185-9B93-B1D9AA171860}.Release|Any CPU.Build.0 = Release|Any CPU
		{18AB5691-D2FE-4185-9B93-B1D9AA171860}.Release|Any CPU.Deploy.0 = Release|Any CPU
		{18AB5691-D2FE-4185-9B93-B1D9AA171860}.Release|ARM.ActiveCfg = Release|Any CPU
		{18AB5691-D2FE-4185-9B93-B1D9AA171860}.Release|ARM.Build.0 = Release|Any CPU
		{18AB5691-D2FE-4185-9B93-B1D9AA171860}.Release|ARM.Deploy.0 = Release|Any CPU
		{18AB5691-D2FE-4185-9B93-B1D9AA171860}.Release|iPhone.ActiveCfg = Release|Any CPU
		{18AB5691-D2FE-4185-9B93-B1D9AA171860}.Release|iPhone.Build.0 = Release|Any CPU
		{18AB5691-D2FE-4185-9B93-B1D9AA171860}.Release|iPhone.Deploy.0 = Release|Any CPU
		{18AB5691-D2FE-4185-9B93-B1D9AA171860}.Release|iPhoneSimulator.ActiveCfg = Release|Any CPU
		{18AB5691-D2FE-4185-9B93-B1D9AA171860}.Release|iPhoneSimulator.Build.0 = Release|Any CPU
		{18AB5691-D2FE-4185-9B93-B1D9AA171860}.Release|iPhoneSimulator.Deploy.0 = Release|Any CPU
		{18AB5691-D2FE-4185-9B93-B1D9AA171860}.Release|x64.ActiveCfg = Release|Any CPU
		{18AB5691-D2FE-4185-9B93-B1D9AA171860}.Release|x64.Build.0 = Release|Any CPU
		{18AB5691-D2FE-4185-9B93-B1D9AA171860}.Release|x64.Deploy.0 = Release|Any CPU
		{18AB5691-D2FE-4185-9B93-B1D9AA171860}.Release|x86.ActiveCfg = Release|Any CPU
		{18AB5691-D2FE-4185-9B93-B1D9AA171860}.Release|x86.Build.0 = Release|Any CPU
		{18AB5691-D2FE-4185-9B93-B1D9AA171860}.Release|x86.Deploy.0 = Release|Any CPU
	EndGlobalSection
	GlobalSection(SolutionProperties) = preSolution
		HideSolutionNode = FALSE
	EndGlobalSection
	GlobalSection(ExtensibilityGlobals) = postSolution
		SolutionGuid = {B316322B-5817-42F5-AE5A-DB1E51598CFD}
	EndGlobalSection
EndGlobal
