
Microsoft Visual Studio Solution File, Format Version 12.00
# Visual Studio Version 16
VisualStudioVersion = 16.0.30413.136
MinimumVisualStudioVersion = 10.0.40219.1
Project("{FAE04EC0-301F-11D3-BF4B-00C04F79EFBC}") = "ImageTap.UWP", "ImageTap\ImageTap.UWP\ImageTap.UWP.csproj", "{0144DFC7-DACA-4518-8965-74FFEA2C421B}"
EndProject
Project("{FAE04EC0-301F-11D3-BF4B-00C04F79EFBC}") = "ImageTap.Android", "ImageTap\ImageTap.Android\ImageTap.Android.csproj", "{26D56850-9D41-4777-97EB-E4953F223E34}"
EndProject
Project("{FAE04EC0-301F-11D3-BF4B-00C04F79EFBC}") = "ImageTap.iOS", "ImageTap\ImageTap.iOS\ImageTap.iOS.csproj", "{546FD60E-069D-47B4-9713-18E9F51176A5}"
EndProject
Project("{FAE04EC0-301F-11D3-BF4B-00C04F79EFBC}") = "ImageTap", "ImageTap\ImageTap\ImageTap.csproj", "{A8D00F94-ABB1-44D9-AE4B-51B50D8D0CC2}"
EndProject
Global
	GlobalSection(SolutionConfigurationPlatforms) = preSolution
		Debug|Any CPU = Debug|Any CPU
		Debug|ARM = Debug|ARM
		Debug|iPhone = Debug|iPhone
		Debug|iPhoneSimulator = Debug|iPhoneSimulator
		Debug|x64 = Debug|x64
		Debug|x86 = Debug|x86
		Release|Any CPU = Release|Any CPU
		Release|ARM = Release|ARM
		Release|iPhone = Release|iPhone
		Release|iPhoneSimulator = Release|iPhoneSimulator
		Release|x64 = Release|x64
		Release|x86 = Release|x86
	EndGlobalSection
	GlobalSection(ProjectConfigurationPlatforms) = postSolution
		{0144DFC7-DACA-4518-8965-74FFEA2C421B}.Debug|Any CPU.ActiveCfg = Debug|x86
		{0144DFC7-DACA-4518-8965-74FFEA2C421B}.Debug|Any CPU.Build.0 = Debug|x86
		{0144DFC7-DACA-4518-8965-74FFEA2C421B}.Debug|Any CPU.Deploy.0 = Debug|x86
		{0144DFC7-DACA-4518-8965-74FFEA2C421B}.Debug|ARM.ActiveCfg = Debug|ARM
		{0144DFC7-DACA-4518-8965-74FFEA2C421B}.Debug|ARM.Build.0 = Debug|ARM
		{0144DFC7-DACA-4518-8965-74FFEA2C421B}.Debug|ARM.Deploy.0 = Debug|ARM
		{0144DFC7-DACA-4518-8965-74FFEA2C421B}.Debug|iPhone.ActiveCfg = Debug|x86
		{0144DFC7-DACA-4518-8965-74FFEA2C421B}.Debug|iPhone.Build.0 = Debug|x86
		{0144DFC7-DACA-4518-8965-74FFEA2C421B}.Debug|iPhone.Deploy.0 = Debug|x86
		{0144DFC7-DACA-4518-8965-74FFEA2C421B}.Debug|iPhoneSimulator.ActiveCfg = Debug|x86
		{0144DFC7-DACA-4518-8965-74FFEA2C421B}.Debug|iPhoneSimulator.Build.0 = Debug|x86
		{0144DFC7-DACA-4518-8965-74FFEA2C421B}.Debug|iPhoneSimulator.Deploy.0 = Debug|x86
		{0144DFC7-DACA-4518-8965-74FFEA2C421B}.Debug|x64.ActiveCfg = Debug|x64
		{0144DFC7-DACA-4518-8965-74FFEA2C421B}.Debug|x64.Build.0 = Debug|x64
		{0144DFC7-DACA-4518-8965-74FFEA2C421B}.Debug|x64.Deploy.0 = Debug|x64
		{0144DFC7-DACA-4518-8965-74FFEA2C421B}.Debug|x86.ActiveCfg = Debug|x86
		{0144DFC7-DACA-4518-8965-74FFEA2C421B}.Debug|x86.Build.0 = Debug|x86
		{0144DFC7-DACA-4518-8965-74FFEA2C421B}.Debug|x86.Deploy.0 = Debug|x86
		{0144DFC7-DACA-4518-8965-74FFEA2C421B}.Release|Any CPU.ActiveCfg = Release|x86
		{0144DFC7-DACA-4518-8965-74FFEA2C421B}.Release|Any CPU.Build.0 = Release|x86
		{0144DFC7-DACA-4518-8965-74FFEA2C421B}.Release|Any CPU.Deploy.0 = Release|x86
		{0144DFC7-DACA-4518-8965-74FFEA2C421B}.Release|ARM.ActiveCfg = Release|ARM
		{0144DFC7-DACA-4518-8965-74FFEA2C421B}.Release|ARM.Build.0 = Release|ARM
		{0144DFC7-DACA-4518-8965-74FFEA2C421B}.Release|ARM.Deploy.0 = Release|ARM
		{0144DFC7-DACA-4518-8965-74FFEA2C421B}.Release|iPhone.ActiveCfg = Release|x86
		{0144DFC7-DACA-4518-8965-74FFEA2C421B}.Release|iPhone.Build.0 = Release|x86
		{0144DFC7-DACA-4518-8965-74FFEA2C421B}.Release|iPhone.Deploy.0 = Release|x86
		{0144DFC7-DACA-4518-8965-74FFEA2C421B}.Release|iPhoneSimulator.ActiveCfg = Release|x86
		{0144DFC7-DACA-4518-8965-74FFEA2C421B}.Release|iPhoneSimulator.Build.0 = Release|x86
		{0144DFC7-DACA-4518-8965-74FFEA2C421B}.Release|iPhoneSimulator.Deploy.0 = Release|x86
		{0144DFC7-DACA-4518-8965-74FFEA2C421B}.Release|x64.ActiveCfg = Release|x64
		{0144DFC7-DACA-4518-8965-74FFEA2C421B}.Release|x64.Build.0 = Release|x64
		{0144DFC7-DACA-4518-8965-74FFEA2C421B}.Release|x64.Deploy.0 = Release|x64
		{0144DFC7-DACA-4518-8965-74FFEA2C421B}.Release|x86.ActiveCfg = Release|x86
		{0144DFC7-DACA-4518-8965-74FFEA2C421B}.Release|x86.Build.0 = Release|x86
		{0144DFC7-DACA-4518-8965-74FFEA2C421B}.Release|x86.Deploy.0 = Release|x86
		{26D56850-9D41-4777-97EB-E4953F223E34}.Debug|Any CPU.ActiveCfg = Debug|Any CPU
		{26D56850-9D41-4777-97EB-E4953F223E34}.Debug|Any CPU.Build.0 = Debug|Any CPU
		{26D56850-9D41-4777-97EB-E4953F223E34}.Debug|Any CPU.Deploy.0 = Debug|Any CPU
		{26D56850-9D41-4777-97EB-E4953F223E34}.Debug|ARM.ActiveCfg = Debug|Any CPU
		{26D56850-9D41-4777-97EB-E4953F223E34}.Debug|ARM.Build.0 = Debug|Any CPU
		{26D56850-9D41-4777-97EB-E4953F223E34}.Debug|ARM.Deploy.0 = Debug|Any CPU
		{26D56850-9D41-4777-97EB-E4953F223E34}.Debug|iPhone.ActiveCfg = Debug|Any CPU
		{26D56850-9D41-4777-97EB-E4953F223E34}.Debug|iPhone.Build.0 = Debug|Any CPU
		{26D56850-9D41-4777-97EB-E4953F223E34}.Debug|iPhone.Deploy.0 = Debug|Any CPU
		{26D56850-9D41-4777-97EB-E4953F223E34}.Debug|iPhoneSimulator.ActiveCfg = Debug|Any CPU
		{26D56850-9D41-4777-97EB-E4953F223E34}.Debug|iPhoneSimulator.Build.0 = Debug|Any CPU
		{26D56850-9D41-4777-97EB-E4953F223E34}.Debug|iPhoneSimulator.Deploy.0 = Debug|Any CPU
		{26D56850-9D41-4777-97EB-E4953F223E34}.Debug|x64.ActiveCfg = Debug|Any CPU
		{26D56850-9D41-4777-97EB-E4953F223E34}.Debug|x64.Build.0 = Debug|Any CPU
		{26D56850-9D41-4777-97EB-E4953F223E34}.Debug|x64.Deploy.0 = Debug|Any CPU
		{26D56850-9D41-4777-97EB-E4953F223E34}.Debug|x86.ActiveCfg = Debug|Any CPU
		{26D56850-9D41-4777-97EB-E4953F223E34}.Debug|x86.Build.0 = Debug|Any CPU
		{26D56850-9D41-4777-97EB-E4953F223E34}.Debug|x86.Deploy.0 = Debug|Any CPU
		{26D56850-9D41-4777-97EB-E4953F223E34}.Release|Any CPU.ActiveCfg = Release|Any CPU
		{26D56850-9D41-4777-97EB-E4953F223E34}.Release|Any CPU.Build.0 = Release|Any CPU
		{26D56850-9D41-4777-97EB-E4953F223E34}.Release|Any CPU.Deploy.0 = Release|Any CPU
		{26D56850-9D41-4777-97EB-E4953F223E34}.Release|ARM.ActiveCfg = Release|Any CPU
		{26D56850-9D41-4777-97EB-E4953F223E34}.Release|ARM.Build.0 = Release|Any CPU
		{26D56850-9D41-4777-97EB-E4953F223E34}.Release|ARM.Deploy.0 = Release|Any CPU
		{26D56850-9D41-4777-97EB-E4953F223E34}.Release|iPhone.ActiveCfg = Release|Any CPU
		{26D56850-9D41-4777-97EB-E4953F223E34}.Release|iPhone.Build.0 = Release|Any CPU
		{26D56850-9D41-4777-97EB-E4953F223E34}.Release|iPhone.Deploy.0 = Release|Any CPU
		{26D56850-9D41-4777-97EB-E4953F223E34}.Release|iPhoneSimulator.ActiveCfg = Release|Any CPU
		{26D56850-9D41-4777-97EB-E4953F223E34}.Release|iPhoneSimulator.Build.0 = Release|Any CPU
		{26D56850-9D41-4777-97EB-E4953F223E34}.Release|iPhoneSimulator.Deploy.0 = Release|Any CPU
		{26D56850-9D41-4777-97EB-E4953F223E34}.Release|x64.ActiveCfg = Release|Any CPU
		{26D56850-9D41-4777-97EB-E4953F223E34}.Release|x64.Build.0 = Release|Any CPU
		{26D56850-9D41-4777-97EB-E4953F223E34}.Release|x64.Deploy.0 = Release|Any CPU
		{26D56850-9D41-4777-97EB-E4953F223E34}.Release|x86.ActiveCfg = Release|Any CPU
		{26D56850-9D41-4777-97EB-E4953F223E34}.Release|x86.Build.0 = Release|Any CPU
		{26D56850-9D41-4777-97EB-E4953F223E34}.Release|x86.Deploy.0 = Release|Any CPU
		{546FD60E-069D-47B4-9713-18E9F51176A5}.Debug|Any CPU.ActiveCfg = Debug|iPhone
		{546FD60E-069D-47B4-9713-18E9F51176A5}.Debug|Any CPU.Build.0 = Debug|iPhone
		{546FD60E-069D-47B4-9713-18E9F51176A5}.Debug|Any CPU.Deploy.0 = Debug|iPhone
		{546FD60E-069D-47B4-9713-18E9F51176A5}.Debug|ARM.ActiveCfg = Debug|iPhone
		{546FD60E-069D-47B4-9713-18E9F51176A5}.Debug|ARM.Build.0 = Debug|iPhone
		{546FD60E-069D-47B4-9713-18E9F51176A5}.Debug|ARM.Deploy.0 = Debug|iPhone
		{546FD60E-069D-47B4-9713-18E9F51176A5}.Debug|iPhone.ActiveCfg = Debug|iPhone
		{546FD60E-069D-47B4-9713-18E9F51176A5}.Debug|iPhone.Build.0 = Debug|iPhone
		{546FD60E-069D-47B4-9713-18E9F51176A5}.Debug|iPhone.Deploy.0 = Debug|iPhone
		{546FD60E-069D-47B4-9713-18E9F51176A5}.Debug|iPhoneSimulator.ActiveCfg = Debug|iPhoneSimulator
		{546FD60E-069D-47B4-9713-18E9F51176A5}.Debug|iPhoneSimulator.Build.0 = Debug|iPhoneSimulator
		{546FD60E-069D-47B4-9713-18E9F51176A5}.Debug|iPhoneSimulator.Deploy.0 = Debug|iPhoneSimulator
		{546FD60E-069D-47B4-9713-18E9F51176A5}.Debug|x64.ActiveCfg = Debug|iPhone
		{546FD60E-069D-47B4-9713-18E9F51176A5}.Debug|x64.Build.0 = Debug|iPhone
		{546FD60E-069D-47B4-9713-18E9F51176A5}.Debug|x64.Deploy.0 = Debug|iPhone
		{546FD60E-069D-47B4-9713-18E9F51176A5}.Debug|x86.ActiveCfg = Debug|iPhone
		{546FD60E-069D-47B4-9713-18E9F51176A5}.Debug|x86.Build.0 = Debug|iPhone
		{546FD60E-069D-47B4-9713-18E9F51176A5}.Debug|x86.Deploy.0 = Debug|iPhone
		{546FD60E-069D-47B4-9713-18E9F51176A5}.Release|Any CPU.ActiveCfg = Release|iPhone
		{546FD60E-069D-47B4-9713-18E9F51176A5}.Release|Any CPU.Build.0 = Release|iPhone
		{546FD60E-069D-47B4-9713-18E9F51176A5}.Release|Any CPU.Deploy.0 = Release|iPhone
		{546FD60E-069D-47B4-9713-18E9F51176A5}.Release|ARM.ActiveCfg = Release|iPhone
		{546FD60E-069D-47B4-9713-18E9F51176A5}.Release|ARM.Build.0 = Release|iPhone
		{546FD60E-069D-47B4-9713-18E9F51176A5}.Release|ARM.Deploy.0 = Release|iPhone
		{546FD60E-069D-47B4-9713-18E9F51176A5}.Release|iPhone.ActiveCfg = Release|iPhone
		{546FD60E-069D-47B4-9713-18E9F51176A5}.Release|iPhone.Build.0 = Release|iPhone
		{546FD60E-069D-47B4-9713-18E9F51176A5}.Release|iPhone.Deploy.0 = Release|iPhone
		{546FD60E-069D-47B4-9713-18E9F51176A5}.Release|iPhoneSimulator.ActiveCfg = Release|iPhoneSimulator
		{546FD60E-069D-47B4-9713-18E9F51176A5}.Release|iPhoneSimulator.Build.0 = Release|iPhoneSimulator
		{546FD60E-069D-47B4-9713-18E9F51176A5}.Release|iPhoneSimulator.Deploy.0 = Release|iPhoneSimulator
		{546FD60E-069D-47B4-9713-18E9F51176A5}.Release|x64.ActiveCfg = Release|iPhone
		{546FD60E-069D-47B4-9713-18E9F51176A5}.Release|x64.Build.0 = Release|iPhone
		{546FD60E-069D-47B4-9713-18E9F51176A5}.Release|x64.Deploy.0 = Release|iPhone
		{546FD60E-069D-47B4-9713-18E9F51176A5}.Release|x86.ActiveCfg = Release|iPhone
		{546FD60E-069D-47B4-9713-18E9F51176A5}.Release|x86.Build.0 = Release|iPhone
		{546FD60E-069D-47B4-9713-18E9F51176A5}.Release|x86.Deploy.0 = Release|iPhone
		{A8D00F94-ABB1-44D9-AE4B-51B50D8D0CC2}.Debug|Any CPU.ActiveCfg = Debug|Any CPU
		{A8D00F94-ABB1-44D9-AE4B-51B50D8D0CC2}.Debug|Any CPU.Build.0 = Debug|Any CPU
		{A8D00F94-ABB1-44D9-AE4B-51B50D8D0CC2}.Debug|Any CPU.Deploy.0 = Debug|Any CPU
		{A8D00F94-ABB1-44D9-AE4B-51B50D8D0CC2}.Debug|ARM.ActiveCfg = Debug|Any CPU
		{A8D00F94-ABB1-44D9-AE4B-51B50D8D0CC2}.Debug|ARM.Build.0 = Debug|Any CPU
		{A8D00F94-ABB1-44D9-AE4B-51B50D8D0CC2}.Debug|ARM.Deploy.0 = Debug|Any CPU
		{A8D00F94-ABB1-44D9-AE4B-51B50D8D0CC2}.Debug|iPhone.ActiveCfg = Debug|Any CPU
		{A8D00F94-ABB1-44D9-AE4B-51B50D8D0CC2}.Debug|iPhone.Build.0 = Debug|Any CPU
		{A8D00F94-ABB1-44D9-AE4B-51B50D8D0CC2}.Debug|iPhone.Deploy.0 = Debug|Any CPU
		{A8D00F94-ABB1-44D9-AE4B-51B50D8D0CC2}.Debug|iPhoneSimulator.ActiveCfg = Debug|Any CPU
		{A8D00F94-ABB1-44D9-AE4B-51B50D8D0CC2}.Debug|iPhoneSimulator.Build.0 = Debug|Any CPU
		{A8D00F94-ABB1-44D9-AE4B-51B50D8D0CC2}.Debug|iPhoneSimulator.Deploy.0 = Debug|Any CPU
		{A8D00F94-ABB1-44D9-AE4B-51B50D8D0CC2}.Debug|x64.ActiveCfg = Debug|Any CPU
		{A8D00F94-ABB1-44D9-AE4B-51B50D8D0CC2}.Debug|x64.Build.0 = Debug|Any CPU
		{A8D00F94-ABB1-44D9-AE4B-51B50D8D0CC2}.Debug|x64.Deploy.0 = Debug|Any CPU
		{A8D00F94-ABB1-44D9-AE4B-51B50D8D0CC2}.Debug|x86.ActiveCfg = Debug|Any CPU
		{A8D00F94-ABB1-44D9-AE4B-51B50D8D0CC2}.Debug|x86.Build.0 = Debug|Any CPU
		{A8D00F94-ABB1-44D9-AE4B-51B50D8D0CC2}.Debug|x86.Deploy.0 = Debug|Any CPU
		{A8D00F94-ABB1-44D9-AE4B-51B50D8D0CC2}.Release|Any CPU.ActiveCfg = Release|Any CPU
		{A8D00F94-ABB1-44D9-AE4B-51B50D8D0CC2}.Release|Any CPU.Build.0 = Release|Any CPU
		{A8D00F94-ABB1-44D9-AE4B-51B50D8D0CC2}.Release|Any CPU.Deploy.0 = Release|Any CPU
		{A8D00F94-ABB1-44D9-AE4B-51B50D8D0CC2}.Release|ARM.ActiveCfg = Release|Any CPU
		{A8D00F94-ABB1-44D9-AE4B-51B50D8D0CC2}.Release|ARM.Build.0 = Release|Any CPU
		{A8D00F94-ABB1-44D9-AE4B-51B50D8D0CC2}.Release|ARM.Deploy.0 = Release|Any CPU
		{A8D00F94-ABB1-44D9-AE4B-51B50D8D0CC2}.Release|iPhone.ActiveCfg = Release|Any CPU
		{A8D00F94-ABB1-44D9-AE4B-51B50D8D0CC2}.Release|iPhone.Build.0 = Release|Any CPU
		{A8D00F94-ABB1-44D9-AE4B-51B50D8D0CC2}.Release|iPhone.Deploy.0 = Release|Any CPU
		{A8D00F94-ABB1-44D9-AE4B-51B50D8D0CC2}.Release|iPhoneSimulator.ActiveCfg = Release|Any CPU
		{A8D00F94-ABB1-44D9-AE4B-51B50D8D0CC2}.Release|iPhoneSimulator.Build.0 = Release|Any CPU
		{A8D00F94-ABB1-44D9-AE4B-51B50D8D0CC2}.Release|iPhoneSimulator.Deploy.0 = Release|Any CPU
		{A8D00F94-ABB1-44D9-AE4B-51B50D8D0CC2}.Release|x64.ActiveCfg = Release|Any CPU
		{A8D00F94-ABB1-44D9-AE4B-51B50D8D0CC2}.Release|x64.Build.0 = Release|Any CPU
		{A8D00F94-ABB1-44D9-AE4B-51B50D8D0CC2}.Release|x64.Deploy.0 = Release|Any CPU
		{A8D00F94-ABB1-44D9-AE4B-51B50D8D0CC2}.Release|x86.ActiveCfg = Release|Any CPU
		{A8D00F94-ABB1-44D9-AE4B-51B50D8D0CC2}.Release|x86.Build.0 = Release|Any CPU
		{A8D00F94-ABB1-44D9-AE4B-51B50D8D0CC2}.Release|x86.Deploy.0 = Release|Any CPU
	EndGlobalSection
	GlobalSection(SolutionProperties) = preSolution
		HideSolutionNode = FALSE
	EndGlobalSection
	GlobalSection(ExtensibilityGlobals) = postSolution
		SolutionGuid = {CC6466CD-2998-4AE9-BDF1-EE1D73208053}
	EndGlobalSection
EndGlobal
