
Microsoft Visual Studio Solution File, Format Version 12.00
# Visual Studio 15
VisualStudioVersion = 15.0.28307.421
MinimumVisualStudioVersion = 10.0.40219.1
Project("{FAE04EC0-301F-11D3-BF4B-00C04F79EFBC}") = "ColorList.Android", "ColorList\ColorList.Android\ColorList.Android.csproj", "{285E1534-98C7-4663-8994-8D5C2D2396E5}"
EndProject
Project("{FAE04EC0-301F-11D3-BF4B-00C04F79EFBC}") = "ColorList.iOS", "ColorList\ColorList.iOS\ColorList.iOS.csproj", "{CC11AC60-1125-4F2C-9B74-2D5642AB3DB7}"
EndProject
Project("{FAE04EC0-301F-11D3-BF4B-00C04F79EFBC}") = "ColorList.UWP", "ColorList\ColorList.UWP\ColorList.UWP.csproj", "{82FB6E23-E888-4667-B379-2E2D86794F6B}"
EndProject
Project("{FAE04EC0-301F-11D3-BF4B-00C04F79EFBC}") = "ColorList", "ColorList\ColorList\ColorList.csproj", "{95B15661-90CF-4739-AA3D-A45E16DE60B1}"
EndProject
Global
	GlobalSection(SolutionConfigurationPlatforms) = preSolution
		Ad-Hoc|Any CPU = Ad-Hoc|Any CPU
		Ad-Hoc|ARM = Ad-Hoc|ARM
		Ad-Hoc|iPhone = Ad-Hoc|iPhone
		Ad-Hoc|iPhoneSimulator = Ad-Hoc|iPhoneSimulator
		Ad-Hoc|x64 = Ad-Hoc|x64
		Ad-Hoc|x86 = Ad-Hoc|x86
		AppStore|Any CPU = AppStore|Any CPU
		AppStore|ARM = AppStore|ARM
		AppStore|iPhone = AppStore|iPhone
		AppStore|iPhoneSimulator = AppStore|iPhoneSimulator
		AppStore|x64 = AppStore|x64
		AppStore|x86 = AppStore|x86
		Debug|Any CPU = Debug|Any CPU
		Debug|ARM = Debug|ARM
		Debug|iPhone = Debug|iPhone
		Debug|iPhoneSimulator = Debug|iPhoneSimulator
		Debug|x64 = Debug|x64
		Debug|x86 = Debug|x86
		Release|Any CPU = Release|Any CPU
		Release|ARM = Release|ARM
		Release|iPhone = Release|iPhone
		Release|iPhoneSimulator = Release|iPhoneSimulator
		Release|x64 = Release|x64
		Release|x86 = Release|x86
	EndGlobalSection
	GlobalSection(ProjectConfigurationPlatforms) = postSolution
		{285E1534-98C7-4663-8994-8D5C2D2396E5}.Ad-Hoc|Any CPU.ActiveCfg = Release|Any CPU
		{285E1534-98C7-4663-8994-8D5C2D2396E5}.Ad-Hoc|Any CPU.Build.0 = Release|Any CPU
		{285E1534-98C7-4663-8994-8D5C2D2396E5}.Ad-Hoc|Any CPU.Deploy.0 = Release|Any CPU
		{285E1534-98C7-4663-8994-8D5C2D2396E5}.Ad-Hoc|ARM.ActiveCfg = Release|Any CPU
		{285E1534-98C7-4663-8994-8D5C2D2396E5}.Ad-Hoc|ARM.Build.0 = Release|Any CPU
		{285E1534-98C7-4663-8994-8D5C2D2396E5}.Ad-Hoc|ARM.Deploy.0 = Release|Any CPU
		{285E1534-98C7-4663-8994-8D5C2D2396E5}.Ad-Hoc|iPhone.ActiveCfg = Release|Any CPU
		{285E1534-98C7-4663-8994-8D5C2D2396E5}.Ad-Hoc|iPhone.Build.0 = Release|Any CPU
		{285E1534-98C7-4663-8994-8D5C2D2396E5}.Ad-Hoc|iPhone.Deploy.0 = Release|Any CPU
		{285E1534-98C7-4663-8994-8D5C2D2396E5}.Ad-Hoc|iPhoneSimulator.ActiveCfg = Release|Any CPU
		{285E1534-98C7-4663-8994-8D5C2D2396E5}.Ad-Hoc|iPhoneSimulator.Build.0 = Release|Any CPU
		{285E1534-98C7-4663-8994-8D5C2D2396E5}.Ad-Hoc|iPhoneSimulator.Deploy.0 = Release|Any CPU
		{285E1534-98C7-4663-8994-8D5C2D2396E5}.Ad-Hoc|x64.ActiveCfg = Release|Any CPU
		{285E1534-98C7-4663-8994-8D5C2D2396E5}.Ad-Hoc|x64.Build.0 = Release|Any CPU
		{285E1534-98C7-4663-8994-8D5C2D2396E5}.Ad-Hoc|x64.Deploy.0 = Release|Any CPU
		{285E1534-98C7-4663-8994-8D5C2D2396E5}.Ad-Hoc|x86.ActiveCfg = Release|Any CPU
		{285E1534-98C7-4663-8994-8D5C2D2396E5}.Ad-Hoc|x86.Build.0 = Release|Any CPU
		{285E1534-98C7-4663-8994-8D5C2D2396E5}.Ad-Hoc|x86.Deploy.0 = Release|Any CPU
		{285E1534-98C7-4663-8994-8D5C2D2396E5}.AppStore|Any CPU.ActiveCfg = Release|Any CPU
		{285E1534-98C7-4663-8994-8D5C2D2396E5}.AppStore|Any CPU.Build.0 = Release|Any CPU
		{285E1534-98C7-4663-8994-8D5C2D2396E5}.AppStore|Any CPU.Deploy.0 = Release|Any CPU
		{285E1534-98C7-4663-8994-8D5C2D2396E5}.AppStore|ARM.ActiveCfg = Release|Any CPU
		{285E1534-98C7-4663-8994-8D5C2D2396E5}.AppStore|ARM.Build.0 = Release|Any CPU
		{285E1534-98C7-4663-8994-8D5C2D2396E5}.AppStore|ARM.Deploy.0 = Release|Any CPU
		{285E1534-98C7-4663-8994-8D5C2D2396E5}.AppStore|iPhone.ActiveCfg = Release|Any CPU
		{285E1534-98C7-4663-8994-8D5C2D2396E5}.AppStore|iPhone.Build.0 = Release|Any CPU
		{285E1534-98C7-4663-8994-8D5C2D2396E5}.AppStore|iPhone.Deploy.0 = Release|Any CPU
		{285E1534-98C7-4663-8994-8D5C2D2396E5}.AppStore|iPhoneSimulator.ActiveCfg = Release|Any CPU
		{285E1534-98C7-4663-8994-8D5C2D2396E5}.AppStore|iPhoneSimulator.Build.0 = Release|Any CPU
		{285E1534-98C7-4663-8994-8D5C2D2396E5}.AppStore|iPhoneSimulator.Deploy.0 = Release|Any CPU
		{285E1534-98C7-4663-8994-8D5C2D2396E5}.AppStore|x64.ActiveCfg = Release|Any CPU
		{285E1534-98C7-4663-8994-8D5C2D2396E5}.AppStore|x64.Build.0 = Release|Any CPU
		{285E1534-98C7-4663-8994-8D5C2D2396E5}.AppStore|x64.Deploy.0 = Release|Any CPU
		{285E1534-98C7-4663-8994-8D5C2D2396E5}.AppStore|x86.ActiveCfg = Release|Any CPU
		{285E1534-98C7-4663-8994-8D5C2D2396E5}.AppStore|x86.Build.0 = Release|Any CPU
		{285E1534-98C7-4663-8994-8D5C2D2396E5}.AppStore|x86.Deploy.0 = Release|Any CPU
		{285E1534-98C7-4663-8994-8D5C2D2396E5}.Debug|Any CPU.ActiveCfg = Debug|Any CPU
		{285E1534-98C7-4663-8994-8D5C2D2396E5}.Debug|Any CPU.Build.0 = Debug|Any CPU
		{285E1534-98C7-4663-8994-8D5C2D2396E5}.Debug|Any CPU.Deploy.0 = Debug|Any CPU
		{285E1534-98C7-4663-8994-8D5C2D2396E5}.Debug|ARM.ActiveCfg = Debug|Any CPU
		{285E1534-98C7-4663-8994-8D5C2D2396E5}.Debug|ARM.Build.0 = Debug|Any CPU
		{285E1534-98C7-4663-8994-8D5C2D2396E5}.Debug|ARM.Deploy.0 = Debug|Any CPU
		{285E1534-98C7-4663-8994-8D5C2D2396E5}.Debug|iPhone.ActiveCfg = Debug|Any CPU
		{285E1534-98C7-4663-8994-8D5C2D2396E5}.Debug|iPhone.Build.0 = Debug|Any CPU
		{285E1534-98C7-4663-8994-8D5C2D2396E5}.Debug|iPhone.Deploy.0 = Debug|Any CPU
		{285E1534-98C7-4663-8994-8D5C2D2396E5}.Debug|iPhoneSimulator.ActiveCfg = Debug|Any CPU
		{285E1534-98C7-4663-8994-8D5C2D2396E5}.Debug|iPhoneSimulator.Build.0 = Debug|Any CPU
		{285E1534-98C7-4663-8994-8D5C2D2396E5}.Debug|iPhoneSimulator.Deploy.0 = Debug|Any CPU
		{285E1534-98C7-4663-8994-8D5C2D2396E5}.Debug|x64.ActiveCfg = Debug|Any CPU
		{285E1534-98C7-4663-8994-8D5C2D2396E5}.Debug|x64.Build.0 = Debug|Any CPU
		{285E1534-98C7-4663-8994-8D5C2D2396E5}.Debug|x64.Deploy.0 = Debug|Any CPU
		{285E1534-98C7-4663-8994-8D5C2D2396E5}.Debug|x86.ActiveCfg = Debug|Any CPU
		{285E1534-98C7-4663-8994-8D5C2D2396E5}.Debug|x86.Build.0 = Debug|Any CPU
		{285E1534-98C7-4663-8994-8D5C2D2396E5}.Debug|x86.Deploy.0 = Debug|Any CPU
		{285E1534-98C7-4663-8994-8D5C2D2396E5}.Release|Any CPU.ActiveCfg = Release|Any CPU
		{285E1534-98C7-4663-8994-8D5C2D2396E5}.Release|Any CPU.Build.0 = Release|Any CPU
		{285E1534-98C7-4663-8994-8D5C2D2396E5}.Release|Any CPU.Deploy.0 = Release|Any CPU
		{285E1534-98C7-4663-8994-8D5C2D2396E5}.Release|ARM.ActiveCfg = Release|Any CPU
		{285E1534-98C7-4663-8994-8D5C2D2396E5}.Release|ARM.Build.0 = Release|Any CPU
		{285E1534-98C7-4663-8994-8D5C2D2396E5}.Release|ARM.Deploy.0 = Release|Any CPU
		{285E1534-98C7-4663-8994-8D5C2D2396E5}.Release|iPhone.ActiveCfg = Release|Any CPU
		{285E1534-98C7-4663-8994-8D5C2D2396E5}.Release|iPhone.Build.0 = Release|Any CPU
		{285E1534-98C7-4663-8994-8D5C2D2396E5}.Release|iPhone.Deploy.0 = Release|Any CPU
		{285E1534-98C7-4663-8994-8D5C2D2396E5}.Release|iPhoneSimulator.ActiveCfg = Release|Any CPU
		{285E1534-98C7-4663-8994-8D5C2D2396E5}.Release|iPhoneSimulator.Build.0 = Release|Any CPU
		{285E1534-98C7-4663-8994-8D5C2D2396E5}.Release|iPhoneSimulator.Deploy.0 = Release|Any CPU
		{285E1534-98C7-4663-8994-8D5C2D2396E5}.Release|x64.ActiveCfg = Release|Any CPU
		{285E1534-98C7-4663-8994-8D5C2D2396E5}.Release|x64.Build.0 = Release|Any CPU
		{285E1534-98C7-4663-8994-8D5C2D2396E5}.Release|x64.Deploy.0 = Release|Any CPU
		{285E1534-98C7-4663-8994-8D5C2D2396E5}.Release|x86.ActiveCfg = Release|Any CPU
		{285E1534-98C7-4663-8994-8D5C2D2396E5}.Release|x86.Build.0 = Release|Any CPU
		{285E1534-98C7-4663-8994-8D5C2D2396E5}.Release|x86.Deploy.0 = Release|Any CPU
		{CC11AC60-1125-4F2C-9B74-2D5642AB3DB7}.Ad-Hoc|Any CPU.ActiveCfg = Ad-Hoc|iPhone
		{CC11AC60-1125-4F2C-9B74-2D5642AB3DB7}.Ad-Hoc|Any CPU.Build.0 = Ad-Hoc|iPhone
		{CC11AC60-1125-4F2C-9B74-2D5642AB3DB7}.Ad-Hoc|Any CPU.Deploy.0 = Ad-Hoc|iPhone
		{CC11AC60-1125-4F2C-9B74-2D5642AB3DB7}.Ad-Hoc|ARM.ActiveCfg = Ad-Hoc|iPhone
		{CC11AC60-1125-4F2C-9B74-2D5642AB3DB7}.Ad-Hoc|ARM.Build.0 = Ad-Hoc|iPhone
		{CC11AC60-1125-4F2C-9B74-2D5642AB3DB7}.Ad-Hoc|ARM.Deploy.0 = Ad-Hoc|iPhone
		{CC11AC60-1125-4F2C-9B74-2D5642AB3DB7}.Ad-Hoc|iPhone.ActiveCfg = Ad-Hoc|iPhone
		{CC11AC60-1125-4F2C-9B74-2D5642AB3DB7}.Ad-Hoc|iPhone.Build.0 = Ad-Hoc|iPhone
		{CC11AC60-1125-4F2C-9B74-2D5642AB3DB7}.Ad-Hoc|iPhone.Deploy.0 = Ad-Hoc|iPhone
		{CC11AC60-1125-4F2C-9B74-2D5642AB3DB7}.Ad-Hoc|iPhoneSimulator.ActiveCfg = Ad-Hoc|iPhoneSimulator
		{CC11AC60-1125-4F2C-9B74-2D5642AB3DB7}.Ad-Hoc|iPhoneSimulator.Build.0 = Ad-Hoc|iPhoneSimulator
		{CC11AC60-1125-4F2C-9B74-2D5642AB3DB7}.Ad-Hoc|iPhoneSimulator.Deploy.0 = Ad-Hoc|iPhoneSimulator
		{CC11AC60-1125-4F2C-9B74-2D5642AB3DB7}.Ad-Hoc|x64.ActiveCfg = Ad-Hoc|iPhone
		{CC11AC60-1125-4F2C-9B74-2D5642AB3DB7}.Ad-Hoc|x64.Build.0 = Ad-Hoc|iPhone
		{CC11AC60-1125-4F2C-9B74-2D5642AB3DB7}.Ad-Hoc|x64.Deploy.0 = Ad-Hoc|iPhone
		{CC11AC60-1125-4F2C-9B74-2D5642AB3DB7}.Ad-Hoc|x86.ActiveCfg = Ad-Hoc|iPhone
		{CC11AC60-1125-4F2C-9B74-2D5642AB3DB7}.Ad-Hoc|x86.Build.0 = Ad-Hoc|iPhone
		{CC11AC60-1125-4F2C-9B74-2D5642AB3DB7}.Ad-Hoc|x86.Deploy.0 = Ad-Hoc|iPhone
		{CC11AC60-1125-4F2C-9B74-2D5642AB3DB7}.AppStore|Any CPU.ActiveCfg = AppStore|iPhone
		{CC11AC60-1125-4F2C-9B74-2D5642AB3DB7}.AppStore|Any CPU.Build.0 = AppStore|iPhone
		{CC11AC60-1125-4F2C-9B74-2D5642AB3DB7}.AppStore|Any CPU.Deploy.0 = AppStore|iPhone
		{CC11AC60-1125-4F2C-9B74-2D5642AB3DB7}.AppStore|ARM.ActiveCfg = AppStore|iPhone
		{CC11AC60-1125-4F2C-9B74-2D5642AB3DB7}.AppStore|ARM.Build.0 = AppStore|iPhone
		{CC11AC60-1125-4F2C-9B74-2D5642AB3DB7}.AppStore|ARM.Deploy.0 = AppStore|iPhone
		{CC11AC60-1125-4F2C-9B74-2D5642AB3DB7}.AppStore|iPhone.ActiveCfg = AppStore|iPhone
		{CC11AC60-1125-4F2C-9B74-2D5642AB3DB7}.AppStore|iPhone.Build.0 = AppStore|iPhone
		{CC11AC60-1125-4F2C-9B74-2D5642AB3DB7}.AppStore|iPhone.Deploy.0 = AppStore|iPhone
		{CC11AC60-1125-4F2C-9B74-2D5642AB3DB7}.AppStore|iPhoneSimulator.ActiveCfg = AppStore|iPhoneSimulator
		{CC11AC60-1125-4F2C-9B74-2D5642AB3DB7}.AppStore|iPhoneSimulator.Build.0 = AppStore|iPhoneSimulator
		{CC11AC60-1125-4F2C-9B74-2D5642AB3DB7}.AppStore|iPhoneSimulator.Deploy.0 = AppStore|iPhoneSimulator
		{CC11AC60-1125-4F2C-9B74-2D5642AB3DB7}.AppStore|x64.ActiveCfg = AppStore|iPhone
		{CC11AC60-1125-4F2C-9B74-2D5642AB3DB7}.AppStore|x64.Build.0 = AppStore|iPhone
		{CC11AC60-1125-4F2C-9B74-2D5642AB3DB7}.AppStore|x64.Deploy.0 = AppStore|iPhone
		{CC11AC60-1125-4F2C-9B74-2D5642AB3DB7}.AppStore|x86.ActiveCfg = AppStore|iPhone
		{CC11AC60-1125-4F2C-9B74-2D5642AB3DB7}.AppStore|x86.Build.0 = AppStore|iPhone
		{CC11AC60-1125-4F2C-9B74-2D5642AB3DB7}.AppStore|x86.Deploy.0 = AppStore|iPhone
		{CC11AC60-1125-4F2C-9B74-2D5642AB3DB7}.Debug|Any CPU.ActiveCfg = Debug|iPhoneSimulator
		{CC11AC60-1125-4F2C-9B74-2D5642AB3DB7}.Debug|Any CPU.Build.0 = Debug|iPhoneSimulator
		{CC11AC60-1125-4F2C-9B74-2D5642AB3DB7}.Debug|Any CPU.Deploy.0 = Debug|iPhoneSimulator
		{CC11AC60-1125-4F2C-9B74-2D5642AB3DB7}.Debug|ARM.ActiveCfg = Debug|iPhone
		{CC11AC60-1125-4F2C-9B74-2D5642AB3DB7}.Debug|ARM.Build.0 = Debug|iPhone
		{CC11AC60-1125-4F2C-9B74-2D5642AB3DB7}.Debug|ARM.Deploy.0 = Debug|iPhone
		{CC11AC60-1125-4F2C-9B74-2D5642AB3DB7}.Debug|iPhone.ActiveCfg = Debug|iPhone
		{CC11AC60-1125-4F2C-9B74-2D5642AB3DB7}.Debug|iPhone.Build.0 = Debug|iPhone
		{CC11AC60-1125-4F2C-9B74-2D5642AB3DB7}.Debug|iPhone.Deploy.0 = Debug|iPhone
		{CC11AC60-1125-4F2C-9B74-2D5642AB3DB7}.Debug|iPhoneSimulator.ActiveCfg = Debug|iPhoneSimulator
		{CC11AC60-1125-4F2C-9B74-2D5642AB3DB7}.Debug|iPhoneSimulator.Build.0 = Debug|iPhoneSimulator
		{CC11AC60-1125-4F2C-9B74-2D5642AB3DB7}.Debug|iPhoneSimulator.Deploy.0 = Debug|iPhoneSimulator
		{CC11AC60-1125-4F2C-9B74-2D5642AB3DB7}.Debug|x64.ActiveCfg = Debug|iPhone
		{CC11AC60-1125-4F2C-9B74-2D5642AB3DB7}.Debug|x64.Build.0 = Debug|iPhone
		{CC11AC60-1125-4F2C-9B74-2D5642AB3DB7}.Debug|x64.Deploy.0 = Debug|iPhone
		{CC11AC60-1125-4F2C-9B74-2D5642AB3DB7}.Debug|x86.ActiveCfg = Debug|iPhone
		{CC11AC60-1125-4F2C-9B74-2D5642AB3DB7}.Debug|x86.Build.0 = Debug|iPhone
		{CC11AC60-1125-4F2C-9B74-2D5642AB3DB7}.Debug|x86.Deploy.0 = Debug|iPhone
		{CC11AC60-1125-4F2C-9B74-2D5642AB3DB7}.Release|Any CPU.ActiveCfg = Release|iPhone
		{CC11AC60-1125-4F2C-9B74-2D5642AB3DB7}.Release|Any CPU.Build.0 = Release|iPhone
		{CC11AC60-1125-4F2C-9B74-2D5642AB3DB7}.Release|Any CPU.Deploy.0 = Release|iPhone
		{CC11AC60-1125-4F2C-9B74-2D5642AB3DB7}.Release|ARM.ActiveCfg = Release|iPhone
		{CC11AC60-1125-4F2C-9B74-2D5642AB3DB7}.Release|ARM.Build.0 = Release|iPhone
		{CC11AC60-1125-4F2C-9B74-2D5642AB3DB7}.Release|ARM.Deploy.0 = Release|iPhone
		{CC11AC60-1125-4F2C-9B74-2D5642AB3DB7}.Release|iPhone.ActiveCfg = Release|iPhone
		{CC11AC60-1125-4F2C-9B74-2D5642AB3DB7}.Release|iPhone.Build.0 = Release|iPhone
		{CC11AC60-1125-4F2C-9B74-2D5642AB3DB7}.Release|iPhone.Deploy.0 = Release|iPhone
		{CC11AC60-1125-4F2C-9B74-2D5642AB3DB7}.Release|iPhoneSimulator.ActiveCfg = Release|iPhoneSimulator
		{CC11AC60-1125-4F2C-9B74-2D5642AB3DB7}.Release|iPhoneSimulator.Build.0 = Release|iPhoneSimulator
		{CC11AC60-1125-4F2C-9B74-2D5642AB3DB7}.Release|iPhoneSimulator.Deploy.0 = Release|iPhoneSimulator
		{CC11AC60-1125-4F2C-9B74-2D5642AB3DB7}.Release|x64.ActiveCfg = Release|iPhone
		{CC11AC60-1125-4F2C-9B74-2D5642AB3DB7}.Release|x64.Build.0 = Release|iPhone
		{CC11AC60-1125-4F2C-9B74-2D5642AB3DB7}.Release|x64.Deploy.0 = Release|iPhone
		{CC11AC60-1125-4F2C-9B74-2D5642AB3DB7}.Release|x86.ActiveCfg = Release|iPhone
		{CC11AC60-1125-4F2C-9B74-2D5642AB3DB7}.Release|x86.Build.0 = Release|iPhone
		{CC11AC60-1125-4F2C-9B74-2D5642AB3DB7}.Release|x86.Deploy.0 = Release|iPhone
		{82FB6E23-E888-4667-B379-2E2D86794F6B}.Ad-Hoc|Any CPU.ActiveCfg = Release|x86
		{82FB6E23-E888-4667-B379-2E2D86794F6B}.Ad-Hoc|Any CPU.Build.0 = Release|x86
		{82FB6E23-E888-4667-B379-2E2D86794F6B}.Ad-Hoc|Any CPU.Deploy.0 = Release|x86
		{82FB6E23-E888-4667-B379-2E2D86794F6B}.Ad-Hoc|ARM.ActiveCfg = Release|ARM
		{82FB6E23-E888-4667-B379-2E2D86794F6B}.Ad-Hoc|ARM.Build.0 = Release|ARM
		{82FB6E23-E888-4667-B379-2E2D86794F6B}.Ad-Hoc|ARM.Deploy.0 = Release|ARM
		{82FB6E23-E888-4667-B379-2E2D86794F6B}.Ad-Hoc|iPhone.ActiveCfg = Release|x86
		{82FB6E23-E888-4667-B379-2E2D86794F6B}.Ad-Hoc|iPhone.Build.0 = Release|x86
		{82FB6E23-E888-4667-B379-2E2D86794F6B}.Ad-Hoc|iPhone.Deploy.0 = Release|x86
		{82FB6E23-E888-4667-B379-2E2D86794F6B}.Ad-Hoc|iPhoneSimulator.ActiveCfg = Release|x86
		{82FB6E23-E888-4667-B379-2E2D86794F6B}.Ad-Hoc|iPhoneSimulator.Build.0 = Release|x86
		{82FB6E23-E888-4667-B379-2E2D86794F6B}.Ad-Hoc|iPhoneSimulator.Deploy.0 = Release|x86
		{82FB6E23-E888-4667-B379-2E2D86794F6B}.Ad-Hoc|x64.ActiveCfg = Release|x64
		{82FB6E23-E888-4667-B379-2E2D86794F6B}.Ad-Hoc|x64.Build.0 = Release|x64
		{82FB6E23-E888-4667-B379-2E2D86794F6B}.Ad-Hoc|x64.Deploy.0 = Release|x64
		{82FB6E23-E888-4667-B379-2E2D86794F6B}.Ad-Hoc|x86.ActiveCfg = Release|x86
		{82FB6E23-E888-4667-B379-2E2D86794F6B}.Ad-Hoc|x86.Build.0 = Release|x86
		{82FB6E23-E888-4667-B379-2E2D86794F6B}.Ad-Hoc|x86.Deploy.0 = Release|x86
		{82FB6E23-E888-4667-B379-2E2D86794F6B}.AppStore|Any CPU.ActiveCfg = Release|x86
		{82FB6E23-E888-4667-B379-2E2D86794F6B}.AppStore|Any CPU.Build.0 = Release|x86
		{82FB6E23-E888-4667-B379-2E2D86794F6B}.AppStore|Any CPU.Deploy.0 = Release|x86
		{82FB6E23-E888-4667-B379-2E2D86794F6B}.AppStore|ARM.ActiveCfg = Release|ARM
		{82FB6E23-E888-4667-B379-2E2D86794F6B}.AppStore|ARM.Build.0 = Release|ARM
		{82FB6E23-E888-4667-B379-2E2D86794F6B}.AppStore|ARM.Deploy.0 = Release|ARM
		{82FB6E23-E888-4667-B379-2E2D86794F6B}.AppStore|iPhone.ActiveCfg = Release|x86
		{82FB6E23-E888-4667-B379-2E2D86794F6B}.AppStore|iPhone.Build.0 = Release|x86
		{82FB6E23-E888-4667-B379-2E2D86794F6B}.AppStore|iPhone.Deploy.0 = Release|x86
		{82FB6E23-E888-4667-B379-2E2D86794F6B}.AppStore|iPhoneSimulator.ActiveCfg = Release|x86
		{82FB6E23-E888-4667-B379-2E2D86794F6B}.AppStore|iPhoneSimulator.Build.0 = Release|x86
		{82FB6E23-E888-4667-B379-2E2D86794F6B}.AppStore|iPhoneSimulator.Deploy.0 = Release|x86
		{82FB6E23-E888-4667-B379-2E2D86794F6B}.AppStore|x64.ActiveCfg = Release|x64
		{82FB6E23-E888-4667-B379-2E2D86794F6B}.AppStore|x64.Build.0 = Release|x64
		{82FB6E23-E888-4667-B379-2E2D86794F6B}.AppStore|x64.Deploy.0 = Release|x64
		{82FB6E23-E888-4667-B379-2E2D86794F6B}.AppStore|x86.ActiveCfg = Release|x86
		{82FB6E23-E888-4667-B379-2E2D86794F6B}.AppStore|x86.Build.0 = Release|x86
		{82FB6E23-E888-4667-B379-2E2D86794F6B}.AppStore|x86.Deploy.0 = Release|x86
		{82FB6E23-E888-4667-B379-2E2D86794F6B}.Debug|Any CPU.ActiveCfg = Debug|x86
		{82FB6E23-E888-4667-B379-2E2D86794F6B}.Debug|Any CPU.Build.0 = Debug|x86
		{82FB6E23-E888-4667-B379-2E2D86794F6B}.Debug|Any CPU.Deploy.0 = Debug|x86
		{82FB6E23-E888-4667-B379-2E2D86794F6B}.Debug|ARM.ActiveCfg = Debug|ARM
		{82FB6E23-E888-4667-B379-2E2D86794F6B}.Debug|ARM.Build.0 = Debug|ARM
		{82FB6E23-E888-4667-B379-2E2D86794F6B}.Debug|ARM.Deploy.0 = Debug|ARM
		{82FB6E23-E888-4667-B379-2E2D86794F6B}.Debug|iPhone.ActiveCfg = Debug|x86
		{82FB6E23-E888-4667-B379-2E2D86794F6B}.Debug|iPhone.Build.0 = Debug|x86
		{82FB6E23-E888-4667-B379-2E2D86794F6B}.Debug|iPhone.Deploy.0 = Debug|x86
		{82FB6E23-E888-4667-B379-2E2D86794F6B}.Debug|iPhoneSimulator.ActiveCfg = Debug|x86
		{82FB6E23-E888-4667-B379-2E2D86794F6B}.Debug|iPhoneSimulator.Build.0 = Debug|x86
		{82FB6E23-E888-4667-B379-2E2D86794F6B}.Debug|iPhoneSimulator.Deploy.0 = Debug|x86
		{82FB6E23-E888-4667-B379-2E2D86794F6B}.Debug|x64.ActiveCfg = Debug|x64
		{82FB6E23-E888-4667-B379-2E2D86794F6B}.Debug|x64.Build.0 = Debug|x64
		{82FB6E23-E888-4667-B379-2E2D86794F6B}.Debug|x64.Deploy.0 = Debug|x64
		{82FB6E23-E888-4667-B379-2E2D86794F6B}.Debug|x86.ActiveCfg = Debug|x86
		{82FB6E23-E888-4667-B379-2E2D86794F6B}.Debug|x86.Build.0 = Debug|x86
		{82FB6E23-E888-4667-B379-2E2D86794F6B}.Debug|x86.Deploy.0 = Debug|x86
		{82FB6E23-E888-4667-B379-2E2D86794F6B}.Release|Any CPU.ActiveCfg = Release|x86
		{82FB6E23-E888-4667-B379-2E2D86794F6B}.Release|Any CPU.Build.0 = Release|x86
		{82FB6E23-E888-4667-B379-2E2D86794F6B}.Release|Any CPU.Deploy.0 = Release|x86
		{82FB6E23-E888-4667-B379-2E2D86794F6B}.Release|ARM.ActiveCfg = Release|ARM
		{82FB6E23-E888-4667-B379-2E2D86794F6B}.Release|ARM.Build.0 = Release|ARM
		{82FB6E23-E888-4667-B379-2E2D86794F6B}.Release|ARM.Deploy.0 = Release|ARM
		{82FB6E23-E888-4667-B379-2E2D86794F6B}.Release|iPhone.ActiveCfg = Release|x86
		{82FB6E23-E888-4667-B379-2E2D86794F6B}.Release|iPhone.Build.0 = Release|x86
		{82FB6E23-E888-4667-B379-2E2D86794F6B}.Release|iPhone.Deploy.0 = Release|x86
		{82FB6E23-E888-4667-B379-2E2D86794F6B}.Release|iPhoneSimulator.ActiveCfg = Release|x86
		{82FB6E23-E888-4667-B379-2E2D86794F6B}.Release|iPhoneSimulator.Build.0 = Release|x86
		{82FB6E23-E888-4667-B379-2E2D86794F6B}.Release|iPhoneSimulator.Deploy.0 = Release|x86
		{82FB6E23-E888-4667-B379-2E2D86794F6B}.Release|x64.ActiveCfg = Release|x64
		{82FB6E23-E888-4667-B379-2E2D86794F6B}.Release|x64.Build.0 = Release|x64
		{82FB6E23-E888-4667-B379-2E2D86794F6B}.Release|x64.Deploy.0 = Release|x64
		{82FB6E23-E888-4667-B379-2E2D86794F6B}.Release|x86.ActiveCfg = Release|x86
		{82FB6E23-E888-4667-B379-2E2D86794F6B}.Release|x86.Build.0 = Release|x86
		{82FB6E23-E888-4667-B379-2E2D86794F6B}.Release|x86.Deploy.0 = Release|x86
		{95B15661-90CF-4739-AA3D-A45E16DE60B1}.Ad-Hoc|Any CPU.ActiveCfg = Debug|Any CPU
		{95B15661-90CF-4739-AA3D-A45E16DE60B1}.Ad-Hoc|Any CPU.Build.0 = Debug|Any CPU
		{95B15661-90CF-4739-AA3D-A45E16DE60B1}.Ad-Hoc|Any CPU.Deploy.0 = Debug|Any CPU
		{95B15661-90CF-4739-AA3D-A45E16DE60B1}.Ad-Hoc|ARM.ActiveCfg = Debug|Any CPU
		{95B15661-90CF-4739-AA3D-A45E16DE60B1}.Ad-Hoc|ARM.Build.0 = Debug|Any CPU
		{95B15661-90CF-4739-AA3D-A45E16DE60B1}.Ad-Hoc|ARM.Deploy.0 = Debug|Any CPU
		{95B15661-90CF-4739-AA3D-A45E16DE60B1}.Ad-Hoc|iPhone.ActiveCfg = Debug|Any CPU
		{95B15661-90CF-4739-AA3D-A45E16DE60B1}.Ad-Hoc|iPhone.Build.0 = Debug|Any CPU
		{95B15661-90CF-4739-AA3D-A45E16DE60B1}.Ad-Hoc|iPhone.Deploy.0 = Debug|Any CPU
		{95B15661-90CF-4739-AA3D-A45E16DE60B1}.Ad-Hoc|iPhoneSimulator.ActiveCfg = Debug|Any CPU
		{95B15661-90CF-4739-AA3D-A45E16DE60B1}.Ad-Hoc|iPhoneSimulator.Build.0 = Debug|Any CPU
		{95B15661-90CF-4739-AA3D-A45E16DE60B1}.Ad-Hoc|iPhoneSimulator.Deploy.0 = Debug|Any CPU
		{95B15661-90CF-4739-AA3D-A45E16DE60B1}.Ad-Hoc|x64.ActiveCfg = Debug|Any CPU
		{95B15661-90CF-4739-AA3D-A45E16DE60B1}.Ad-Hoc|x64.Build.0 = Debug|Any CPU
		{95B15661-90CF-4739-AA3D-A45E16DE60B1}.Ad-Hoc|x64.Deploy.0 = Debug|Any CPU
		{95B15661-90CF-4739-AA3D-A45E16DE60B1}.Ad-Hoc|x86.ActiveCfg = Debug|Any CPU
		{95B15661-90CF-4739-AA3D-A45E16DE60B1}.Ad-Hoc|x86.Build.0 = Debug|Any CPU
		{95B15661-90CF-4739-AA3D-A45E16DE60B1}.Ad-Hoc|x86.Deploy.0 = Debug|Any CPU
		{95B15661-90CF-4739-AA3D-A45E16DE60B1}.AppStore|Any CPU.ActiveCfg = Debug|Any CPU
		{95B15661-90CF-4739-AA3D-A45E16DE60B1}.AppStore|Any CPU.Build.0 = Debug|Any CPU
		{95B15661-90CF-4739-AA3D-A45E16DE60B1}.AppStore|Any CPU.Deploy.0 = Debug|Any CPU
		{95B15661-90CF-4739-AA3D-A45E16DE60B1}.AppStore|ARM.ActiveCfg = Debug|Any CPU
		{95B15661-90CF-4739-AA3D-A45E16DE60B1}.AppStore|ARM.Build.0 = Debug|Any CPU
		{95B15661-90CF-4739-AA3D-A45E16DE60B1}.AppStore|ARM.Deploy.0 = Debug|Any CPU
		{95B15661-90CF-4739-AA3D-A45E16DE60B1}.AppStore|iPhone.ActiveCfg = Debug|Any CPU
		{95B15661-90CF-4739-AA3D-A45E16DE60B1}.AppStore|iPhone.Build.0 = Debug|Any CPU
		{95B15661-90CF-4739-AA3D-A45E16DE60B1}.AppStore|iPhone.Deploy.0 = Debug|Any CPU
		{95B15661-90CF-4739-AA3D-A45E16DE60B1}.AppStore|iPhoneSimulator.ActiveCfg = Debug|Any CPU
		{95B15661-90CF-4739-AA3D-A45E16DE60B1}.AppStore|iPhoneSimulator.Build.0 = Debug|Any CPU
		{95B15661-90CF-4739-AA3D-A45E16DE60B1}.AppStore|iPhoneSimulator.Deploy.0 = Debug|Any CPU
		{95B15661-90CF-4739-AA3D-A45E16DE60B1}.AppStore|x64.ActiveCfg = Debug|Any CPU
		{95B15661-90CF-4739-AA3D-A45E16DE60B1}.AppStore|x64.Build.0 = Debug|Any CPU
		{95B15661-90CF-4739-AA3D-A45E16DE60B1}.AppStore|x64.Deploy.0 = Debug|Any CPU
		{95B15661-90CF-4739-AA3D-A45E16DE60B1}.AppStore|x86.ActiveCfg = Debug|Any CPU
		{95B15661-90CF-4739-AA3D-A45E16DE60B1}.AppStore|x86.Build.0 = Debug|Any CPU
		{95B15661-90CF-4739-AA3D-A45E16DE60B1}.AppStore|x86.Deploy.0 = Debug|Any CPU
		{95B15661-90CF-4739-AA3D-A45E16DE60B1}.Debug|Any CPU.ActiveCfg = Debug|Any CPU
		{95B15661-90CF-4739-AA3D-A45E16DE60B1}.Debug|Any CPU.Build.0 = Debug|Any CPU
		{95B15661-90CF-4739-AA3D-A45E16DE60B1}.Debug|Any CPU.Deploy.0 = Debug|Any CPU
		{95B15661-90CF-4739-AA3D-A45E16DE60B1}.Debug|ARM.ActiveCfg = Debug|Any CPU
		{95B15661-90CF-4739-AA3D-A45E16DE60B1}.Debug|ARM.Build.0 = Debug|Any CPU
		{95B15661-90CF-4739-AA3D-A45E16DE60B1}.Debug|ARM.Deploy.0 = Debug|Any CPU
		{95B15661-90CF-4739-AA3D-A45E16DE60B1}.Debug|iPhone.ActiveCfg = Debug|Any CPU
		{95B15661-90CF-4739-AA3D-A45E16DE60B1}.Debug|iPhone.Build.0 = Debug|Any CPU
		{95B15661-90CF-4739-AA3D-A45E16DE60B1}.Debug|iPhone.Deploy.0 = Debug|Any CPU
		{95B15661-90CF-4739-AA3D-A45E16DE60B1}.Debug|iPhoneSimulator.ActiveCfg = Debug|Any CPU
		{95B15661-90CF-4739-AA3D-A45E16DE60B1}.Debug|iPhoneSimulator.Build.0 = Debug|Any CPU
		{95B15661-90CF-4739-AA3D-A45E16DE60B1}.Debug|iPhoneSimulator.Deploy.0 = Debug|Any CPU
		{95B15661-90CF-4739-AA3D-A45E16DE60B1}.Debug|x64.ActiveCfg = Debug|Any CPU
		{95B15661-90CF-4739-AA3D-A45E16DE60B1}.Debug|x64.Build.0 = Debug|Any CPU
		{95B15661-90CF-4739-AA3D-A45E16DE60B1}.Debug|x64.Deploy.0 = Debug|Any CPU
		{95B15661-90CF-4739-AA3D-A45E16DE60B1}.Debug|x86.ActiveCfg = Debug|Any CPU
		{95B15661-90CF-4739-AA3D-A45E16DE60B1}.Debug|x86.Build.0 = Debug|Any CPU
		{95B15661-90CF-4739-AA3D-A45E16DE60B1}.Debug|x86.Deploy.0 = Debug|Any CPU
		{95B15661-90CF-4739-AA3D-A45E16DE60B1}.Release|Any CPU.ActiveCfg = Release|Any CPU
		{95B15661-90CF-4739-AA3D-A45E16DE60B1}.Release|Any CPU.Build.0 = Release|Any CPU
		{95B15661-90CF-4739-AA3D-A45E16DE60B1}.Release|Any CPU.Deploy.0 = Release|Any CPU
		{95B15661-90CF-4739-AA3D-A45E16DE60B1}.Release|ARM.ActiveCfg = Release|Any CPU
		{95B15661-90CF-4739-AA3D-A45E16DE60B1}.Release|ARM.Build.0 = Release|Any CPU
		{95B15661-90CF-4739-AA3D-A45E16DE60B1}.Release|ARM.Deploy.0 = Release|Any CPU
		{95B15661-90CF-4739-AA3D-A45E16DE60B1}.Release|iPhone.ActiveCfg = Release|Any CPU
		{95B15661-90CF-4739-AA3D-A45E16DE60B1}.Release|iPhone.Build.0 = Release|Any CPU
		{95B15661-90CF-4739-AA3D-A45E16DE60B1}.Release|iPhone.Deploy.0 = Release|Any CPU
		{95B15661-90CF-4739-AA3D-A45E16DE60B1}.Release|iPhoneSimulator.ActiveCfg = Release|Any CPU
		{95B15661-90CF-4739-AA3D-A45E16DE60B1}.Release|iPhoneSimulator.Build.0 = Release|Any CPU
		{95B15661-90CF-4739-AA3D-A45E16DE60B1}.Release|iPhoneSimulator.Deploy.0 = Release|Any CPU
		{95B15661-90CF-4739-AA3D-A45E16DE60B1}.Release|x64.ActiveCfg = Release|Any CPU
		{95B15661-90CF-4739-AA3D-A45E16DE60B1}.Release|x64.Build.0 = Release|Any CPU
		{95B15661-90CF-4739-AA3D-A45E16DE60B1}.Release|x64.Deploy.0 = Release|Any CPU
		{95B15661-90CF-4739-AA3D-A45E16DE60B1}.Release|x86.ActiveCfg = Release|Any CPU
		{95B15661-90CF-4739-AA3D-A45E16DE60B1}.Release|x86.Build.0 = Release|Any CPU
		{95B15661-90CF-4739-AA3D-A45E16DE60B1}.Release|x86.Deploy.0 = Release|Any CPU
	EndGlobalSection
	GlobalSection(SolutionProperties) = preSolution
		HideSolutionNode = FALSE
	EndGlobalSection
	GlobalSection(ExtensibilityGlobals) = postSolution
		SolutionGuid = {A73CBC8A-8EB1-4237-B4EE-E789CC25FD55}
	EndGlobalSection
EndGlobal
