
Microsoft Visual Studio Solution File, Format Version 12.00
# Visual Studio Version 16
VisualStudioVersion = 16.0.30413.136
MinimumVisualStudioVersion = 10.0.40219.1
Project("{FAE04EC0-301F-11D3-BF4B-00C04F79EFBC}") = "Greetings.UWP", "Greetings\Greetings.UWP\Greetings.UWP.csproj", "{A57D9816-18BF-429F-A8F2-42DBAD6CA25E}"
EndProject
Project("{FAE04EC0-301F-11D3-BF4B-00C04F79EFBC}") = "Greetings.Android", "Greetings\Greetings.Android\Greetings.Android.csproj", "{A7AA99AF-C8CA-4B9C-81D3-BA260A8CC948}"
EndProject
Project("{FAE04EC0-301F-11D3-BF4B-00C04F79EFBC}") = "Greetings.iOS", "Greetings\Greetings.iOS\Greetings.iOS.csproj", "{99A0AFBE-2A9A-4AF6-86BA-16BFDF30393D}"
EndProject
Project("{FAE04EC0-301F-11D3-BF4B-00C04F79EFBC}") = "Greetings", "Greetings\Greetings\Greetings.csproj", "{DE7287E5-BAB8-41D6-9239-02E194EAB4D7}"
EndProject
Global
	GlobalSection(SolutionConfigurationPlatforms) = preSolution
		Debug|Any CPU = Debug|Any CPU
		Debug|ARM = Debug|ARM
		Debug|iPhone = Debug|iPhone
		Debug|iPhoneSimulator = Debug|iPhoneSimulator
		Debug|x64 = Debug|x64
		Debug|x86 = Debug|x86
		Release|Any CPU = Release|Any CPU
		Release|ARM = Release|ARM
		Release|iPhone = Release|iPhone
		Release|iPhoneSimulator = Release|iPhoneSimulator
		Release|x64 = Release|x64
		Release|x86 = Release|x86
	EndGlobalSection
	GlobalSection(ProjectConfigurationPlatforms) = postSolution
		{A57D9816-18BF-429F-A8F2-42DBAD6CA25E}.Debug|Any CPU.ActiveCfg = Debug|x86
		{A57D9816-18BF-429F-A8F2-42DBAD6CA25E}.Debug|Any CPU.Build.0 = Debug|x86
		{A57D9816-18BF-429F-A8F2-42DBAD6CA25E}.Debug|Any CPU.Deploy.0 = Debug|x86
		{A57D9816-18BF-429F-A8F2-42DBAD6CA25E}.Debug|ARM.ActiveCfg = Debug|ARM
		{A57D9816-18BF-429F-A8F2-42DBAD6CA25E}.Debug|ARM.Build.0 = Debug|ARM
		{A57D9816-18BF-429F-A8F2-42DBAD6CA25E}.Debug|ARM.Deploy.0 = Debug|ARM
		{A57D9816-18BF-429F-A8F2-42DBAD6CA25E}.Debug|iPhone.ActiveCfg = Debug|x86
		{A57D9816-18BF-429F-A8F2-42DBAD6CA25E}.Debug|iPhone.Build.0 = Debug|x86
		{A57D9816-18BF-429F-A8F2-42DBAD6CA25E}.Debug|iPhone.Deploy.0 = Debug|x86
		{A57D9816-18BF-429F-A8F2-42DBAD6CA25E}.Debug|iPhoneSimulator.ActiveCfg = Debug|x86
		{A57D9816-18BF-429F-A8F2-42DBAD6CA25E}.Debug|iPhoneSimulator.Build.0 = Debug|x86
		{A57D9816-18BF-429F-A8F2-42DBAD6CA25E}.Debug|iPhoneSimulator.Deploy.0 = Debug|x86
		{A57D9816-18BF-429F-A8F2-42DBAD6CA25E}.Debug|x64.ActiveCfg = Debug|x64
		{A57D9816-18BF-429F-A8F2-42DBAD6CA25E}.Debug|x64.Build.0 = Debug|x64
		{A57D9816-18BF-429F-A8F2-42DBAD6CA25E}.Debug|x64.Deploy.0 = Debug|x64
		{A57D9816-18BF-429F-A8F2-42DBAD6CA25E}.Debug|x86.ActiveCfg = Debug|x86
		{A57D9816-18BF-429F-A8F2-42DBAD6CA25E}.Debug|x86.Build.0 = Debug|x86
		{A57D9816-18BF-429F-A8F2-42DBAD6CA25E}.Debug|x86.Deploy.0 = Debug|x86
		{A57D9816-18BF-429F-A8F2-42DBAD6CA25E}.Release|Any CPU.ActiveCfg = Release|x86
		{A57D9816-18BF-429F-A8F2-42DBAD6CA25E}.Release|Any CPU.Build.0 = Release|x86
		{A57D9816-18BF-429F-A8F2-42DBAD6CA25E}.Release|Any CPU.Deploy.0 = Release|x86
		{A57D9816-18BF-429F-A8F2-42DBAD6CA25E}.Release|ARM.ActiveCfg = Release|ARM
		{A57D9816-18BF-429F-A8F2-42DBAD6CA25E}.Release|ARM.Build.0 = Release|ARM
		{A57D9816-18BF-429F-A8F2-42DBAD6CA25E}.Release|ARM.Deploy.0 = Release|ARM
		{A57D9816-18BF-429F-A8F2-42DBAD6CA25E}.Release|iPhone.ActiveCfg = Release|x86
		{A57D9816-18BF-429F-A8F2-42DBAD6CA25E}.Release|iPhone.Build.0 = Release|x86
		{A57D9816-18BF-429F-A8F2-42DBAD6CA25E}.Release|iPhone.Deploy.0 = Release|x86
		{A57D9816-18BF-429F-A8F2-42DBAD6CA25E}.Release|iPhoneSimulator.ActiveCfg = Release|x86
		{A57D9816-18BF-429F-A8F2-42DBAD6CA25E}.Release|iPhoneSimulator.Build.0 = Release|x86
		{A57D9816-18BF-429F-A8F2-42DBAD6CA25E}.Release|iPhoneSimulator.Deploy.0 = Release|x86
		{A57D9816-18BF-429F-A8F2-42DBAD6CA25E}.Release|x64.ActiveCfg = Release|x64
		{A57D9816-18BF-429F-A8F2-42DBAD6CA25E}.Release|x64.Build.0 = Release|x64
		{A57D9816-18BF-429F-A8F2-42DBAD6CA25E}.Release|x64.Deploy.0 = Release|x64
		{A57D9816-18BF-429F-A8F2-42DBAD6CA25E}.Release|x86.ActiveCfg = Release|x86
		{A57D9816-18BF-429F-A8F2-42DBAD6CA25E}.Release|x86.Build.0 = Release|x86
		{A57D9816-18BF-429F-A8F2-42DBAD6CA25E}.Release|x86.Deploy.0 = Release|x86
		{A7AA99AF-C8CA-4B9C-81D3-BA260A8CC948}.Debug|Any CPU.ActiveCfg = Debug|Any CPU
		{A7AA99AF-C8CA-4B9C-81D3-BA260A8CC948}.Debug|Any CPU.Build.0 = Debug|Any CPU
		{A7AA99AF-C8CA-4B9C-81D3-BA260A8CC948}.Debug|Any CPU.Deploy.0 = Debug|Any CPU
		{A7AA99AF-C8CA-4B9C-81D3-BA260A8CC948}.Debug|ARM.ActiveCfg = Debug|Any CPU
		{A7AA99AF-C8CA-4B9C-81D3-BA260A8CC948}.Debug|ARM.Build.0 = Debug|Any CPU
		{A7AA99AF-C8CA-4B9C-81D3-BA260A8CC948}.Debug|ARM.Deploy.0 = Debug|Any CPU
		{A7AA99AF-C8CA-4B9C-81D3-BA260A8CC948}.Debug|iPhone.ActiveCfg = Debug|Any CPU
		{A7AA99AF-C8CA-4B9C-81D3-BA260A8CC948}.Debug|iPhone.Build.0 = Debug|Any CPU
		{A7AA99AF-C8CA-4B9C-81D3-BA260A8CC948}.Debug|iPhone.Deploy.0 = Debug|Any CPU
		{A7AA99AF-C8CA-4B9C-81D3-BA260A8CC948}.Debug|iPhoneSimulator.ActiveCfg = Debug|Any CPU
		{A7AA99AF-C8CA-4B9C-81D3-BA260A8CC948}.Debug|iPhoneSimulator.Build.0 = Debug|Any CPU
		{A7AA99AF-C8CA-4B9C-81D3-BA260A8CC948}.Debug|iPhoneSimulator.Deploy.0 = Debug|Any CPU
		{A7AA99AF-C8CA-4B9C-81D3-BA260A8CC948}.Debug|x64.ActiveCfg = Debug|Any CPU
		{A7AA99AF-C8CA-4B9C-81D3-BA260A8CC948}.Debug|x64.Build.0 = Debug|Any CPU
		{A7AA99AF-C8CA-4B9C-81D3-BA260A8CC948}.Debug|x64.Deploy.0 = Debug|Any CPU
		{A7AA99AF-C8CA-4B9C-81D3-BA260A8CC948}.Debug|x86.ActiveCfg = Debug|Any CPU
		{A7AA99AF-C8CA-4B9C-81D3-BA260A8CC948}.Debug|x86.Build.0 = Debug|Any CPU
		{A7AA99AF-C8CA-4B9C-81D3-BA260A8CC948}.Debug|x86.Deploy.0 = Debug|Any CPU
		{A7AA99AF-C8CA-4B9C-81D3-BA260A8CC948}.Release|Any CPU.ActiveCfg = Release|Any CPU
		{A7AA99AF-C8CA-4B9C-81D3-BA260A8CC948}.Release|Any CPU.Build.0 = Release|Any CPU
		{A7AA99AF-C8CA-4B9C-81D3-BA260A8CC948}.Release|Any CPU.Deploy.0 = Release|Any CPU
		{A7AA99AF-C8CA-4B9C-81D3-BA260A8CC948}.Release|ARM.ActiveCfg = Release|Any CPU
		{A7AA99AF-C8CA-4B9C-81D3-BA260A8CC948}.Release|ARM.Build.0 = Release|Any CPU
		{A7AA99AF-C8CA-4B9C-81D3-BA260A8CC948}.Release|ARM.Deploy.0 = Release|Any CPU
		{A7AA99AF-C8CA-4B9C-81D3-BA260A8CC948}.Release|iPhone.ActiveCfg = Release|Any CPU
		{A7AA99AF-C8CA-4B9C-81D3-BA260A8CC948}.Release|iPhone.Build.0 = Release|Any CPU
		{A7AA99AF-C8CA-4B9C-81D3-BA260A8CC948}.Release|iPhone.Deploy.0 = Release|Any CPU
		{A7AA99AF-C8CA-4B9C-81D3-BA260A8CC948}.Release|iPhoneSimulator.ActiveCfg = Release|Any CPU
		{A7AA99AF-C8CA-4B9C-81D3-BA260A8CC948}.Release|iPhoneSimulator.Build.0 = Release|Any CPU
		{A7AA99AF-C8CA-4B9C-81D3-BA260A8CC948}.Release|iPhoneSimulator.Deploy.0 = Release|Any CPU
		{A7AA99AF-C8CA-4B9C-81D3-BA260A8CC948}.Release|x64.ActiveCfg = Release|Any CPU
		{A7AA99AF-C8CA-4B9C-81D3-BA260A8CC948}.Release|x64.Build.0 = Release|Any CPU
		{A7AA99AF-C8CA-4B9C-81D3-BA260A8CC948}.Release|x64.Deploy.0 = Release|Any CPU
		{A7AA99AF-C8CA-4B9C-81D3-BA260A8CC948}.Release|x86.ActiveCfg = Release|Any CPU
		{A7AA99AF-C8CA-4B9C-81D3-BA260A8CC948}.Release|x86.Build.0 = Release|Any CPU
		{A7AA99AF-C8CA-4B9C-81D3-BA260A8CC948}.Release|x86.Deploy.0 = Release|Any CPU
		{99A0AFBE-2A9A-4AF6-86BA-16BFDF30393D}.Debug|Any CPU.ActiveCfg = Debug|iPhone
		{99A0AFBE-2A9A-4AF6-86BA-16BFDF30393D}.Debug|Any CPU.Build.0 = Debug|iPhone
		{99A0AFBE-2A9A-4AF6-86BA-16BFDF30393D}.Debug|Any CPU.Deploy.0 = Debug|iPhone
		{99A0AFBE-2A9A-4AF6-86BA-16BFDF30393D}.Debug|ARM.ActiveCfg = Debug|iPhone
		{99A0AFBE-2A9A-4AF6-86BA-16BFDF30393D}.Debug|ARM.Build.0 = Debug|iPhone
		{99A0AFBE-2A9A-4AF6-86BA-16BFDF30393D}.Debug|ARM.Deploy.0 = Debug|iPhone
		{99A0AFBE-2A9A-4AF6-86BA-16BFDF30393D}.Debug|iPhone.ActiveCfg = Debug|iPhone
		{99A0AFBE-2A9A-4AF6-86BA-16BFDF30393D}.Debug|iPhone.Build.0 = Debug|iPhone
		{99A0AFBE-2A9A-4AF6-86BA-16BFDF30393D}.Debug|iPhone.Deploy.0 = Debug|iPhone
		{99A0AFBE-2A9A-4AF6-86BA-16BFDF30393D}.Debug|iPhoneSimulator.ActiveCfg = Debug|iPhoneSimulator
		{99A0AFBE-2A9A-4AF6-86BA-16BFDF30393D}.Debug|iPhoneSimulator.Build.0 = Debug|iPhoneSimulator
		{99A0AFBE-2A9A-4AF6-86BA-16BFDF30393D}.Debug|iPhoneSimulator.Deploy.0 = Debug|iPhoneSimulator
		{99A0AFBE-2A9A-4AF6-86BA-16BFDF30393D}.Debug|x64.ActiveCfg = Debug|iPhone
		{99A0AFBE-2A9A-4AF6-86BA-16BFDF30393D}.Debug|x64.Build.0 = Debug|iPhone
		{99A0AFBE-2A9A-4AF6-86BA-16BFDF30393D}.Debug|x64.Deploy.0 = Debug|iPhone
		{99A0AFBE-2A9A-4AF6-86BA-16BFDF30393D}.Debug|x86.ActiveCfg = Debug|iPhone
		{99A0AFBE-2A9A-4AF6-86BA-16BFDF30393D}.Debug|x86.Build.0 = Debug|iPhone
		{99A0AFBE-2A9A-4AF6-86BA-16BFDF30393D}.Debug|x86.Deploy.0 = Debug|iPhone
		{99A0AFBE-2A9A-4AF6-86BA-16BFDF30393D}.Release|Any CPU.ActiveCfg = Release|iPhone
		{99A0AFBE-2A9A-4AF6-86BA-16BFDF30393D}.Release|Any CPU.Build.0 = Release|iPhone
		{99A0AFBE-2A9A-4AF6-86BA-16BFDF30393D}.Release|Any CPU.Deploy.0 = Release|iPhone
		{99A0AFBE-2A9A-4AF6-86BA-16BFDF30393D}.Release|ARM.ActiveCfg = Release|iPhone
		{99A0AFBE-2A9A-4AF6-86BA-16BFDF30393D}.Release|ARM.Build.0 = Release|iPhone
		{99A0AFBE-2A9A-4AF6-86BA-16BFDF30393D}.Release|ARM.Deploy.0 = Release|iPhone
		{99A0AFBE-2A9A-4AF6-86BA-16BFDF30393D}.Release|iPhone.ActiveCfg = Release|iPhone
		{99A0AFBE-2A9A-4AF6-86BA-16BFDF30393D}.Release|iPhone.Build.0 = Release|iPhone
		{99A0AFBE-2A9A-4AF6-86BA-16BFDF30393D}.Release|iPhone.Deploy.0 = Release|iPhone
		{99A0AFBE-2A9A-4AF6-86BA-16BFDF30393D}.Release|iPhoneSimulator.ActiveCfg = Release|iPhoneSimulator
		{99A0AFBE-2A9A-4AF6-86BA-16BFDF30393D}.Release|iPhoneSimulator.Build.0 = Release|iPhoneSimulator
		{99A0AFBE-2A9A-4AF6-86BA-16BFDF30393D}.Release|iPhoneSimulator.Deploy.0 = Release|iPhoneSimulator
		{99A0AFBE-2A9A-4AF6-86BA-16BFDF30393D}.Release|x64.ActiveCfg = Release|iPhone
		{99A0AFBE-2A9A-4AF6-86BA-16BFDF30393D}.Release|x64.Build.0 = Release|iPhone
		{99A0AFBE-2A9A-4AF6-86BA-16BFDF30393D}.Release|x64.Deploy.0 = Release|iPhone
		{99A0AFBE-2A9A-4AF6-86BA-16BFDF30393D}.Release|x86.ActiveCfg = Release|iPhone
		{99A0AFBE-2A9A-4AF6-86BA-16BFDF30393D}.Release|x86.Build.0 = Release|iPhone
		{99A0AFBE-2A9A-4AF6-86BA-16BFDF30393D}.Release|x86.Deploy.0 = Release|iPhone
		{DE7287E5-BAB8-41D6-9239-02E194EAB4D7}.Debug|Any CPU.ActiveCfg = Debug|Any CPU
		{DE7287E5-BAB8-41D6-9239-02E194EAB4D7}.Debug|Any CPU.Build.0 = Debug|Any CPU
		{DE7287E5-BAB8-41D6-9239-02E194EAB4D7}.Debug|Any CPU.Deploy.0 = Debug|Any CPU
		{DE7287E5-BAB8-41D6-9239-02E194EAB4D7}.Debug|ARM.ActiveCfg = Debug|Any CPU
		{DE7287E5-BAB8-41D6-9239-02E194EAB4D7}.Debug|ARM.Build.0 = Debug|Any CPU
		{DE7287E5-BAB8-41D6-9239-02E194EAB4D7}.Debug|ARM.Deploy.0 = Debug|Any CPU
		{DE7287E5-BAB8-41D6-9239-02E194EAB4D7}.Debug|iPhone.ActiveCfg = Debug|Any CPU
		{DE7287E5-BAB8-41D6-9239-02E194EAB4D7}.Debug|iPhone.Build.0 = Debug|Any CPU
		{DE7287E5-BAB8-41D6-9239-02E194EAB4D7}.Debug|iPhone.Deploy.0 = Debug|Any CPU
		{DE7287E5-BAB8-41D6-9239-02E194EAB4D7}.Debug|iPhoneSimulator.ActiveCfg = Debug|Any CPU
		{DE7287E5-BAB8-41D6-9239-02E194EAB4D7}.Debug|iPhoneSimulator.Build.0 = Debug|Any CPU
		{DE7287E5-BAB8-41D6-9239-02E194EAB4D7}.Debug|iPhoneSimulator.Deploy.0 = Debug|Any CPU
		{DE7287E5-BAB8-41D6-9239-02E194EAB4D7}.Debug|x64.ActiveCfg = Debug|Any CPU
		{DE7287E5-BAB8-41D6-9239-02E194EAB4D7}.Debug|x64.Build.0 = Debug|Any CPU
		{DE7287E5-BAB8-41D6-9239-02E194EAB4D7}.Debug|x64.Deploy.0 = Debug|Any CPU
		{DE7287E5-BAB8-41D6-9239-02E194EAB4D7}.Debug|x86.ActiveCfg = Debug|Any CPU
		{DE7287E5-BAB8-41D6-9239-02E194EAB4D7}.Debug|x86.Build.0 = Debug|Any CPU
		{DE7287E5-BAB8-41D6-9239-02E194EAB4D7}.Debug|x86.Deploy.0 = Debug|Any CPU
		{DE7287E5-BAB8-41D6-9239-02E194EAB4D7}.Release|Any CPU.ActiveCfg = Release|Any CPU
		{DE7287E5-BAB8-41D6-9239-02E194EAB4D7}.Release|Any CPU.Build.0 = Release|Any CPU
		{DE7287E5-BAB8-41D6-9239-02E194EAB4D7}.Release|Any CPU.Deploy.0 = Release|Any CPU
		{DE7287E5-BAB8-41D6-9239-02E194EAB4D7}.Release|ARM.ActiveCfg = Release|Any CPU
		{DE7287E5-BAB8-41D6-9239-02E194EAB4D7}.Release|ARM.Build.0 = Release|Any CPU
		{DE7287E5-BAB8-41D6-9239-02E194EAB4D7}.Release|ARM.Deploy.0 = Release|Any CPU
		{DE7287E5-BAB8-41D6-9239-02E194EAB4D7}.Release|iPhone.ActiveCfg = Release|Any CPU
		{DE7287E5-BAB8-41D6-9239-02E194EAB4D7}.Release|iPhone.Build.0 = Release|Any CPU
		{DE7287E5-BAB8-41D6-9239-02E194EAB4D7}.Release|iPhone.Deploy.0 = Release|Any CPU
		{DE7287E5-BAB8-41D6-9239-02E194EAB4D7}.Release|iPhoneSimulator.ActiveCfg = Release|Any CPU
		{DE7287E5-BAB8-41D6-9239-02E194EAB4D7}.Release|iPhoneSimulator.Build.0 = Release|Any CPU
		{DE7287E5-BAB8-41D6-9239-02E194EAB4D7}.Release|iPhoneSimulator.Deploy.0 = Release|Any CPU
		{DE7287E5-BAB8-41D6-9239-02E194EAB4D7}.Release|x64.ActiveCfg = Release|Any CPU
		{DE7287E5-BAB8-41D6-9239-02E194EAB4D7}.Release|x64.Build.0 = Release|Any CPU
		{DE7287E5-BAB8-41D6-9239-02E194EAB4D7}.Release|x64.Deploy.0 = Release|Any CPU
		{DE7287E5-BAB8-41D6-9239-02E194EAB4D7}.Release|x86.ActiveCfg = Release|Any CPU
		{DE7287E5-BAB8-41D6-9239-02E194EAB4D7}.Release|x86.Build.0 = Release|Any CPU
		{DE7287E5-BAB8-41D6-9239-02E194EAB4D7}.Release|x86.Deploy.0 = Release|Any CPU
	EndGlobalSection
	GlobalSection(SolutionProperties) = preSolution
		HideSolutionNode = FALSE
	EndGlobalSection
	GlobalSection(ExtensibilityGlobals) = postSolution
		SolutionGuid = {E7A53A95-6921-4631-B5CD-0DC7158A6B6C}
	EndGlobalSection
EndGlobal
