
Microsoft Visual Studio Solution File, Format Version 12.00
# Visual Studio Version 16
VisualStudioVersion = 16.0.30413.136
MinimumVisualStudioVersion = 10.0.40219.1
Project("{FAE04EC0-301F-11D3-BF4B-00C04F79EFBC}") = "DynamicVsStaticCode.UWP", "DynamicVsStaticCode\DynamicVsStaticCode.UWP\DynamicVsStaticCode.UWP.csproj", "{C6FCE16F-0A6B-4F82-9B12-19433B6240C3}"
EndProject
Project("{FAE04EC0-301F-11D3-BF4B-00C04F79EFBC}") = "DynamicVsStaticCode.Android", "DynamicVsStaticCode\DynamicVsStaticCode.Android\DynamicVsStaticCode.Android.csproj", "{E9CB202F-0127-46A8-AC88-7589F091916E}"
EndProject
Project("{FAE04EC0-301F-11D3-BF4B-00C04F79EFBC}") = "DynamicVsStaticCode.iOS", "DynamicVsStaticCode\DynamicVsStaticCode.iOS\DynamicVsStaticCode.iOS.csproj", "{B49AA89B-5156-431A-B97C-333969CE9920}"
EndProject
Project("{FAE04EC0-301F-11D3-BF4B-00C04F79EFBC}") = "DynamicVsStaticCode", "DynamicVsStaticCode\DynamicVsStaticCode\DynamicVsStaticCode.csproj", "{E74EA5FF-49ED-4FB0-B18C-C09C1195F365}"
EndProject
Global
	GlobalSection(SolutionConfigurationPlatforms) = preSolution
		Debug|Any CPU = Debug|Any CPU
		Debug|ARM = Debug|ARM
		Debug|iPhone = Debug|iPhone
		Debug|iPhoneSimulator = Debug|iPhoneSimulator
		Debug|x64 = Debug|x64
		Debug|x86 = Debug|x86
		Release|Any CPU = Release|Any CPU
		Release|ARM = Release|ARM
		Release|iPhone = Release|iPhone
		Release|iPhoneSimulator = Release|iPhoneSimulator
		Release|x64 = Release|x64
		Release|x86 = Release|x86
	EndGlobalSection
	GlobalSection(ProjectConfigurationPlatforms) = postSolution
		{C6FCE16F-0A6B-4F82-9B12-19433B6240C3}.Debug|Any CPU.ActiveCfg = Debug|x86
		{C6FCE16F-0A6B-4F82-9B12-19433B6240C3}.Debug|Any CPU.Build.0 = Debug|x86
		{C6FCE16F-0A6B-4F82-9B12-19433B6240C3}.Debug|Any CPU.Deploy.0 = Debug|x86
		{C6FCE16F-0A6B-4F82-9B12-19433B6240C3}.Debug|ARM.ActiveCfg = Debug|ARM
		{C6FCE16F-0A6B-4F82-9B12-19433B6240C3}.Debug|ARM.Build.0 = Debug|ARM
		{C6FCE16F-0A6B-4F82-9B12-19433B6240C3}.Debug|ARM.Deploy.0 = Debug|ARM
		{C6FCE16F-0A6B-4F82-9B12-19433B6240C3}.Debug|iPhone.ActiveCfg = Debug|x86
		{C6FCE16F-0A6B-4F82-9B12-19433B6240C3}.Debug|iPhone.Build.0 = Debug|x86
		{C6FCE16F-0A6B-4F82-9B12-19433B6240C3}.Debug|iPhone.Deploy.0 = Debug|x86
		{C6FCE16F-0A6B-4F82-9B12-19433B6240C3}.Debug|iPhoneSimulator.ActiveCfg = Debug|x86
		{C6FCE16F-0A6B-4F82-9B12-19433B6240C3}.Debug|iPhoneSimulator.Build.0 = Debug|x86
		{C6FCE16F-0A6B-4F82-9B12-19433B6240C3}.Debug|iPhoneSimulator.Deploy.0 = Debug|x86
		{C6FCE16F-0A6B-4F82-9B12-19433B6240C3}.Debug|x64.ActiveCfg = Debug|x64
		{C6FCE16F-0A6B-4F82-9B12-19433B6240C3}.Debug|x64.Build.0 = Debug|x64
		{C6FCE16F-0A6B-4F82-9B12-19433B6240C3}.Debug|x64.Deploy.0 = Debug|x64
		{C6FCE16F-0A6B-4F82-9B12-19433B6240C3}.Debug|x86.ActiveCfg = Debug|x86
		{C6FCE16F-0A6B-4F82-9B12-19433B6240C3}.Debug|x86.Build.0 = Debug|x86
		{C6FCE16F-0A6B-4F82-9B12-19433B6240C3}.Debug|x86.Deploy.0 = Debug|x86
		{C6FCE16F-0A6B-4F82-9B12-19433B6240C3}.Release|Any CPU.ActiveCfg = Release|x86
		{C6FCE16F-0A6B-4F82-9B12-19433B6240C3}.Release|Any CPU.Build.0 = Release|x86
		{C6FCE16F-0A6B-4F82-9B12-19433B6240C3}.Release|Any CPU.Deploy.0 = Release|x86
		{C6FCE16F-0A6B-4F82-9B12-19433B6240C3}.Release|ARM.ActiveCfg = Release|ARM
		{C6FCE16F-0A6B-4F82-9B12-19433B6240C3}.Release|ARM.Build.0 = Release|ARM
		{C6FCE16F-0A6B-4F82-9B12-19433B6240C3}.Release|ARM.Deploy.0 = Release|ARM
		{C6FCE16F-0A6B-4F82-9B12-19433B6240C3}.Release|iPhone.ActiveCfg = Release|x86
		{C6FCE16F-0A6B-4F82-9B12-19433B6240C3}.Release|iPhone.Build.0 = Release|x86
		{C6FCE16F-0A6B-4F82-9B12-19433B6240C3}.Release|iPhone.Deploy.0 = Release|x86
		{C6FCE16F-0A6B-4F82-9B12-19433B6240C3}.Release|iPhoneSimulator.ActiveCfg = Release|x86
		{C6FCE16F-0A6B-4F82-9B12-19433B6240C3}.Release|iPhoneSimulator.Build.0 = Release|x86
		{C6FCE16F-0A6B-4F82-9B12-19433B6240C3}.Release|iPhoneSimulator.Deploy.0 = Release|x86
		{C6FCE16F-0A6B-4F82-9B12-19433B6240C3}.Release|x64.ActiveCfg = Release|x64
		{C6FCE16F-0A6B-4F82-9B12-19433B6240C3}.Release|x64.Build.0 = Release|x64
		{C6FCE16F-0A6B-4F82-9B12-19433B6240C3}.Release|x64.Deploy.0 = Release|x64
		{C6FCE16F-0A6B-4F82-9B12-19433B6240C3}.Release|x86.ActiveCfg = Release|x86
		{C6FCE16F-0A6B-4F82-9B12-19433B6240C3}.Release|x86.Build.0 = Release|x86
		{C6FCE16F-0A6B-4F82-9B12-19433B6240C3}.Release|x86.Deploy.0 = Release|x86
		{E9CB202F-0127-46A8-AC88-7589F091916E}.Debug|Any CPU.ActiveCfg = Debug|Any CPU
		{E9CB202F-0127-46A8-AC88-7589F091916E}.Debug|Any CPU.Build.0 = Debug|Any CPU
		{E9CB202F-0127-46A8-AC88-7589F091916E}.Debug|Any CPU.Deploy.0 = Debug|Any CPU
		{E9CB202F-0127-46A8-AC88-7589F091916E}.Debug|ARM.ActiveCfg = Debug|Any CPU
		{E9CB202F-0127-46A8-AC88-7589F091916E}.Debug|ARM.Build.0 = Debug|Any CPU
		{E9CB202F-0127-46A8-AC88-7589F091916E}.Debug|ARM.Deploy.0 = Debug|Any CPU
		{E9CB202F-0127-46A8-AC88-7589F091916E}.Debug|iPhone.ActiveCfg = Debug|Any CPU
		{E9CB202F-0127-46A8-AC88-7589F091916E}.Debug|iPhone.Build.0 = Debug|Any CPU
		{E9CB202F-0127-46A8-AC88-7589F091916E}.Debug|iPhone.Deploy.0 = Debug|Any CPU
		{E9CB202F-0127-46A8-AC88-7589F091916E}.Debug|iPhoneSimulator.ActiveCfg = Debug|Any CPU
		{E9CB202F-0127-46A8-AC88-7589F091916E}.Debug|iPhoneSimulator.Build.0 = Debug|Any CPU
		{E9CB202F-0127-46A8-AC88-7589F091916E}.Debug|iPhoneSimulator.Deploy.0 = Debug|Any CPU
		{E9CB202F-0127-46A8-AC88-7589F091916E}.Debug|x64.ActiveCfg = Debug|Any CPU
		{E9CB202F-0127-46A8-AC88-7589F091916E}.Debug|x64.Build.0 = Debug|Any CPU
		{E9CB202F-0127-46A8-AC88-7589F091916E}.Debug|x64.Deploy.0 = Debug|Any CPU
		{E9CB202F-0127-46A8-AC88-7589F091916E}.Debug|x86.ActiveCfg = Debug|Any CPU
		{E9CB202F-0127-46A8-AC88-7589F091916E}.Debug|x86.Build.0 = Debug|Any CPU
		{E9CB202F-0127-46A8-AC88-7589F091916E}.Debug|x86.Deploy.0 = Debug|Any CPU
		{E9CB202F-0127-46A8-AC88-7589F091916E}.Release|Any CPU.ActiveCfg = Release|Any CPU
		{E9CB202F-0127-46A8-AC88-7589F091916E}.Release|Any CPU.Build.0 = Release|Any CPU
		{E9CB202F-0127-46A8-AC88-7589F091916E}.Release|Any CPU.Deploy.0 = Release|Any CPU
		{E9CB202F-0127-46A8-AC88-7589F091916E}.Release|ARM.ActiveCfg = Release|Any CPU
		{E9CB202F-0127-46A8-AC88-7589F091916E}.Release|ARM.Build.0 = Release|Any CPU
		{E9CB202F-0127-46A8-AC88-7589F091916E}.Release|ARM.Deploy.0 = Release|Any CPU
		{E9CB202F-0127-46A8-AC88-7589F091916E}.Release|iPhone.ActiveCfg = Release|Any CPU
		{E9CB202F-0127-46A8-AC88-7589F091916E}.Release|iPhone.Build.0 = Release|Any CPU
		{E9CB202F-0127-46A8-AC88-7589F091916E}.Release|iPhone.Deploy.0 = Release|Any CPU
		{E9CB202F-0127-46A8-AC88-7589F091916E}.Release|iPhoneSimulator.ActiveCfg = Release|Any CPU
		{E9CB202F-0127-46A8-AC88-7589F091916E}.Release|iPhoneSimulator.Build.0 = Release|Any CPU
		{E9CB202F-0127-46A8-AC88-7589F091916E}.Release|iPhoneSimulator.Deploy.0 = Release|Any CPU
		{E9CB202F-0127-46A8-AC88-7589F091916E}.Release|x64.ActiveCfg = Release|Any CPU
		{E9CB202F-0127-46A8-AC88-7589F091916E}.Release|x64.Build.0 = Release|Any CPU
		{E9CB202F-0127-46A8-AC88-7589F091916E}.Release|x64.Deploy.0 = Release|Any CPU
		{E9CB202F-0127-46A8-AC88-7589F091916E}.Release|x86.ActiveCfg = Release|Any CPU
		{E9CB202F-0127-46A8-AC88-7589F091916E}.Release|x86.Build.0 = Release|Any CPU
		{E9CB202F-0127-46A8-AC88-7589F091916E}.Release|x86.Deploy.0 = Release|Any CPU
		{B49AA89B-5156-431A-B97C-333969CE9920}.Debug|Any CPU.ActiveCfg = Debug|iPhone
		{B49AA89B-5156-431A-B97C-333969CE9920}.Debug|Any CPU.Build.0 = Debug|iPhone
		{B49AA89B-5156-431A-B97C-333969CE9920}.Debug|Any CPU.Deploy.0 = Debug|iPhone
		{B49AA89B-5156-431A-B97C-333969CE9920}.Debug|ARM.ActiveCfg = Debug|iPhone
		{B49AA89B-5156-431A-B97C-333969CE9920}.Debug|ARM.Build.0 = Debug|iPhone
		{B49AA89B-5156-431A-B97C-333969CE9920}.Debug|ARM.Deploy.0 = Debug|iPhone
		{B49AA89B-5156-431A-B97C-333969CE9920}.Debug|iPhone.ActiveCfg = Debug|iPhone
		{B49AA89B-5156-431A-B97C-333969CE9920}.Debug|iPhone.Build.0 = Debug|iPhone
		{B49AA89B-5156-431A-B97C-333969CE9920}.Debug|iPhone.Deploy.0 = Debug|iPhone
		{B49AA89B-5156-431A-B97C-333969CE9920}.Debug|iPhoneSimulator.ActiveCfg = Debug|iPhoneSimulator
		{B49AA89B-5156-431A-B97C-333969CE9920}.Debug|iPhoneSimulator.Build.0 = Debug|iPhoneSimulator
		{B49AA89B-5156-431A-B97C-333969CE9920}.Debug|iPhoneSimulator.Deploy.0 = Debug|iPhoneSimulator
		{B49AA89B-5156-431A-B97C-333969CE9920}.Debug|x64.ActiveCfg = Debug|iPhone
		{B49AA89B-5156-431A-B97C-333969CE9920}.Debug|x64.Build.0 = Debug|iPhone
		{B49AA89B-5156-431A-B97C-333969CE9920}.Debug|x64.Deploy.0 = Debug|iPhone
		{B49AA89B-5156-431A-B97C-333969CE9920}.Debug|x86.ActiveCfg = Debug|iPhone
		{B49AA89B-5156-431A-B97C-333969CE9920}.Debug|x86.Build.0 = Debug|iPhone
		{B49AA89B-5156-431A-B97C-333969CE9920}.Debug|x86.Deploy.0 = Debug|iPhone
		{B49AA89B-5156-431A-B97C-333969CE9920}.Release|Any CPU.ActiveCfg = Release|iPhone
		{B49AA89B-5156-431A-B97C-333969CE9920}.Release|Any CPU.Build.0 = Release|iPhone
		{B49AA89B-5156-431A-B97C-333969CE9920}.Release|Any CPU.Deploy.0 = Release|iPhone
		{B49AA89B-5156-431A-B97C-333969CE9920}.Release|ARM.ActiveCfg = Release|iPhone
		{B49AA89B-5156-431A-B97C-333969CE9920}.Release|ARM.Build.0 = Release|iPhone
		{B49AA89B-5156-431A-B97C-333969CE9920}.Release|ARM.Deploy.0 = Release|iPhone
		{B49AA89B-5156-431A-B97C-333969CE9920}.Release|iPhone.ActiveCfg = Release|iPhone
		{B49AA89B-5156-431A-B97C-333969CE9920}.Release|iPhone.Build.0 = Release|iPhone
		{B49AA89B-5156-431A-B97C-333969CE9920}.Release|iPhone.Deploy.0 = Release|iPhone
		{B49AA89B-5156-431A-B97C-333969CE9920}.Release|iPhoneSimulator.ActiveCfg = Release|iPhoneSimulator
		{B49AA89B-5156-431A-B97C-333969CE9920}.Release|iPhoneSimulator.Build.0 = Release|iPhoneSimulator
		{B49AA89B-5156-431A-B97C-333969CE9920}.Release|iPhoneSimulator.Deploy.0 = Release|iPhoneSimulator
		{B49AA89B-5156-431A-B97C-333969CE9920}.Release|x64.ActiveCfg = Release|iPhone
		{B49AA89B-5156-431A-B97C-333969CE9920}.Release|x64.Build.0 = Release|iPhone
		{B49AA89B-5156-431A-B97C-333969CE9920}.Release|x64.Deploy.0 = Release|iPhone
		{B49AA89B-5156-431A-B97C-333969CE9920}.Release|x86.ActiveCfg = Release|iPhone
		{B49AA89B-5156-431A-B97C-333969CE9920}.Release|x86.Build.0 = Release|iPhone
		{B49AA89B-5156-431A-B97C-333969CE9920}.Release|x86.Deploy.0 = Release|iPhone
		{E74EA5FF-49ED-4FB0-B18C-C09C1195F365}.Debug|Any CPU.ActiveCfg = Debug|Any CPU
		{E74EA5FF-49ED-4FB0-B18C-C09C1195F365}.Debug|Any CPU.Build.0 = Debug|Any CPU
		{E74EA5FF-49ED-4FB0-B18C-C09C1195F365}.Debug|Any CPU.Deploy.0 = Debug|Any CPU
		{E74EA5FF-49ED-4FB0-B18C-C09C1195F365}.Debug|ARM.ActiveCfg = Debug|Any CPU
		{E74EA5FF-49ED-4FB0-B18C-C09C1195F365}.Debug|ARM.Build.0 = Debug|Any CPU
		{E74EA5FF-49ED-4FB0-B18C-C09C1195F365}.Debug|ARM.Deploy.0 = Debug|Any CPU
		{E74EA5FF-49ED-4FB0-B18C-C09C1195F365}.Debug|iPhone.ActiveCfg = Debug|Any CPU
		{E74EA5FF-49ED-4FB0-B18C-C09C1195F365}.Debug|iPhone.Build.0 = Debug|Any CPU
		{E74EA5FF-49ED-4FB0-B18C-C09C1195F365}.Debug|iPhone.Deploy.0 = Debug|Any CPU
		{E74EA5FF-49ED-4FB0-B18C-C09C1195F365}.Debug|iPhoneSimulator.ActiveCfg = Debug|Any CPU
		{E74EA5FF-49ED-4FB0-B18C-C09C1195F365}.Debug|iPhoneSimulator.Build.0 = Debug|Any CPU
		{E74EA5FF-49ED-4FB0-B18C-C09C1195F365}.Debug|iPhoneSimulator.Deploy.0 = Debug|Any CPU
		{E74EA5FF-49ED-4FB0-B18C-C09C1195F365}.Debug|x64.ActiveCfg = Debug|Any CPU
		{E74EA5FF-49ED-4FB0-B18C-C09C1195F365}.Debug|x64.Build.0 = Debug|Any CPU
		{E74EA5FF-49ED-4FB0-B18C-C09C1195F365}.Debug|x64.Deploy.0 = Debug|Any CPU
		{E74EA5FF-49ED-4FB0-B18C-C09C1195F365}.Debug|x86.ActiveCfg = Debug|Any CPU
		{E74EA5FF-49ED-4FB0-B18C-C09C1195F365}.Debug|x86.Build.0 = Debug|Any CPU
		{E74EA5FF-49ED-4FB0-B18C-C09C1195F365}.Debug|x86.Deploy.0 = Debug|Any CPU
		{E74EA5FF-49ED-4FB0-B18C-C09C1195F365}.Release|Any CPU.ActiveCfg = Release|Any CPU
		{E74EA5FF-49ED-4FB0-B18C-C09C1195F365}.Release|Any CPU.Build.0 = Release|Any CPU
		{E74EA5FF-49ED-4FB0-B18C-C09C1195F365}.Release|Any CPU.Deploy.0 = Release|Any CPU
		{E74EA5FF-49ED-4FB0-B18C-C09C1195F365}.Release|ARM.ActiveCfg = Release|Any CPU
		{E74EA5FF-49ED-4FB0-B18C-C09C1195F365}.Release|ARM.Build.0 = Release|Any CPU
		{E74EA5FF-49ED-4FB0-B18C-C09C1195F365}.Release|ARM.Deploy.0 = Release|Any CPU
		{E74EA5FF-49ED-4FB0-B18C-C09C1195F365}.Release|iPhone.ActiveCfg = Release|Any CPU
		{E74EA5FF-49ED-4FB0-B18C-C09C1195F365}.Release|iPhone.Build.0 = Release|Any CPU
		{E74EA5FF-49ED-4FB0-B18C-C09C1195F365}.Release|iPhone.Deploy.0 = Release|Any CPU
		{E74EA5FF-49ED-4FB0-B18C-C09C1195F365}.Release|iPhoneSimulator.ActiveCfg = Release|Any CPU
		{E74EA5FF-49ED-4FB0-B18C-C09C1195F365}.Release|iPhoneSimulator.Build.0 = Release|Any CPU
		{E74EA5FF-49ED-4FB0-B18C-C09C1195F365}.Release|iPhoneSimulator.Deploy.0 = Release|Any CPU
		{E74EA5FF-49ED-4FB0-B18C-C09C1195F365}.Release|x64.ActiveCfg = Release|Any CPU
		{E74EA5FF-49ED-4FB0-B18C-C09C1195F365}.Release|x64.Build.0 = Release|Any CPU
		{E74EA5FF-49ED-4FB0-B18C-C09C1195F365}.Release|x64.Deploy.0 = Release|Any CPU
		{E74EA5FF-49ED-4FB0-B18C-C09C1195F365}.Release|x86.ActiveCfg = Release|Any CPU
		{E74EA5FF-49ED-4FB0-B18C-C09C1195F365}.Release|x86.Build.0 = Release|Any CPU
		{E74EA5FF-49ED-4FB0-B18C-C09C1195F365}.Release|x86.Deploy.0 = Release|Any CPU
	EndGlobalSection
	GlobalSection(SolutionProperties) = preSolution
		HideSolutionNode = FALSE
	EndGlobalSection
	GlobalSection(ExtensibilityGlobals) = postSolution
		SolutionGuid = {51C6D204-F897-4CBB-B730-CBE330A762B8}
	EndGlobalSection
EndGlobal
