
Microsoft Visual Studio Solution File, Format Version 12.00
# Visual Studio Version 16
VisualStudioVersion = 16.0.30413.136
MinimumVisualStudioVersion = 10.0.40219.1
Project("{FAE04EC0-301F-11D3-BF4B-00C04F79EFBC}") = "ResourceTrees.UWP", "ResourceTrees\ResourceTrees.UWP\ResourceTrees.UWP.csproj", "{3236165A-32F4-47AC-BEE7-D7C129BB1B59}"
EndProject
Project("{FAE04EC0-301F-11D3-BF4B-00C04F79EFBC}") = "ResourceTrees.Android", "ResourceTrees\ResourceTrees.Android\ResourceTrees.Android.csproj", "{09BA6B61-543F-4B17-A55C-3CC75943BAD7}"
EndProject
Project("{FAE04EC0-301F-11D3-BF4B-00C04F79EFBC}") = "ResourceTrees.iOS", "ResourceTrees\ResourceTrees.iOS\ResourceTrees.iOS.csproj", "{CC4860D2-52E8-4A8C-AE05-A47B5754ABC5}"
EndProject
Project("{FAE04EC0-301F-11D3-BF4B-00C04F79EFBC}") = "ResourceTrees", "ResourceTrees\ResourceTrees\ResourceTrees.csproj", "{1DC3834D-55DC-4852-B34D-D5BA3369A60A}"
EndProject
Global
	GlobalSection(SolutionConfigurationPlatforms) = preSolution
		Debug|Any CPU = Debug|Any CPU
		Debug|ARM = Debug|ARM
		Debug|iPhone = Debug|iPhone
		Debug|iPhoneSimulator = Debug|iPhoneSimulator
		Debug|x64 = Debug|x64
		Debug|x86 = Debug|x86
		Release|Any CPU = Release|Any CPU
		Release|ARM = Release|ARM
		Release|iPhone = Release|iPhone
		Release|iPhoneSimulator = Release|iPhoneSimulator
		Release|x64 = Release|x64
		Release|x86 = Release|x86
	EndGlobalSection
	GlobalSection(ProjectConfigurationPlatforms) = postSolution
		{3236165A-32F4-47AC-BEE7-D7C129BB1B59}.Debug|Any CPU.ActiveCfg = Debug|x86
		{3236165A-32F4-47AC-BEE7-D7C129BB1B59}.Debug|Any CPU.Build.0 = Debug|x86
		{3236165A-32F4-47AC-BEE7-D7C129BB1B59}.Debug|Any CPU.Deploy.0 = Debug|x86
		{3236165A-32F4-47AC-BEE7-D7C129BB1B59}.Debug|ARM.ActiveCfg = Debug|ARM
		{3236165A-32F4-47AC-BEE7-D7C129BB1B59}.Debug|ARM.Build.0 = Debug|ARM
		{3236165A-32F4-47AC-BEE7-D7C129BB1B59}.Debug|ARM.Deploy.0 = Debug|ARM
		{3236165A-32F4-47AC-BEE7-D7C129BB1B59}.Debug|iPhone.ActiveCfg = Debug|x86
		{3236165A-32F4-47AC-BEE7-D7C129BB1B59}.Debug|iPhone.Build.0 = Debug|x86
		{3236165A-32F4-47AC-BEE7-D7C129BB1B59}.Debug|iPhone.Deploy.0 = Debug|x86
		{3236165A-32F4-47AC-BEE7-D7C129BB1B59}.Debug|iPhoneSimulator.ActiveCfg = Debug|x86
		{3236165A-32F4-47AC-BEE7-D7C129BB1B59}.Debug|iPhoneSimulator.Build.0 = Debug|x86
		{3236165A-32F4-47AC-BEE7-D7C129BB1B59}.Debug|iPhoneSimulator.Deploy.0 = Debug|x86
		{3236165A-32F4-47AC-BEE7-D7C129BB1B59}.Debug|x64.ActiveCfg = Debug|x64
		{3236165A-32F4-47AC-BEE7-D7C129BB1B59}.Debug|x64.Build.0 = Debug|x64
		{3236165A-32F4-47AC-BEE7-D7C129BB1B59}.Debug|x64.Deploy.0 = Debug|x64
		{3236165A-32F4-47AC-BEE7-D7C129BB1B59}.Debug|x86.ActiveCfg = Debug|x86
		{3236165A-32F4-47AC-BEE7-D7C129BB1B59}.Debug|x86.Build.0 = Debug|x86
		{3236165A-32F4-47AC-BEE7-D7C129BB1B59}.Debug|x86.Deploy.0 = Debug|x86
		{3236165A-32F4-47AC-BEE7-D7C129BB1B59}.Release|Any CPU.ActiveCfg = Release|x86
		{3236165A-32F4-47AC-BEE7-D7C129BB1B59}.Release|Any CPU.Build.0 = Release|x86
		{3236165A-32F4-47AC-BEE7-D7C129BB1B59}.Release|Any CPU.Deploy.0 = Release|x86
		{3236165A-32F4-47AC-BEE7-D7C129BB1B59}.Release|ARM.ActiveCfg = Release|ARM
		{3236165A-32F4-47AC-BEE7-D7C129BB1B59}.Release|ARM.Build.0 = Release|ARM
		{3236165A-32F4-47AC-BEE7-D7C129BB1B59}.Release|ARM.Deploy.0 = Release|ARM
		{3236165A-32F4-47AC-BEE7-D7C129BB1B59}.Release|iPhone.ActiveCfg = Release|x86
		{3236165A-32F4-47AC-BEE7-D7C129BB1B59}.Release|iPhone.Build.0 = Release|x86
		{3236165A-32F4-47AC-BEE7-D7C129BB1B59}.Release|iPhone.Deploy.0 = Release|x86
		{3236165A-32F4-47AC-BEE7-D7C129BB1B59}.Release|iPhoneSimulator.ActiveCfg = Release|x86
		{3236165A-32F4-47AC-BEE7-D7C129BB1B59}.Release|iPhoneSimulator.Build.0 = Release|x86
		{3236165A-32F4-47AC-BEE7-D7C129BB1B59}.Release|iPhoneSimulator.Deploy.0 = Release|x86
		{3236165A-32F4-47AC-BEE7-D7C129BB1B59}.Release|x64.ActiveCfg = Release|x64
		{3236165A-32F4-47AC-BEE7-D7C129BB1B59}.Release|x64.Build.0 = Release|x64
		{3236165A-32F4-47AC-BEE7-D7C129BB1B59}.Release|x64.Deploy.0 = Release|x64
		{3236165A-32F4-47AC-BEE7-D7C129BB1B59}.Release|x86.ActiveCfg = Release|x86
		{3236165A-32F4-47AC-BEE7-D7C129BB1B59}.Release|x86.Build.0 = Release|x86
		{3236165A-32F4-47AC-BEE7-D7C129BB1B59}.Release|x86.Deploy.0 = Release|x86
		{09BA6B61-543F-4B17-A55C-3CC75943BAD7}.Debug|Any CPU.ActiveCfg = Debug|Any CPU
		{09BA6B61-543F-4B17-A55C-3CC75943BAD7}.Debug|Any CPU.Build.0 = Debug|Any CPU
		{09BA6B61-543F-4B17-A55C-3CC75943BAD7}.Debug|Any CPU.Deploy.0 = Debug|Any CPU
		{09BA6B61-543F-4B17-A55C-3CC75943BAD7}.Debug|ARM.ActiveCfg = Debug|Any CPU
		{09BA6B61-543F-4B17-A55C-3CC75943BAD7}.Debug|ARM.Build.0 = Debug|Any CPU
		{09BA6B61-543F-4B17-A55C-3CC75943BAD7}.Debug|ARM.Deploy.0 = Debug|Any CPU
		{09BA6B61-543F-4B17-A55C-3CC75943BAD7}.Debug|iPhone.ActiveCfg = Debug|Any CPU
		{09BA6B61-543F-4B17-A55C-3CC75943BAD7}.Debug|iPhone.Build.0 = Debug|Any CPU
		{09BA6B61-543F-4B17-A55C-3CC75943BAD7}.Debug|iPhone.Deploy.0 = Debug|Any CPU
		{09BA6B61-543F-4B17-A55C-3CC75943BAD7}.Debug|iPhoneSimulator.ActiveCfg = Debug|Any CPU
		{09BA6B61-543F-4B17-A55C-3CC75943BAD7}.Debug|iPhoneSimulator.Build.0 = Debug|Any CPU
		{09BA6B61-543F-4B17-A55C-3CC75943BAD7}.Debug|iPhoneSimulator.Deploy.0 = Debug|Any CPU
		{09BA6B61-543F-4B17-A55C-3CC75943BAD7}.Debug|x64.ActiveCfg = Debug|Any CPU
		{09BA6B61-543F-4B17-A55C-3CC75943BAD7}.Debug|x64.Build.0 = Debug|Any CPU
		{09BA6B61-543F-4B17-A55C-3CC75943BAD7}.Debug|x64.Deploy.0 = Debug|Any CPU
		{09BA6B61-543F-4B17-A55C-3CC75943BAD7}.Debug|x86.ActiveCfg = Debug|Any CPU
		{09BA6B61-543F-4B17-A55C-3CC75943BAD7}.Debug|x86.Build.0 = Debug|Any CPU
		{09BA6B61-543F-4B17-A55C-3CC75943BAD7}.Debug|x86.Deploy.0 = Debug|Any CPU
		{09BA6B61-543F-4B17-A55C-3CC75943BAD7}.Release|Any CPU.ActiveCfg = Release|Any CPU
		{09BA6B61-543F-4B17-A55C-3CC75943BAD7}.Release|Any CPU.Build.0 = Release|Any CPU
		{09BA6B61-543F-4B17-A55C-3CC75943BAD7}.Release|Any CPU.Deploy.0 = Release|Any CPU
		{09BA6B61-543F-4B17-A55C-3CC75943BAD7}.Release|ARM.ActiveCfg = Release|Any CPU
		{09BA6B61-543F-4B17-A55C-3CC75943BAD7}.Release|ARM.Build.0 = Release|Any CPU
		{09BA6B61-543F-4B17-A55C-3CC75943BAD7}.Release|ARM.Deploy.0 = Release|Any CPU
		{09BA6B61-543F-4B17-A55C-3CC75943BAD7}.Release|iPhone.ActiveCfg = Release|Any CPU
		{09BA6B61-543F-4B17-A55C-3CC75943BAD7}.Release|iPhone.Build.0 = Release|Any CPU
		{09BA6B61-543F-4B17-A55C-3CC75943BAD7}.Release|iPhone.Deploy.0 = Release|Any CPU
		{09BA6B61-543F-4B17-A55C-3CC75943BAD7}.Release|iPhoneSimulator.ActiveCfg = Release|Any CPU
		{09BA6B61-543F-4B17-A55C-3CC75943BAD7}.Release|iPhoneSimulator.Build.0 = Release|Any CPU
		{09BA6B61-543F-4B17-A55C-3CC75943BAD7}.Release|iPhoneSimulator.Deploy.0 = Release|Any CPU
		{09BA6B61-543F-4B17-A55C-3CC75943BAD7}.Release|x64.ActiveCfg = Release|Any CPU
		{09BA6B61-543F-4B17-A55C-3CC75943BAD7}.Release|x64.Build.0 = Release|Any CPU
		{09BA6B61-543F-4B17-A55C-3CC75943BAD7}.Release|x64.Deploy.0 = Release|Any CPU
		{09BA6B61-543F-4B17-A55C-3CC75943BAD7}.Release|x86.ActiveCfg = Release|Any CPU
		{09BA6B61-543F-4B17-A55C-3CC75943BAD7}.Release|x86.Build.0 = Release|Any CPU
		{09BA6B61-543F-4B17-A55C-3CC75943BAD7}.Release|x86.Deploy.0 = Release|Any CPU
		{CC4860D2-52E8-4A8C-AE05-A47B5754ABC5}.Debug|Any CPU.ActiveCfg = Debug|iPhone
		{CC4860D2-52E8-4A8C-AE05-A47B5754ABC5}.Debug|Any CPU.Build.0 = Debug|iPhone
		{CC4860D2-52E8-4A8C-AE05-A47B5754ABC5}.Debug|Any CPU.Deploy.0 = Debug|iPhone
		{CC4860D2-52E8-4A8C-AE05-A47B5754ABC5}.Debug|ARM.ActiveCfg = Debug|iPhone
		{CC4860D2-52E8-4A8C-AE05-A47B5754ABC5}.Debug|ARM.Build.0 = Debug|iPhone
		{CC4860D2-52E8-4A8C-AE05-A47B5754ABC5}.Debug|ARM.Deploy.0 = Debug|iPhone
		{CC4860D2-52E8-4A8C-AE05-A47B5754ABC5}.Debug|iPhone.ActiveCfg = Debug|iPhone
		{CC4860D2-52E8-4A8C-AE05-A47B5754ABC5}.Debug|iPhone.Build.0 = Debug|iPhone
		{CC4860D2-52E8-4A8C-AE05-A47B5754ABC5}.Debug|iPhone.Deploy.0 = Debug|iPhone
		{CC4860D2-52E8-4A8C-AE05-A47B5754ABC5}.Debug|iPhoneSimulator.ActiveCfg = Debug|iPhoneSimulator
		{CC4860D2-52E8-4A8C-AE05-A47B5754ABC5}.Debug|iPhoneSimulator.Build.0 = Debug|iPhoneSimulator
		{CC4860D2-52E8-4A8C-AE05-A47B5754ABC5}.Debug|iPhoneSimulator.Deploy.0 = Debug|iPhoneSimulator
		{CC4860D2-52E8-4A8C-AE05-A47B5754ABC5}.Debug|x64.ActiveCfg = Debug|iPhone
		{CC4860D2-52E8-4A8C-AE05-A47B5754ABC5}.Debug|x64.Build.0 = Debug|iPhone
		{CC4860D2-52E8-4A8C-AE05-A47B5754ABC5}.Debug|x64.Deploy.0 = Debug|iPhone
		{CC4860D2-52E8-4A8C-AE05-A47B5754ABC5}.Debug|x86.ActiveCfg = Debug|iPhone
		{CC4860D2-52E8-4A8C-AE05-A47B5754ABC5}.Debug|x86.Build.0 = Debug|iPhone
		{CC4860D2-52E8-4A8C-AE05-A47B5754ABC5}.Debug|x86.Deploy.0 = Debug|iPhone
		{CC4860D2-52E8-4A8C-AE05-A47B5754ABC5}.Release|Any CPU.ActiveCfg = Release|iPhone
		{CC4860D2-52E8-4A8C-AE05-A47B5754ABC5}.Release|Any CPU.Build.0 = Release|iPhone
		{CC4860D2-52E8-4A8C-AE05-A47B5754ABC5}.Release|Any CPU.Deploy.0 = Release|iPhone
		{CC4860D2-52E8-4A8C-AE05-A47B5754ABC5}.Release|ARM.ActiveCfg = Release|iPhone
		{CC4860D2-52E8-4A8C-AE05-A47B5754ABC5}.Release|ARM.Build.0 = Release|iPhone
		{CC4860D2-52E8-4A8C-AE05-A47B5754ABC5}.Release|ARM.Deploy.0 = Release|iPhone
		{CC4860D2-52E8-4A8C-AE05-A47B5754ABC5}.Release|iPhone.ActiveCfg = Release|iPhone
		{CC4860D2-52E8-4A8C-AE05-A47B5754ABC5}.Release|iPhone.Build.0 = Release|iPhone
		{CC4860D2-52E8-4A8C-AE05-A47B5754ABC5}.Release|iPhone.Deploy.0 = Release|iPhone
		{CC4860D2-52E8-4A8C-AE05-A47B5754ABC5}.Release|iPhoneSimulator.ActiveCfg = Release|iPhoneSimulator
		{CC4860D2-52E8-4A8C-AE05-A47B5754ABC5}.Release|iPhoneSimulator.Build.0 = Release|iPhoneSimulator
		{CC4860D2-52E8-4A8C-AE05-A47B5754ABC5}.Release|iPhoneSimulator.Deploy.0 = Release|iPhoneSimulator
		{CC4860D2-52E8-4A8C-AE05-A47B5754ABC5}.Release|x64.ActiveCfg = Release|iPhone
		{CC4860D2-52E8-4A8C-AE05-A47B5754ABC5}.Release|x64.Build.0 = Release|iPhone
		{CC4860D2-52E8-4A8C-AE05-A47B5754ABC5}.Release|x64.Deploy.0 = Release|iPhone
		{CC4860D2-52E8-4A8C-AE05-A47B5754ABC5}.Release|x86.ActiveCfg = Release|iPhone
		{CC4860D2-52E8-4A8C-AE05-A47B5754ABC5}.Release|x86.Build.0 = Release|iPhone
		{CC4860D2-52E8-4A8C-AE05-A47B5754ABC5}.Release|x86.Deploy.0 = Release|iPhone
		{1DC3834D-55DC-4852-B34D-D5BA3369A60A}.Debug|Any CPU.ActiveCfg = Debug|Any CPU
		{1DC3834D-55DC-4852-B34D-D5BA3369A60A}.Debug|Any CPU.Build.0 = Debug|Any CPU
		{1DC3834D-55DC-4852-B34D-D5BA3369A60A}.Debug|Any CPU.Deploy.0 = Debug|Any CPU
		{1DC3834D-55DC-4852-B34D-D5BA3369A60A}.Debug|ARM.ActiveCfg = Debug|Any CPU
		{1DC3834D-55DC-4852-B34D-D5BA3369A60A}.Debug|ARM.Build.0 = Debug|Any CPU
		{1DC3834D-55DC-4852-B34D-D5BA3369A60A}.Debug|ARM.Deploy.0 = Debug|Any CPU
		{1DC3834D-55DC-4852-B34D-D5BA3369A60A}.Debug|iPhone.ActiveCfg = Debug|Any CPU
		{1DC3834D-55DC-4852-B34D-D5BA3369A60A}.Debug|iPhone.Build.0 = Debug|Any CPU
		{1DC3834D-55DC-4852-B34D-D5BA3369A60A}.Debug|iPhone.Deploy.0 = Debug|Any CPU
		{1DC3834D-55DC-4852-B34D-D5BA3369A60A}.Debug|iPhoneSimulator.ActiveCfg = Debug|Any CPU
		{1DC3834D-55DC-4852-B34D-D5BA3369A60A}.Debug|iPhoneSimulator.Build.0 = Debug|Any CPU
		{1DC3834D-55DC-4852-B34D-D5BA3369A60A}.Debug|iPhoneSimulator.Deploy.0 = Debug|Any CPU
		{1DC3834D-55DC-4852-B34D-D5BA3369A60A}.Debug|x64.ActiveCfg = Debug|Any CPU
		{1DC3834D-55DC-4852-B34D-D5BA3369A60A}.Debug|x64.Build.0 = Debug|Any CPU
		{1DC3834D-55DC-4852-B34D-D5BA3369A60A}.Debug|x64.Deploy.0 = Debug|Any CPU
		{1DC3834D-55DC-4852-B34D-D5BA3369A60A}.Debug|x86.ActiveCfg = Debug|Any CPU
		{1DC3834D-55DC-4852-B34D-D5BA3369A60A}.Debug|x86.Build.0 = Debug|Any CPU
		{1DC3834D-55DC-4852-B34D-D5BA3369A60A}.Debug|x86.Deploy.0 = Debug|Any CPU
		{1DC3834D-55DC-4852-B34D-D5BA3369A60A}.Release|Any CPU.ActiveCfg = Release|Any CPU
		{1DC3834D-55DC-4852-B34D-D5BA3369A60A}.Release|Any CPU.Build.0 = Release|Any CPU
		{1DC3834D-55DC-4852-B34D-D5BA3369A60A}.Release|Any CPU.Deploy.0 = Release|Any CPU
		{1DC3834D-55DC-4852-B34D-D5BA3369A60A}.Release|ARM.ActiveCfg = Release|Any CPU
		{1DC3834D-55DC-4852-B34D-D5BA3369A60A}.Release|ARM.Build.0 = Release|Any CPU
		{1DC3834D-55DC-4852-B34D-D5BA3369A60A}.Release|ARM.Deploy.0 = Release|Any CPU
		{1DC3834D-55DC-4852-B34D-D5BA3369A60A}.Release|iPhone.ActiveCfg = Release|Any CPU
		{1DC3834D-55DC-4852-B34D-D5BA3369A60A}.Release|iPhone.Build.0 = Release|Any CPU
		{1DC3834D-55DC-4852-B34D-D5BA3369A60A}.Release|iPhone.Deploy.0 = Release|Any CPU
		{1DC3834D-55DC-4852-B34D-D5BA3369A60A}.Release|iPhoneSimulator.ActiveCfg = Release|Any CPU
		{1DC3834D-55DC-4852-B34D-D5BA3369A60A}.Release|iPhoneSimulator.Build.0 = Release|Any CPU
		{1DC3834D-55DC-4852-B34D-D5BA3369A60A}.Release|iPhoneSimulator.Deploy.0 = Release|Any CPU
		{1DC3834D-55DC-4852-B34D-D5BA3369A60A}.Release|x64.ActiveCfg = Release|Any CPU
		{1DC3834D-55DC-4852-B34D-D5BA3369A60A}.Release|x64.Build.0 = Release|Any CPU
		{1DC3834D-55DC-4852-B34D-D5BA3369A60A}.Release|x64.Deploy.0 = Release|Any CPU
		{1DC3834D-55DC-4852-B34D-D5BA3369A60A}.Release|x86.ActiveCfg = Release|Any CPU
		{1DC3834D-55DC-4852-B34D-D5BA3369A60A}.Release|x86.Build.0 = Release|Any CPU
		{1DC3834D-55DC-4852-B34D-D5BA3369A60A}.Release|x86.Deploy.0 = Release|Any CPU
	EndGlobalSection
	GlobalSection(SolutionProperties) = preSolution
		HideSolutionNode = FALSE
	EndGlobalSection
	GlobalSection(ExtensibilityGlobals) = postSolution
		SolutionGuid = {FBDF2488-8C6A-4E69-926A-246D303783DD}
	EndGlobalSection
EndGlobal
