
Microsoft Visual Studio Solution File, Format Version 12.00
# Visual Studio Version 16
VisualStudioVersion = 16.0.30413.136
MinimumVisualStudioVersion = 10.0.40219.1
Project("{FAE04EC0-301F-11D3-BF4B-00C04F79EFBC}") = "ChessboardDynamic.UWP", "ChessboardDynamic\ChessboardDynamic.UWP\ChessboardDynamic.UWP.csproj", "{B814D36A-0456-4F3E-84B3-04A45BF6EAC2}"
EndProject
Project("{FAE04EC0-301F-11D3-BF4B-00C04F79EFBC}") = "ChessboardDynamic.Android", "ChessboardDynamic\ChessboardDynamic.Android\ChessboardDynamic.Android.csproj", "{A7AE0425-C2CB-4C4D-A107-ED0F05EFDA80}"
EndProject
Project("{FAE04EC0-301F-11D3-BF4B-00C04F79EFBC}") = "ChessboardDynamic.iOS", "ChessboardDynamic\ChessboardDynamic.iOS\ChessboardDynamic.iOS.csproj", "{F98A8B34-91DF-4E52-83EB-87ABF53CFE47}"
EndProject
Project("{FAE04EC0-301F-11D3-BF4B-00C04F79EFBC}") = "ChessboardDynamic", "ChessboardDynamic\ChessboardDynamic\ChessboardDynamic.csproj", "{056B8BA5-0F43-4B1B-9B20-36AD4683196C}"
EndProject
Global
	GlobalSection(SolutionConfigurationPlatforms) = preSolution
		Debug|Any CPU = Debug|Any CPU
		Debug|ARM = Debug|ARM
		Debug|iPhone = Debug|iPhone
		Debug|iPhoneSimulator = Debug|iPhoneSimulator
		Debug|x64 = Debug|x64
		Debug|x86 = Debug|x86
		Release|Any CPU = Release|Any CPU
		Release|ARM = Release|ARM
		Release|iPhone = Release|iPhone
		Release|iPhoneSimulator = Release|iPhoneSimulator
		Release|x64 = Release|x64
		Release|x86 = Release|x86
	EndGlobalSection
	GlobalSection(ProjectConfigurationPlatforms) = postSolution
		{B814D36A-0456-4F3E-84B3-04A45BF6EAC2}.Debug|Any CPU.ActiveCfg = Debug|x86
		{B814D36A-0456-4F3E-84B3-04A45BF6EAC2}.Debug|Any CPU.Build.0 = Debug|x86
		{B814D36A-0456-4F3E-84B3-04A45BF6EAC2}.Debug|Any CPU.Deploy.0 = Debug|x86
		{B814D36A-0456-4F3E-84B3-04A45BF6EAC2}.Debug|ARM.ActiveCfg = Debug|ARM
		{B814D36A-0456-4F3E-84B3-04A45BF6EAC2}.Debug|ARM.Build.0 = Debug|ARM
		{B814D36A-0456-4F3E-84B3-04A45BF6EAC2}.Debug|ARM.Deploy.0 = Debug|ARM
		{B814D36A-0456-4F3E-84B3-04A45BF6EAC2}.Debug|iPhone.ActiveCfg = Debug|x86
		{B814D36A-0456-4F3E-84B3-04A45BF6EAC2}.Debug|iPhone.Build.0 = Debug|x86
		{B814D36A-0456-4F3E-84B3-04A45BF6EAC2}.Debug|iPhone.Deploy.0 = Debug|x86
		{B814D36A-0456-4F3E-84B3-04A45BF6EAC2}.Debug|iPhoneSimulator.ActiveCfg = Debug|x86
		{B814D36A-0456-4F3E-84B3-04A45BF6EAC2}.Debug|iPhoneSimulator.Build.0 = Debug|x86
		{B814D36A-0456-4F3E-84B3-04A45BF6EAC2}.Debug|iPhoneSimulator.Deploy.0 = Debug|x86
		{B814D36A-0456-4F3E-84B3-04A45BF6EAC2}.Debug|x64.ActiveCfg = Debug|x64
		{B814D36A-0456-4F3E-84B3-04A45BF6EAC2}.Debug|x64.Build.0 = Debug|x64
		{B814D36A-0456-4F3E-84B3-04A45BF6EAC2}.Debug|x64.Deploy.0 = Debug|x64
		{B814D36A-0456-4F3E-84B3-04A45BF6EAC2}.Debug|x86.ActiveCfg = Debug|x86
		{B814D36A-0456-4F3E-84B3-04A45BF6EAC2}.Debug|x86.Build.0 = Debug|x86
		{B814D36A-0456-4F3E-84B3-04A45BF6EAC2}.Debug|x86.Deploy.0 = Debug|x86
		{B814D36A-0456-4F3E-84B3-04A45BF6EAC2}.Release|Any CPU.ActiveCfg = Release|x86
		{B814D36A-0456-4F3E-84B3-04A45BF6EAC2}.Release|Any CPU.Build.0 = Release|x86
		{B814D36A-0456-4F3E-84B3-04A45BF6EAC2}.Release|Any CPU.Deploy.0 = Release|x86
		{B814D36A-0456-4F3E-84B3-04A45BF6EAC2}.Release|ARM.ActiveCfg = Release|ARM
		{B814D36A-0456-4F3E-84B3-04A45BF6EAC2}.Release|ARM.Build.0 = Release|ARM
		{B814D36A-0456-4F3E-84B3-04A45BF6EAC2}.Release|ARM.Deploy.0 = Release|ARM
		{B814D36A-0456-4F3E-84B3-04A45BF6EAC2}.Release|iPhone.ActiveCfg = Release|x86
		{B814D36A-0456-4F3E-84B3-04A45BF6EAC2}.Release|iPhone.Build.0 = Release|x86
		{B814D36A-0456-4F3E-84B3-04A45BF6EAC2}.Release|iPhone.Deploy.0 = Release|x86
		{B814D36A-0456-4F3E-84B3-04A45BF6EAC2}.Release|iPhoneSimulator.ActiveCfg = Release|x86
		{B814D36A-0456-4F3E-84B3-04A45BF6EAC2}.Release|iPhoneSimulator.Build.0 = Release|x86
		{B814D36A-0456-4F3E-84B3-04A45BF6EAC2}.Release|iPhoneSimulator.Deploy.0 = Release|x86
		{B814D36A-0456-4F3E-84B3-04A45BF6EAC2}.Release|x64.ActiveCfg = Release|x64
		{B814D36A-0456-4F3E-84B3-04A45BF6EAC2}.Release|x64.Build.0 = Release|x64
		{B814D36A-0456-4F3E-84B3-04A45BF6EAC2}.Release|x64.Deploy.0 = Release|x64
		{B814D36A-0456-4F3E-84B3-04A45BF6EAC2}.Release|x86.ActiveCfg = Release|x86
		{B814D36A-0456-4F3E-84B3-04A45BF6EAC2}.Release|x86.Build.0 = Release|x86
		{B814D36A-0456-4F3E-84B3-04A45BF6EAC2}.Release|x86.Deploy.0 = Release|x86
		{A7AE0425-C2CB-4C4D-A107-ED0F05EFDA80}.Debug|Any CPU.ActiveCfg = Debug|Any CPU
		{A7AE0425-C2CB-4C4D-A107-ED0F05EFDA80}.Debug|Any CPU.Build.0 = Debug|Any CPU
		{A7AE0425-C2CB-4C4D-A107-ED0F05EFDA80}.Debug|Any CPU.Deploy.0 = Debug|Any CPU
		{A7AE0425-C2CB-4C4D-A107-ED0F05EFDA80}.Debug|ARM.ActiveCfg = Debug|Any CPU
		{A7AE0425-C2CB-4C4D-A107-ED0F05EFDA80}.Debug|ARM.Build.0 = Debug|Any CPU
		{A7AE0425-C2CB-4C4D-A107-ED0F05EFDA80}.Debug|ARM.Deploy.0 = Debug|Any CPU
		{A7AE0425-C2CB-4C4D-A107-ED0F05EFDA80}.Debug|iPhone.ActiveCfg = Debug|Any CPU
		{A7AE0425-C2CB-4C4D-A107-ED0F05EFDA80}.Debug|iPhone.Build.0 = Debug|Any CPU
		{A7AE0425-C2CB-4C4D-A107-ED0F05EFDA80}.Debug|iPhone.Deploy.0 = Debug|Any CPU
		{A7AE0425-C2CB-4C4D-A107-ED0F05EFDA80}.Debug|iPhoneSimulator.ActiveCfg = Debug|Any CPU
		{A7AE0425-C2CB-4C4D-A107-ED0F05EFDA80}.Debug|iPhoneSimulator.Build.0 = Debug|Any CPU
		{A7AE0425-C2CB-4C4D-A107-ED0F05EFDA80}.Debug|iPhoneSimulator.Deploy.0 = Debug|Any CPU
		{A7AE0425-C2CB-4C4D-A107-ED0F05EFDA80}.Debug|x64.ActiveCfg = Debug|Any CPU
		{A7AE0425-C2CB-4C4D-A107-ED0F05EFDA80}.Debug|x64.Build.0 = Debug|Any CPU
		{A7AE0425-C2CB-4C4D-A107-ED0F05EFDA80}.Debug|x64.Deploy.0 = Debug|Any CPU
		{A7AE0425-C2CB-4C4D-A107-ED0F05EFDA80}.Debug|x86.ActiveCfg = Debug|Any CPU
		{A7AE0425-C2CB-4C4D-A107-ED0F05EFDA80}.Debug|x86.Build.0 = Debug|Any CPU
		{A7AE0425-C2CB-4C4D-A107-ED0F05EFDA80}.Debug|x86.Deploy.0 = Debug|Any CPU
		{A7AE0425-C2CB-4C4D-A107-ED0F05EFDA80}.Release|Any CPU.ActiveCfg = Release|Any CPU
		{A7AE0425-C2CB-4C4D-A107-ED0F05EFDA80}.Release|Any CPU.Build.0 = Release|Any CPU
		{A7AE0425-C2CB-4C4D-A107-ED0F05EFDA80}.Release|Any CPU.Deploy.0 = Release|Any CPU
		{A7AE0425-C2CB-4C4D-A107-ED0F05EFDA80}.Release|ARM.ActiveCfg = Release|Any CPU
		{A7AE0425-C2CB-4C4D-A107-ED0F05EFDA80}.Release|ARM.Build.0 = Release|Any CPU
		{A7AE0425-C2CB-4C4D-A107-ED0F05EFDA80}.Release|ARM.Deploy.0 = Release|Any CPU
		{A7AE0425-C2CB-4C4D-A107-ED0F05EFDA80}.Release|iPhone.ActiveCfg = Release|Any CPU
		{A7AE0425-C2CB-4C4D-A107-ED0F05EFDA80}.Release|iPhone.Build.0 = Release|Any CPU
		{A7AE0425-C2CB-4C4D-A107-ED0F05EFDA80}.Release|iPhone.Deploy.0 = Release|Any CPU
		{A7AE0425-C2CB-4C4D-A107-ED0F05EFDA80}.Release|iPhoneSimulator.ActiveCfg = Release|Any CPU
		{A7AE0425-C2CB-4C4D-A107-ED0F05EFDA80}.Release|iPhoneSimulator.Build.0 = Release|Any CPU
		{A7AE0425-C2CB-4C4D-A107-ED0F05EFDA80}.Release|iPhoneSimulator.Deploy.0 = Release|Any CPU
		{A7AE0425-C2CB-4C4D-A107-ED0F05EFDA80}.Release|x64.ActiveCfg = Release|Any CPU
		{A7AE0425-C2CB-4C4D-A107-ED0F05EFDA80}.Release|x64.Build.0 = Release|Any CPU
		{A7AE0425-C2CB-4C4D-A107-ED0F05EFDA80}.Release|x64.Deploy.0 = Release|Any CPU
		{A7AE0425-C2CB-4C4D-A107-ED0F05EFDA80}.Release|x86.ActiveCfg = Release|Any CPU
		{A7AE0425-C2CB-4C4D-A107-ED0F05EFDA80}.Release|x86.Build.0 = Release|Any CPU
		{A7AE0425-C2CB-4C4D-A107-ED0F05EFDA80}.Release|x86.Deploy.0 = Release|Any CPU
		{F98A8B34-91DF-4E52-83EB-87ABF53CFE47}.Debug|Any CPU.ActiveCfg = Debug|iPhone
		{F98A8B34-91DF-4E52-83EB-87ABF53CFE47}.Debug|Any CPU.Build.0 = Debug|iPhone
		{F98A8B34-91DF-4E52-83EB-87ABF53CFE47}.Debug|Any CPU.Deploy.0 = Debug|iPhone
		{F98A8B34-91DF-4E52-83EB-87ABF53CFE47}.Debug|ARM.ActiveCfg = Debug|iPhone
		{F98A8B34-91DF-4E52-83EB-87ABF53CFE47}.Debug|ARM.Build.0 = Debug|iPhone
		{F98A8B34-91DF-4E52-83EB-87ABF53CFE47}.Debug|ARM.Deploy.0 = Debug|iPhone
		{F98A8B34-91DF-4E52-83EB-87ABF53CFE47}.Debug|iPhone.ActiveCfg = Debug|iPhone
		{F98A8B34-91DF-4E52-83EB-87ABF53CFE47}.Debug|iPhone.Build.0 = Debug|iPhone
		{F98A8B34-91DF-4E52-83EB-87ABF53CFE47}.Debug|iPhone.Deploy.0 = Debug|iPhone
		{F98A8B34-91DF-4E52-83EB-87ABF53CFE47}.Debug|iPhoneSimulator.ActiveCfg = Debug|iPhoneSimulator
		{F98A8B34-91DF-4E52-83EB-87ABF53CFE47}.Debug|iPhoneSimulator.Build.0 = Debug|iPhoneSimulator
		{F98A8B34-91DF-4E52-83EB-87ABF53CFE47}.Debug|iPhoneSimulator.Deploy.0 = Debug|iPhoneSimulator
		{F98A8B34-91DF-4E52-83EB-87ABF53CFE47}.Debug|x64.ActiveCfg = Debug|iPhone
		{F98A8B34-91DF-4E52-83EB-87ABF53CFE47}.Debug|x64.Build.0 = Debug|iPhone
		{F98A8B34-91DF-4E52-83EB-87ABF53CFE47}.Debug|x64.Deploy.0 = Debug|iPhone
		{F98A8B34-91DF-4E52-83EB-87ABF53CFE47}.Debug|x86.ActiveCfg = Debug|iPhone
		{F98A8B34-91DF-4E52-83EB-87ABF53CFE47}.Debug|x86.Build.0 = Debug|iPhone
		{F98A8B34-91DF-4E52-83EB-87ABF53CFE47}.Debug|x86.Deploy.0 = Debug|iPhone
		{F98A8B34-91DF-4E52-83EB-87ABF53CFE47}.Release|Any CPU.ActiveCfg = Release|iPhone
		{F98A8B34-91DF-4E52-83EB-87ABF53CFE47}.Release|Any CPU.Build.0 = Release|iPhone
		{F98A8B34-91DF-4E52-83EB-87ABF53CFE47}.Release|Any CPU.Deploy.0 = Release|iPhone
		{F98A8B34-91DF-4E52-83EB-87ABF53CFE47}.Release|ARM.ActiveCfg = Release|iPhone
		{F98A8B34-91DF-4E52-83EB-87ABF53CFE47}.Release|ARM.Build.0 = Release|iPhone
		{F98A8B34-91DF-4E52-83EB-87ABF53CFE47}.Release|ARM.Deploy.0 = Release|iPhone
		{F98A8B34-91DF-4E52-83EB-87ABF53CFE47}.Release|iPhone.ActiveCfg = Release|iPhone
		{F98A8B34-91DF-4E52-83EB-87ABF53CFE47}.Release|iPhone.Build.0 = Release|iPhone
		{F98A8B34-91DF-4E52-83EB-87ABF53CFE47}.Release|iPhone.Deploy.0 = Release|iPhone
		{F98A8B34-91DF-4E52-83EB-87ABF53CFE47}.Release|iPhoneSimulator.ActiveCfg = Release|iPhoneSimulator
		{F98A8B34-91DF-4E52-83EB-87ABF53CFE47}.Release|iPhoneSimulator.Build.0 = Release|iPhoneSimulator
		{F98A8B34-91DF-4E52-83EB-87ABF53CFE47}.Release|iPhoneSimulator.Deploy.0 = Release|iPhoneSimulator
		{F98A8B34-91DF-4E52-83EB-87ABF53CFE47}.Release|x64.ActiveCfg = Release|iPhone
		{F98A8B34-91DF-4E52-83EB-87ABF53CFE47}.Release|x64.Build.0 = Release|iPhone
		{F98A8B34-91DF-4E52-83EB-87ABF53CFE47}.Release|x64.Deploy.0 = Release|iPhone
		{F98A8B34-91DF-4E52-83EB-87ABF53CFE47}.Release|x86.ActiveCfg = Release|iPhone
		{F98A8B34-91DF-4E52-83EB-87ABF53CFE47}.Release|x86.Build.0 = Release|iPhone
		{F98A8B34-91DF-4E52-83EB-87ABF53CFE47}.Release|x86.Deploy.0 = Release|iPhone
		{056B8BA5-0F43-4B1B-9B20-36AD4683196C}.Debug|Any CPU.ActiveCfg = Debug|Any CPU
		{056B8BA5-0F43-4B1B-9B20-36AD4683196C}.Debug|Any CPU.Build.0 = Debug|Any CPU
		{056B8BA5-0F43-4B1B-9B20-36AD4683196C}.Debug|Any CPU.Deploy.0 = Debug|Any CPU
		{056B8BA5-0F43-4B1B-9B20-36AD4683196C}.Debug|ARM.ActiveCfg = Debug|Any CPU
		{056B8BA5-0F43-4B1B-9B20-36AD4683196C}.Debug|ARM.Build.0 = Debug|Any CPU
		{056B8BA5-0F43-4B1B-9B20-36AD4683196C}.Debug|ARM.Deploy.0 = Debug|Any CPU
		{056B8BA5-0F43-4B1B-9B20-36AD4683196C}.Debug|iPhone.ActiveCfg = Debug|Any CPU
		{056B8BA5-0F43-4B1B-9B20-36AD4683196C}.Debug|iPhone.Build.0 = Debug|Any CPU
		{056B8BA5-0F43-4B1B-9B20-36AD4683196C}.Debug|iPhone.Deploy.0 = Debug|Any CPU
		{056B8BA5-0F43-4B1B-9B20-36AD4683196C}.Debug|iPhoneSimulator.ActiveCfg = Debug|Any CPU
		{056B8BA5-0F43-4B1B-9B20-36AD4683196C}.Debug|iPhoneSimulator.Build.0 = Debug|Any CPU
		{056B8BA5-0F43-4B1B-9B20-36AD4683196C}.Debug|iPhoneSimulator.Deploy.0 = Debug|Any CPU
		{056B8BA5-0F43-4B1B-9B20-36AD4683196C}.Debug|x64.ActiveCfg = Debug|Any CPU
		{056B8BA5-0F43-4B1B-9B20-36AD4683196C}.Debug|x64.Build.0 = Debug|Any CPU
		{056B8BA5-0F43-4B1B-9B20-36AD4683196C}.Debug|x64.Deploy.0 = Debug|Any CPU
		{056B8BA5-0F43-4B1B-9B20-36AD4683196C}.Debug|x86.ActiveCfg = Debug|Any CPU
		{056B8BA5-0F43-4B1B-9B20-36AD4683196C}.Debug|x86.Build.0 = Debug|Any CPU
		{056B8BA5-0F43-4B1B-9B20-36AD4683196C}.Debug|x86.Deploy.0 = Debug|Any CPU
		{056B8BA5-0F43-4B1B-9B20-36AD4683196C}.Release|Any CPU.ActiveCfg = Release|Any CPU
		{056B8BA5-0F43-4B1B-9B20-36AD4683196C}.Release|Any CPU.Build.0 = Release|Any CPU
		{056B8BA5-0F43-4B1B-9B20-36AD4683196C}.Release|Any CPU.Deploy.0 = Release|Any CPU
		{056B8BA5-0F43-4B1B-9B20-36AD4683196C}.Release|ARM.ActiveCfg = Release|Any CPU
		{056B8BA5-0F43-4B1B-9B20-36AD4683196C}.Release|ARM.Build.0 = Release|Any CPU
		{056B8BA5-0F43-4B1B-9B20-36AD4683196C}.Release|ARM.Deploy.0 = Release|Any CPU
		{056B8BA5-0F43-4B1B-9B20-36AD4683196C}.Release|iPhone.ActiveCfg = Release|Any CPU
		{056B8BA5-0F43-4B1B-9B20-36AD4683196C}.Release|iPhone.Build.0 = Release|Any CPU
		{056B8BA5-0F43-4B1B-9B20-36AD4683196C}.Release|iPhone.Deploy.0 = Release|Any CPU
		{056B8BA5-0F43-4B1B-9B20-36AD4683196C}.Release|iPhoneSimulator.ActiveCfg = Release|Any CPU
		{056B8BA5-0F43-4B1B-9B20-36AD4683196C}.Release|iPhoneSimulator.Build.0 = Release|Any CPU
		{056B8BA5-0F43-4B1B-9B20-36AD4683196C}.Release|iPhoneSimulator.Deploy.0 = Release|Any CPU
		{056B8BA5-0F43-4B1B-9B20-36AD4683196C}.Release|x64.ActiveCfg = Release|Any CPU
		{056B8BA5-0F43-4B1B-9B20-36AD4683196C}.Release|x64.Build.0 = Release|Any CPU
		{056B8BA5-0F43-4B1B-9B20-36AD4683196C}.Release|x64.Deploy.0 = Release|Any CPU
		{056B8BA5-0F43-4B1B-9B20-36AD4683196C}.Release|x86.ActiveCfg = Release|Any CPU
		{056B8BA5-0F43-4B1B-9B20-36AD4683196C}.Release|x86.Build.0 = Release|Any CPU
		{056B8BA5-0F43-4B1B-9B20-36AD4683196C}.Release|x86.Deploy.0 = Release|Any CPU
	EndGlobalSection
	GlobalSection(SolutionProperties) = preSolution
		HideSolutionNode = FALSE
	EndGlobalSection
	GlobalSection(ExtensibilityGlobals) = postSolution
		SolutionGuid = {08A1F6FF-989D-4119-9791-BA66DDD522E1}
	EndGlobalSection
EndGlobal
