
Microsoft Visual Studio Solution File, Format Version 12.00
# Visual Studio Version 16
VisualStudioVersion = 16.0.30413.136
MinimumVisualStudioVersion = 10.0.40219.1
Project("{FAE04EC0-301F-11D3-BF4B-00C04F79EFBC}") = "XamlKeypad.UWP", "XamlKeypad\XamlKeypad.UWP\XamlKeypad.UWP.csproj", "{625ACB63-4FF0-4CFC-AC76-63EBE01F97BD}"
EndProject
Project("{FAE04EC0-301F-11D3-BF4B-00C04F79EFBC}") = "XamlKeypad.Android", "XamlKeypad\XamlKeypad.Android\XamlKeypad.Android.csproj", "{61C87F7D-DCEE-485E-8C08-C13FEA32B516}"
EndProject
Project("{FAE04EC0-301F-11D3-BF4B-00C04F79EFBC}") = "XamlKeypad.iOS", "XamlKeypad\XamlKeypad.iOS\XamlKeypad.iOS.csproj", "{E71195AA-A206-454A-B3BF-37E87F56B8CD}"
EndProject
Project("{FAE04EC0-301F-11D3-BF4B-00C04F79EFBC}") = "XamlKeypad", "XamlKeypad\XamlKeypad\XamlKeypad.csproj", "{276A7F36-51EF-4FB4-B377-BA298353FDF6}"
EndProject
Global
	GlobalSection(SolutionConfigurationPlatforms) = preSolution
		Debug|Any CPU = Debug|Any CPU
		Debug|ARM = Debug|ARM
		Debug|iPhone = Debug|iPhone
		Debug|iPhoneSimulator = Debug|iPhoneSimulator
		Debug|x64 = Debug|x64
		Debug|x86 = Debug|x86
		Release|Any CPU = Release|Any CPU
		Release|ARM = Release|ARM
		Release|iPhone = Release|iPhone
		Release|iPhoneSimulator = Release|iPhoneSimulator
		Release|x64 = Release|x64
		Release|x86 = Release|x86
	EndGlobalSection
	GlobalSection(ProjectConfigurationPlatforms) = postSolution
		{625ACB63-4FF0-4CFC-AC76-63EBE01F97BD}.Debug|Any CPU.ActiveCfg = Debug|x86
		{625ACB63-4FF0-4CFC-AC76-63EBE01F97BD}.Debug|Any CPU.Build.0 = Debug|x86
		{625ACB63-4FF0-4CFC-AC76-63EBE01F97BD}.Debug|Any CPU.Deploy.0 = Debug|x86
		{625ACB63-4FF0-4CFC-AC76-63EBE01F97BD}.Debug|ARM.ActiveCfg = Debug|ARM
		{625ACB63-4FF0-4CFC-AC76-63EBE01F97BD}.Debug|ARM.Build.0 = Debug|ARM
		{625ACB63-4FF0-4CFC-AC76-63EBE01F97BD}.Debug|ARM.Deploy.0 = Debug|ARM
		{625ACB63-4FF0-4CFC-AC76-63EBE01F97BD}.Debug|iPhone.ActiveCfg = Debug|x86
		{625ACB63-4FF0-4CFC-AC76-63EBE01F97BD}.Debug|iPhone.Build.0 = Debug|x86
		{625ACB63-4FF0-4CFC-AC76-63EBE01F97BD}.Debug|iPhone.Deploy.0 = Debug|x86
		{625ACB63-4FF0-4CFC-AC76-63EBE01F97BD}.Debug|iPhoneSimulator.ActiveCfg = Debug|x86
		{625ACB63-4FF0-4CFC-AC76-63EBE01F97BD}.Debug|iPhoneSimulator.Build.0 = Debug|x86
		{625ACB63-4FF0-4CFC-AC76-63EBE01F97BD}.Debug|iPhoneSimulator.Deploy.0 = Debug|x86
		{625ACB63-4FF0-4CFC-AC76-63EBE01F97BD}.Debug|x64.ActiveCfg = Debug|x64
		{625ACB63-4FF0-4CFC-AC76-63EBE01F97BD}.Debug|x64.Build.0 = Debug|x64
		{625ACB63-4FF0-4CFC-AC76-63EBE01F97BD}.Debug|x64.Deploy.0 = Debug|x64
		{625ACB63-4FF0-4CFC-AC76-63EBE01F97BD}.Debug|x86.ActiveCfg = Debug|x86
		{625ACB63-4FF0-4CFC-AC76-63EBE01F97BD}.Debug|x86.Build.0 = Debug|x86
		{625ACB63-4FF0-4CFC-AC76-63EBE01F97BD}.Debug|x86.Deploy.0 = Debug|x86
		{625ACB63-4FF0-4CFC-AC76-63EBE01F97BD}.Release|Any CPU.ActiveCfg = Release|x86
		{625ACB63-4FF0-4CFC-AC76-63EBE01F97BD}.Release|Any CPU.Build.0 = Release|x86
		{625ACB63-4FF0-4CFC-AC76-63EBE01F97BD}.Release|Any CPU.Deploy.0 = Release|x86
		{625ACB63-4FF0-4CFC-AC76-63EBE01F97BD}.Release|ARM.ActiveCfg = Release|ARM
		{625ACB63-4FF0-4CFC-AC76-63EBE01F97BD}.Release|ARM.Build.0 = Release|ARM
		{625ACB63-4FF0-4CFC-AC76-63EBE01F97BD}.Release|ARM.Deploy.0 = Release|ARM
		{625ACB63-4FF0-4CFC-AC76-63EBE01F97BD}.Release|iPhone.ActiveCfg = Release|x86
		{625ACB63-4FF0-4CFC-AC76-63EBE01F97BD}.Release|iPhone.Build.0 = Release|x86
		{625ACB63-4FF0-4CFC-AC76-63EBE01F97BD}.Release|iPhone.Deploy.0 = Release|x86
		{625ACB63-4FF0-4CFC-AC76-63EBE01F97BD}.Release|iPhoneSimulator.ActiveCfg = Release|x86
		{625ACB63-4FF0-4CFC-AC76-63EBE01F97BD}.Release|iPhoneSimulator.Build.0 = Release|x86
		{625ACB63-4FF0-4CFC-AC76-63EBE01F97BD}.Release|iPhoneSimulator.Deploy.0 = Release|x86
		{625ACB63-4FF0-4CFC-AC76-63EBE01F97BD}.Release|x64.ActiveCfg = Release|x64
		{625ACB63-4FF0-4CFC-AC76-63EBE01F97BD}.Release|x64.Build.0 = Release|x64
		{625ACB63-4FF0-4CFC-AC76-63EBE01F97BD}.Release|x64.Deploy.0 = Release|x64
		{625ACB63-4FF0-4CFC-AC76-63EBE01F97BD}.Release|x86.ActiveCfg = Release|x86
		{625ACB63-4FF0-4CFC-AC76-63EBE01F97BD}.Release|x86.Build.0 = Release|x86
		{625ACB63-4FF0-4CFC-AC76-63EBE01F97BD}.Release|x86.Deploy.0 = Release|x86
		{61C87F7D-DCEE-485E-8C08-C13FEA32B516}.Debug|Any CPU.ActiveCfg = Debug|Any CPU
		{61C87F7D-DCEE-485E-8C08-C13FEA32B516}.Debug|Any CPU.Build.0 = Debug|Any CPU
		{61C87F7D-DCEE-485E-8C08-C13FEA32B516}.Debug|Any CPU.Deploy.0 = Debug|Any CPU
		{61C87F7D-DCEE-485E-8C08-C13FEA32B516}.Debug|ARM.ActiveCfg = Debug|Any CPU
		{61C87F7D-DCEE-485E-8C08-C13FEA32B516}.Debug|ARM.Build.0 = Debug|Any CPU
		{61C87F7D-DCEE-485E-8C08-C13FEA32B516}.Debug|ARM.Deploy.0 = Debug|Any CPU
		{61C87F7D-DCEE-485E-8C08-C13FEA32B516}.Debug|iPhone.ActiveCfg = Debug|Any CPU
		{61C87F7D-DCEE-485E-8C08-C13FEA32B516}.Debug|iPhone.Build.0 = Debug|Any CPU
		{61C87F7D-DCEE-485E-8C08-C13FEA32B516}.Debug|iPhone.Deploy.0 = Debug|Any CPU
		{61C87F7D-DCEE-485E-8C08-C13FEA32B516}.Debug|iPhoneSimulator.ActiveCfg = Debug|Any CPU
		{61C87F7D-DCEE-485E-8C08-C13FEA32B516}.Debug|iPhoneSimulator.Build.0 = Debug|Any CPU
		{61C87F7D-DCEE-485E-8C08-C13FEA32B516}.Debug|iPhoneSimulator.Deploy.0 = Debug|Any CPU
		{61C87F7D-DCEE-485E-8C08-C13FEA32B516}.Debug|x64.ActiveCfg = Debug|Any CPU
		{61C87F7D-DCEE-485E-8C08-C13FEA32B516}.Debug|x64.Build.0 = Debug|Any CPU
		{61C87F7D-DCEE-485E-8C08-C13FEA32B516}.Debug|x64.Deploy.0 = Debug|Any CPU
		{61C87F7D-DCEE-485E-8C08-C13FEA32B516}.Debug|x86.ActiveCfg = Debug|Any CPU
		{61C87F7D-DCEE-485E-8C08-C13FEA32B516}.Debug|x86.Build.0 = Debug|Any CPU
		{61C87F7D-DCEE-485E-8C08-C13FEA32B516}.Debug|x86.Deploy.0 = Debug|Any CPU
		{61C87F7D-DCEE-485E-8C08-C13FEA32B516}.Release|Any CPU.ActiveCfg = Release|Any CPU
		{61C87F7D-DCEE-485E-8C08-C13FEA32B516}.Release|Any CPU.Build.0 = Release|Any CPU
		{61C87F7D-DCEE-485E-8C08-C13FEA32B516}.Release|Any CPU.Deploy.0 = Release|Any CPU
		{61C87F7D-DCEE-485E-8C08-C13FEA32B516}.Release|ARM.ActiveCfg = Release|Any CPU
		{61C87F7D-DCEE-485E-8C08-C13FEA32B516}.Release|ARM.Build.0 = Release|Any CPU
		{61C87F7D-DCEE-485E-8C08-C13FEA32B516}.Release|ARM.Deploy.0 = Release|Any CPU
		{61C87F7D-DCEE-485E-8C08-C13FEA32B516}.Release|iPhone.ActiveCfg = Release|Any CPU
		{61C87F7D-DCEE-485E-8C08-C13FEA32B516}.Release|iPhone.Build.0 = Release|Any CPU
		{61C87F7D-DCEE-485E-8C08-C13FEA32B516}.Release|iPhone.Deploy.0 = Release|Any CPU
		{61C87F7D-DCEE-485E-8C08-C13FEA32B516}.Release|iPhoneSimulator.ActiveCfg = Release|Any CPU
		{61C87F7D-DCEE-485E-8C08-C13FEA32B516}.Release|iPhoneSimulator.Build.0 = Release|Any CPU
		{61C87F7D-DCEE-485E-8C08-C13FEA32B516}.Release|iPhoneSimulator.Deploy.0 = Release|Any CPU
		{61C87F7D-DCEE-485E-8C08-C13FEA32B516}.Release|x64.ActiveCfg = Release|Any CPU
		{61C87F7D-DCEE-485E-8C08-C13FEA32B516}.Release|x64.Build.0 = Release|Any CPU
		{61C87F7D-DCEE-485E-8C08-C13FEA32B516}.Release|x64.Deploy.0 = Release|Any CPU
		{61C87F7D-DCEE-485E-8C08-C13FEA32B516}.Release|x86.ActiveCfg = Release|Any CPU
		{61C87F7D-DCEE-485E-8C08-C13FEA32B516}.Release|x86.Build.0 = Release|Any CPU
		{61C87F7D-DCEE-485E-8C08-C13FEA32B516}.Release|x86.Deploy.0 = Release|Any CPU
		{E71195AA-A206-454A-B3BF-37E87F56B8CD}.Debug|Any CPU.ActiveCfg = Debug|iPhone
		{E71195AA-A206-454A-B3BF-37E87F56B8CD}.Debug|Any CPU.Build.0 = Debug|iPhone
		{E71195AA-A206-454A-B3BF-37E87F56B8CD}.Debug|Any CPU.Deploy.0 = Debug|iPhone
		{E71195AA-A206-454A-B3BF-37E87F56B8CD}.Debug|ARM.ActiveCfg = Debug|iPhone
		{E71195AA-A206-454A-B3BF-37E87F56B8CD}.Debug|ARM.Build.0 = Debug|iPhone
		{E71195AA-A206-454A-B3BF-37E87F56B8CD}.Debug|ARM.Deploy.0 = Debug|iPhone
		{E71195AA-A206-454A-B3BF-37E87F56B8CD}.Debug|iPhone.ActiveCfg = Debug|iPhone
		{E71195AA-A206-454A-B3BF-37E87F56B8CD}.Debug|iPhone.Build.0 = Debug|iPhone
		{E71195AA-A206-454A-B3BF-37E87F56B8CD}.Debug|iPhone.Deploy.0 = Debug|iPhone
		{E71195AA-A206-454A-B3BF-37E87F56B8CD}.Debug|iPhoneSimulator.ActiveCfg = Debug|iPhoneSimulator
		{E71195AA-A206-454A-B3BF-37E87F56B8CD}.Debug|iPhoneSimulator.Build.0 = Debug|iPhoneSimulator
		{E71195AA-A206-454A-B3BF-37E87F56B8CD}.Debug|iPhoneSimulator.Deploy.0 = Debug|iPhoneSimulator
		{E71195AA-A206-454A-B3BF-37E87F56B8CD}.Debug|x64.ActiveCfg = Debug|iPhone
		{E71195AA-A206-454A-B3BF-37E87F56B8CD}.Debug|x64.Build.0 = Debug|iPhone
		{E71195AA-A206-454A-B3BF-37E87F56B8CD}.Debug|x64.Deploy.0 = Debug|iPhone
		{E71195AA-A206-454A-B3BF-37E87F56B8CD}.Debug|x86.ActiveCfg = Debug|iPhone
		{E71195AA-A206-454A-B3BF-37E87F56B8CD}.Debug|x86.Build.0 = Debug|iPhone
		{E71195AA-A206-454A-B3BF-37E87F56B8CD}.Debug|x86.Deploy.0 = Debug|iPhone
		{E71195AA-A206-454A-B3BF-37E87F56B8CD}.Release|Any CPU.ActiveCfg = Release|iPhone
		{E71195AA-A206-454A-B3BF-37E87F56B8CD}.Release|Any CPU.Build.0 = Release|iPhone
		{E71195AA-A206-454A-B3BF-37E87F56B8CD}.Release|Any CPU.Deploy.0 = Release|iPhone
		{E71195AA-A206-454A-B3BF-37E87F56B8CD}.Release|ARM.ActiveCfg = Release|iPhone
		{E71195AA-A206-454A-B3BF-37E87F56B8CD}.Release|ARM.Build.0 = Release|iPhone
		{E71195AA-A206-454A-B3BF-37E87F56B8CD}.Release|ARM.Deploy.0 = Release|iPhone
		{E71195AA-A206-454A-B3BF-37E87F56B8CD}.Release|iPhone.ActiveCfg = Release|iPhone
		{E71195AA-A206-454A-B3BF-37E87F56B8CD}.Release|iPhone.Build.0 = Release|iPhone
		{E71195AA-A206-454A-B3BF-37E87F56B8CD}.Release|iPhone.Deploy.0 = Release|iPhone
		{E71195AA-A206-454A-B3BF-37E87F56B8CD}.Release|iPhoneSimulator.ActiveCfg = Release|iPhoneSimulator
		{E71195AA-A206-454A-B3BF-37E87F56B8CD}.Release|iPhoneSimulator.Build.0 = Release|iPhoneSimulator
		{E71195AA-A206-454A-B3BF-37E87F56B8CD}.Release|iPhoneSimulator.Deploy.0 = Release|iPhoneSimulator
		{E71195AA-A206-454A-B3BF-37E87F56B8CD}.Release|x64.ActiveCfg = Release|iPhone
		{E71195AA-A206-454A-B3BF-37E87F56B8CD}.Release|x64.Build.0 = Release|iPhone
		{E71195AA-A206-454A-B3BF-37E87F56B8CD}.Release|x64.Deploy.0 = Release|iPhone
		{E71195AA-A206-454A-B3BF-37E87F56B8CD}.Release|x86.ActiveCfg = Release|iPhone
		{E71195AA-A206-454A-B3BF-37E87F56B8CD}.Release|x86.Build.0 = Release|iPhone
		{E71195AA-A206-454A-B3BF-37E87F56B8CD}.Release|x86.Deploy.0 = Release|iPhone
		{276A7F36-51EF-4FB4-B377-BA298353FDF6}.Debug|Any CPU.ActiveCfg = Debug|Any CPU
		{276A7F36-51EF-4FB4-B377-BA298353FDF6}.Debug|Any CPU.Build.0 = Debug|Any CPU
		{276A7F36-51EF-4FB4-B377-BA298353FDF6}.Debug|Any CPU.Deploy.0 = Debug|Any CPU
		{276A7F36-51EF-4FB4-B377-BA298353FDF6}.Debug|ARM.ActiveCfg = Debug|Any CPU
		{276A7F36-51EF-4FB4-B377-BA298353FDF6}.Debug|ARM.Build.0 = Debug|Any CPU
		{276A7F36-51EF-4FB4-B377-BA298353FDF6}.Debug|ARM.Deploy.0 = Debug|Any CPU
		{276A7F36-51EF-4FB4-B377-BA298353FDF6}.Debug|iPhone.ActiveCfg = Debug|Any CPU
		{276A7F36-51EF-4FB4-B377-BA298353FDF6}.Debug|iPhone.Build.0 = Debug|Any CPU
		{276A7F36-51EF-4FB4-B377-BA298353FDF6}.Debug|iPhone.Deploy.0 = Debug|Any CPU
		{276A7F36-51EF-4FB4-B377-BA298353FDF6}.Debug|iPhoneSimulator.ActiveCfg = Debug|Any CPU
		{276A7F36-51EF-4FB4-B377-BA298353FDF6}.Debug|iPhoneSimulator.Build.0 = Debug|Any CPU
		{276A7F36-51EF-4FB4-B377-BA298353FDF6}.Debug|iPhoneSimulator.Deploy.0 = Debug|Any CPU
		{276A7F36-51EF-4FB4-B377-BA298353FDF6}.Debug|x64.ActiveCfg = Debug|Any CPU
		{276A7F36-51EF-4FB4-B377-BA298353FDF6}.Debug|x64.Build.0 = Debug|Any CPU
		{276A7F36-51EF-4FB4-B377-BA298353FDF6}.Debug|x64.Deploy.0 = Debug|Any CPU
		{276A7F36-51EF-4FB4-B377-BA298353FDF6}.Debug|x86.ActiveCfg = Debug|Any CPU
		{276A7F36-51EF-4FB4-B377-BA298353FDF6}.Debug|x86.Build.0 = Debug|Any CPU
		{276A7F36-51EF-4FB4-B377-BA298353FDF6}.Debug|x86.Deploy.0 = Debug|Any CPU
		{276A7F36-51EF-4FB4-B377-BA298353FDF6}.Release|Any CPU.ActiveCfg = Release|Any CPU
		{276A7F36-51EF-4FB4-B377-BA298353FDF6}.Release|Any CPU.Build.0 = Release|Any CPU
		{276A7F36-51EF-4FB4-B377-BA298353FDF6}.Release|Any CPU.Deploy.0 = Release|Any CPU
		{276A7F36-51EF-4FB4-B377-BA298353FDF6}.Release|ARM.ActiveCfg = Release|Any CPU
		{276A7F36-51EF-4FB4-B377-BA298353FDF6}.Release|ARM.Build.0 = Release|Any CPU
		{276A7F36-51EF-4FB4-B377-BA298353FDF6}.Release|ARM.Deploy.0 = Release|Any CPU
		{276A7F36-51EF-4FB4-B377-BA298353FDF6}.Release|iPhone.ActiveCfg = Release|Any CPU
		{276A7F36-51EF-4FB4-B377-BA298353FDF6}.Release|iPhone.Build.0 = Release|Any CPU
		{276A7F36-51EF-4FB4-B377-BA298353FDF6}.Release|iPhone.Deploy.0 = Release|Any CPU
		{276A7F36-51EF-4FB4-B377-BA298353FDF6}.Release|iPhoneSimulator.ActiveCfg = Release|Any CPU
		{276A7F36-51EF-4FB4-B377-BA298353FDF6}.Release|iPhoneSimulator.Build.0 = Release|Any CPU
		{276A7F36-51EF-4FB4-B377-BA298353FDF6}.Release|iPhoneSimulator.Deploy.0 = Release|Any CPU
		{276A7F36-51EF-4FB4-B377-BA298353FDF6}.Release|x64.ActiveCfg = Release|Any CPU
		{276A7F36-51EF-4FB4-B377-BA298353FDF6}.Release|x64.Build.0 = Release|Any CPU
		{276A7F36-51EF-4FB4-B377-BA298353FDF6}.Release|x64.Deploy.0 = Release|Any CPU
		{276A7F36-51EF-4FB4-B377-BA298353FDF6}.Release|x86.ActiveCfg = Release|Any CPU
		{276A7F36-51EF-4FB4-B377-BA298353FDF6}.Release|x86.Build.0 = Release|Any CPU
		{276A7F36-51EF-4FB4-B377-BA298353FDF6}.Release|x86.Deploy.0 = Release|Any CPU
	EndGlobalSection
	GlobalSection(SolutionProperties) = preSolution
		HideSolutionNode = FALSE
	EndGlobalSection
	GlobalSection(ExtensibilityGlobals) = postSolution
		SolutionGuid = {EC0B3703-C1CB-4338-811E-002C77762B83}
	EndGlobalSection
EndGlobal
