
Microsoft Visual Studio Solution File, Format Version 12.00
# Visual Studio Version 16
VisualStudioVersion = 16.0.30413.136
MinimumVisualStudioVersion = 10.0.40219.1
Project("{FAE04EC0-301F-11D3-BF4B-00C04F79EFBC}") = "ClassHierarchy.UWP", "ClassHierarchy\ClassHierarchy.UWP\ClassHierarchy.UWP.csproj", "{7D7CEB56-692E-4180-88BD-9D266C7C8E06}"
EndProject
Project("{FAE04EC0-301F-11D3-BF4B-00C04F79EFBC}") = "ClassHierarchy.Android", "ClassHierarchy\ClassHierarchy.Android\ClassHierarchy.Android.csproj", "{FD32B45A-06D5-427A-996E-C8029F20C3C7}"
EndProject
Project("{FAE04EC0-301F-11D3-BF4B-00C04F79EFBC}") = "ClassHierarchy.iOS", "ClassHierarchy\ClassHierarchy.iOS\ClassHierarchy.iOS.csproj", "{633F1318-A3AA-4A8A-8E1A-E523C91E588C}"
EndProject
Project("{FAE04EC0-301F-11D3-BF4B-00C04F79EFBC}") = "ClassHierarchy", "ClassHierarchy\ClassHierarchy\ClassHierarchy.csproj", "{11AE930E-573C-4467-8D07-0708C425FA5C}"
EndProject
Global
	GlobalSection(SolutionConfigurationPlatforms) = preSolution
		Debug|Any CPU = Debug|Any CPU
		Debug|ARM = Debug|ARM
		Debug|iPhone = Debug|iPhone
		Debug|iPhoneSimulator = Debug|iPhoneSimulator
		Debug|x64 = Debug|x64
		Debug|x86 = Debug|x86
		Release|Any CPU = Release|Any CPU
		Release|ARM = Release|ARM
		Release|iPhone = Release|iPhone
		Release|iPhoneSimulator = Release|iPhoneSimulator
		Release|x64 = Release|x64
		Release|x86 = Release|x86
	EndGlobalSection
	GlobalSection(ProjectConfigurationPlatforms) = postSolution
		{7D7CEB56-692E-4180-88BD-9D266C7C8E06}.Debug|Any CPU.ActiveCfg = Debug|x86
		{7D7CEB56-692E-4180-88BD-9D266C7C8E06}.Debug|Any CPU.Build.0 = Debug|x86
		{7D7CEB56-692E-4180-88BD-9D266C7C8E06}.Debug|Any CPU.Deploy.0 = Debug|x86
		{7D7CEB56-692E-4180-88BD-9D266C7C8E06}.Debug|ARM.ActiveCfg = Debug|ARM
		{7D7CEB56-692E-4180-88BD-9D266C7C8E06}.Debug|ARM.Build.0 = Debug|ARM
		{7D7CEB56-692E-4180-88BD-9D266C7C8E06}.Debug|ARM.Deploy.0 = Debug|ARM
		{7D7CEB56-692E-4180-88BD-9D266C7C8E06}.Debug|iPhone.ActiveCfg = Debug|x86
		{7D7CEB56-692E-4180-88BD-9D266C7C8E06}.Debug|iPhone.Build.0 = Debug|x86
		{7D7CEB56-692E-4180-88BD-9D266C7C8E06}.Debug|iPhone.Deploy.0 = Debug|x86
		{7D7CEB56-692E-4180-88BD-9D266C7C8E06}.Debug|iPhoneSimulator.ActiveCfg = Debug|x86
		{7D7CEB56-692E-4180-88BD-9D266C7C8E06}.Debug|iPhoneSimulator.Build.0 = Debug|x86
		{7D7CEB56-692E-4180-88BD-9D266C7C8E06}.Debug|iPhoneSimulator.Deploy.0 = Debug|x86
		{7D7CEB56-692E-4180-88BD-9D266C7C8E06}.Debug|x64.ActiveCfg = Debug|x64
		{7D7CEB56-692E-4180-88BD-9D266C7C8E06}.Debug|x64.Build.0 = Debug|x64
		{7D7CEB56-692E-4180-88BD-9D266C7C8E06}.Debug|x64.Deploy.0 = Debug|x64
		{7D7CEB56-692E-4180-88BD-9D266C7C8E06}.Debug|x86.ActiveCfg = Debug|x86
		{7D7CEB56-692E-4180-88BD-9D266C7C8E06}.Debug|x86.Build.0 = Debug|x86
		{7D7CEB56-692E-4180-88BD-9D266C7C8E06}.Debug|x86.Deploy.0 = Debug|x86
		{7D7CEB56-692E-4180-88BD-9D266C7C8E06}.Release|Any CPU.ActiveCfg = Release|x86
		{7D7CEB56-692E-4180-88BD-9D266C7C8E06}.Release|Any CPU.Build.0 = Release|x86
		{7D7CEB56-692E-4180-88BD-9D266C7C8E06}.Release|Any CPU.Deploy.0 = Release|x86
		{7D7CEB56-692E-4180-88BD-9D266C7C8E06}.Release|ARM.ActiveCfg = Release|ARM
		{7D7CEB56-692E-4180-88BD-9D266C7C8E06}.Release|ARM.Build.0 = Release|ARM
		{7D7CEB56-692E-4180-88BD-9D266C7C8E06}.Release|ARM.Deploy.0 = Release|ARM
		{7D7CEB56-692E-4180-88BD-9D266C7C8E06}.Release|iPhone.ActiveCfg = Release|x86
		{7D7CEB56-692E-4180-88BD-9D266C7C8E06}.Release|iPhone.Build.0 = Release|x86
		{7D7CEB56-692E-4180-88BD-9D266C7C8E06}.Release|iPhone.Deploy.0 = Release|x86
		{7D7CEB56-692E-4180-88BD-9D266C7C8E06}.Release|iPhoneSimulator.ActiveCfg = Release|x86
		{7D7CEB56-692E-4180-88BD-9D266C7C8E06}.Release|iPhoneSimulator.Build.0 = Release|x86
		{7D7CEB56-692E-4180-88BD-9D266C7C8E06}.Release|iPhoneSimulator.Deploy.0 = Release|x86
		{7D7CEB56-692E-4180-88BD-9D266C7C8E06}.Release|x64.ActiveCfg = Release|x64
		{7D7CEB56-692E-4180-88BD-9D266C7C8E06}.Release|x64.Build.0 = Release|x64
		{7D7CEB56-692E-4180-88BD-9D266C7C8E06}.Release|x64.Deploy.0 = Release|x64
		{7D7CEB56-692E-4180-88BD-9D266C7C8E06}.Release|x86.ActiveCfg = Release|x86
		{7D7CEB56-692E-4180-88BD-9D266C7C8E06}.Release|x86.Build.0 = Release|x86
		{7D7CEB56-692E-4180-88BD-9D266C7C8E06}.Release|x86.Deploy.0 = Release|x86
		{FD32B45A-06D5-427A-996E-C8029F20C3C7}.Debug|Any CPU.ActiveCfg = Debug|Any CPU
		{FD32B45A-06D5-427A-996E-C8029F20C3C7}.Debug|Any CPU.Build.0 = Debug|Any CPU
		{FD32B45A-06D5-427A-996E-C8029F20C3C7}.Debug|Any CPU.Deploy.0 = Debug|Any CPU
		{FD32B45A-06D5-427A-996E-C8029F20C3C7}.Debug|ARM.ActiveCfg = Debug|Any CPU
		{FD32B45A-06D5-427A-996E-C8029F20C3C7}.Debug|ARM.Build.0 = Debug|Any CPU
		{FD32B45A-06D5-427A-996E-C8029F20C3C7}.Debug|ARM.Deploy.0 = Debug|Any CPU
		{FD32B45A-06D5-427A-996E-C8029F20C3C7}.Debug|iPhone.ActiveCfg = Debug|Any CPU
		{FD32B45A-06D5-427A-996E-C8029F20C3C7}.Debug|iPhone.Build.0 = Debug|Any CPU
		{FD32B45A-06D5-427A-996E-C8029F20C3C7}.Debug|iPhone.Deploy.0 = Debug|Any CPU
		{FD32B45A-06D5-427A-996E-C8029F20C3C7}.Debug|iPhoneSimulator.ActiveCfg = Debug|Any CPU
		{FD32B45A-06D5-427A-996E-C8029F20C3C7}.Debug|iPhoneSimulator.Build.0 = Debug|Any CPU
		{FD32B45A-06D5-427A-996E-C8029F20C3C7}.Debug|iPhoneSimulator.Deploy.0 = Debug|Any CPU
		{FD32B45A-06D5-427A-996E-C8029F20C3C7}.Debug|x64.ActiveCfg = Debug|Any CPU
		{FD32B45A-06D5-427A-996E-C8029F20C3C7}.Debug|x64.Build.0 = Debug|Any CPU
		{FD32B45A-06D5-427A-996E-C8029F20C3C7}.Debug|x64.Deploy.0 = Debug|Any CPU
		{FD32B45A-06D5-427A-996E-C8029F20C3C7}.Debug|x86.ActiveCfg = Debug|Any CPU
		{FD32B45A-06D5-427A-996E-C8029F20C3C7}.Debug|x86.Build.0 = Debug|Any CPU
		{FD32B45A-06D5-427A-996E-C8029F20C3C7}.Debug|x86.Deploy.0 = Debug|Any CPU
		{FD32B45A-06D5-427A-996E-C8029F20C3C7}.Release|Any CPU.ActiveCfg = Release|Any CPU
		{FD32B45A-06D5-427A-996E-C8029F20C3C7}.Release|Any CPU.Build.0 = Release|Any CPU
		{FD32B45A-06D5-427A-996E-C8029F20C3C7}.Release|Any CPU.Deploy.0 = Release|Any CPU
		{FD32B45A-06D5-427A-996E-C8029F20C3C7}.Release|ARM.ActiveCfg = Release|Any CPU
		{FD32B45A-06D5-427A-996E-C8029F20C3C7}.Release|ARM.Build.0 = Release|Any CPU
		{FD32B45A-06D5-427A-996E-C8029F20C3C7}.Release|ARM.Deploy.0 = Release|Any CPU
		{FD32B45A-06D5-427A-996E-C8029F20C3C7}.Release|iPhone.ActiveCfg = Release|Any CPU
		{FD32B45A-06D5-427A-996E-C8029F20C3C7}.Release|iPhone.Build.0 = Release|Any CPU
		{FD32B45A-06D5-427A-996E-C8029F20C3C7}.Release|iPhone.Deploy.0 = Release|Any CPU
		{FD32B45A-06D5-427A-996E-C8029F20C3C7}.Release|iPhoneSimulator.ActiveCfg = Release|Any CPU
		{FD32B45A-06D5-427A-996E-C8029F20C3C7}.Release|iPhoneSimulator.Build.0 = Release|Any CPU
		{FD32B45A-06D5-427A-996E-C8029F20C3C7}.Release|iPhoneSimulator.Deploy.0 = Release|Any CPU
		{FD32B45A-06D5-427A-996E-C8029F20C3C7}.Release|x64.ActiveCfg = Release|Any CPU
		{FD32B45A-06D5-427A-996E-C8029F20C3C7}.Release|x64.Build.0 = Release|Any CPU
		{FD32B45A-06D5-427A-996E-C8029F20C3C7}.Release|x64.Deploy.0 = Release|Any CPU
		{FD32B45A-06D5-427A-996E-C8029F20C3C7}.Release|x86.ActiveCfg = Release|Any CPU
		{FD32B45A-06D5-427A-996E-C8029F20C3C7}.Release|x86.Build.0 = Release|Any CPU
		{FD32B45A-06D5-427A-996E-C8029F20C3C7}.Release|x86.Deploy.0 = Release|Any CPU
		{633F1318-A3AA-4A8A-8E1A-E523C91E588C}.Debug|Any CPU.ActiveCfg = Debug|iPhone
		{633F1318-A3AA-4A8A-8E1A-E523C91E588C}.Debug|Any CPU.Build.0 = Debug|iPhone
		{633F1318-A3AA-4A8A-8E1A-E523C91E588C}.Debug|Any CPU.Deploy.0 = Debug|iPhone
		{633F1318-A3AA-4A8A-8E1A-E523C91E588C}.Debug|ARM.ActiveCfg = Debug|iPhone
		{633F1318-A3AA-4A8A-8E1A-E523C91E588C}.Debug|ARM.Build.0 = Debug|iPhone
		{633F1318-A3AA-4A8A-8E1A-E523C91E588C}.Debug|ARM.Deploy.0 = Debug|iPhone
		{633F1318-A3AA-4A8A-8E1A-E523C91E588C}.Debug|iPhone.ActiveCfg = Debug|iPhone
		{633F1318-A3AA-4A8A-8E1A-E523C91E588C}.Debug|iPhone.Build.0 = Debug|iPhone
		{633F1318-A3AA-4A8A-8E1A-E523C91E588C}.Debug|iPhone.Deploy.0 = Debug|iPhone
		{633F1318-A3AA-4A8A-8E1A-E523C91E588C}.Debug|iPhoneSimulator.ActiveCfg = Debug|iPhoneSimulator
		{633F1318-A3AA-4A8A-8E1A-E523C91E588C}.Debug|iPhoneSimulator.Build.0 = Debug|iPhoneSimulator
		{633F1318-A3AA-4A8A-8E1A-E523C91E588C}.Debug|iPhoneSimulator.Deploy.0 = Debug|iPhoneSimulator
		{633F1318-A3AA-4A8A-8E1A-E523C91E588C}.Debug|x64.ActiveCfg = Debug|iPhone
		{633F1318-A3AA-4A8A-8E1A-E523C91E588C}.Debug|x64.Build.0 = Debug|iPhone
		{633F1318-A3AA-4A8A-8E1A-E523C91E588C}.Debug|x64.Deploy.0 = Debug|iPhone
		{633F1318-A3AA-4A8A-8E1A-E523C91E588C}.Debug|x86.ActiveCfg = Debug|iPhone
		{633F1318-A3AA-4A8A-8E1A-E523C91E588C}.Debug|x86.Build.0 = Debug|iPhone
		{633F1318-A3AA-4A8A-8E1A-E523C91E588C}.Debug|x86.Deploy.0 = Debug|iPhone
		{633F1318-A3AA-4A8A-8E1A-E523C91E588C}.Release|Any CPU.ActiveCfg = Release|iPhone
		{633F1318-A3AA-4A8A-8E1A-E523C91E588C}.Release|Any CPU.Build.0 = Release|iPhone
		{633F1318-A3AA-4A8A-8E1A-E523C91E588C}.Release|Any CPU.Deploy.0 = Release|iPhone
		{633F1318-A3AA-4A8A-8E1A-E523C91E588C}.Release|ARM.ActiveCfg = Release|iPhone
		{633F1318-A3AA-4A8A-8E1A-E523C91E588C}.Release|ARM.Build.0 = Release|iPhone
		{633F1318-A3AA-4A8A-8E1A-E523C91E588C}.Release|ARM.Deploy.0 = Release|iPhone
		{633F1318-A3AA-4A8A-8E1A-E523C91E588C}.Release|iPhone.ActiveCfg = Release|iPhone
		{633F1318-A3AA-4A8A-8E1A-E523C91E588C}.Release|iPhone.Build.0 = Release|iPhone
		{633F1318-A3AA-4A8A-8E1A-E523C91E588C}.Release|iPhone.Deploy.0 = Release|iPhone
		{633F1318-A3AA-4A8A-8E1A-E523C91E588C}.Release|iPhoneSimulator.ActiveCfg = Release|iPhoneSimulator
		{633F1318-A3AA-4A8A-8E1A-E523C91E588C}.Release|iPhoneSimulator.Build.0 = Release|iPhoneSimulator
		{633F1318-A3AA-4A8A-8E1A-E523C91E588C}.Release|iPhoneSimulator.Deploy.0 = Release|iPhoneSimulator
		{633F1318-A3AA-4A8A-8E1A-E523C91E588C}.Release|x64.ActiveCfg = Release|iPhone
		{633F1318-A3AA-4A8A-8E1A-E523C91E588C}.Release|x64.Build.0 = Release|iPhone
		{633F1318-A3AA-4A8A-8E1A-E523C91E588C}.Release|x64.Deploy.0 = Release|iPhone
		{633F1318-A3AA-4A8A-8E1A-E523C91E588C}.Release|x86.ActiveCfg = Release|iPhone
		{633F1318-A3AA-4A8A-8E1A-E523C91E588C}.Release|x86.Build.0 = Release|iPhone
		{633F1318-A3AA-4A8A-8E1A-E523C91E588C}.Release|x86.Deploy.0 = Release|iPhone
		{11AE930E-573C-4467-8D07-0708C425FA5C}.Debug|Any CPU.ActiveCfg = Debug|Any CPU
		{11AE930E-573C-4467-8D07-0708C425FA5C}.Debug|Any CPU.Build.0 = Debug|Any CPU
		{11AE930E-573C-4467-8D07-0708C425FA5C}.Debug|Any CPU.Deploy.0 = Debug|Any CPU
		{11AE930E-573C-4467-8D07-0708C425FA5C}.Debug|ARM.ActiveCfg = Debug|Any CPU
		{11AE930E-573C-4467-8D07-0708C425FA5C}.Debug|ARM.Build.0 = Debug|Any CPU
		{11AE930E-573C-4467-8D07-0708C425FA5C}.Debug|ARM.Deploy.0 = Debug|Any CPU
		{11AE930E-573C-4467-8D07-0708C425FA5C}.Debug|iPhone.ActiveCfg = Debug|Any CPU
		{11AE930E-573C-4467-8D07-0708C425FA5C}.Debug|iPhone.Build.0 = Debug|Any CPU
		{11AE930E-573C-4467-8D07-0708C425FA5C}.Debug|iPhone.Deploy.0 = Debug|Any CPU
		{11AE930E-573C-4467-8D07-0708C425FA5C}.Debug|iPhoneSimulator.ActiveCfg = Debug|Any CPU
		{11AE930E-573C-4467-8D07-0708C425FA5C}.Debug|iPhoneSimulator.Build.0 = Debug|Any CPU
		{11AE930E-573C-4467-8D07-0708C425FA5C}.Debug|iPhoneSimulator.Deploy.0 = Debug|Any CPU
		{11AE930E-573C-4467-8D07-0708C425FA5C}.Debug|x64.ActiveCfg = Debug|Any CPU
		{11AE930E-573C-4467-8D07-0708C425FA5C}.Debug|x64.Build.0 = Debug|Any CPU
		{11AE930E-573C-4467-8D07-0708C425FA5C}.Debug|x64.Deploy.0 = Debug|Any CPU
		{11AE930E-573C-4467-8D07-0708C425FA5C}.Debug|x86.ActiveCfg = Debug|Any CPU
		{11AE930E-573C-4467-8D07-0708C425FA5C}.Debug|x86.Build.0 = Debug|Any CPU
		{11AE930E-573C-4467-8D07-0708C425FA5C}.Debug|x86.Deploy.0 = Debug|Any CPU
		{11AE930E-573C-4467-8D07-0708C425FA5C}.Release|Any CPU.ActiveCfg = Release|Any CPU
		{11AE930E-573C-4467-8D07-0708C425FA5C}.Release|Any CPU.Build.0 = Release|Any CPU
		{11AE930E-573C-4467-8D07-0708C425FA5C}.Release|Any CPU.Deploy.0 = Release|Any CPU
		{11AE930E-573C-4467-8D07-0708C425FA5C}.Release|ARM.ActiveCfg = Release|Any CPU
		{11AE930E-573C-4467-8D07-0708C425FA5C}.Release|ARM.Build.0 = Release|Any CPU
		{11AE930E-573C-4467-8D07-0708C425FA5C}.Release|ARM.Deploy.0 = Release|Any CPU
		{11AE930E-573C-4467-8D07-0708C425FA5C}.Release|iPhone.ActiveCfg = Release|Any CPU
		{11AE930E-573C-4467-8D07-0708C425FA5C}.Release|iPhone.Build.0 = Release|Any CPU
		{11AE930E-573C-4467-8D07-0708C425FA5C}.Release|iPhone.Deploy.0 = Release|Any CPU
		{11AE930E-573C-4467-8D07-0708C425FA5C}.Release|iPhoneSimulator.ActiveCfg = Release|Any CPU
		{11AE930E-573C-4467-8D07-0708C425FA5C}.Release|iPhoneSimulator.Build.0 = Release|Any CPU
		{11AE930E-573C-4467-8D07-0708C425FA5C}.Release|iPhoneSimulator.Deploy.0 = Release|Any CPU
		{11AE930E-573C-4467-8D07-0708C425FA5C}.Release|x64.ActiveCfg = Release|Any CPU
		{11AE930E-573C-4467-8D07-0708C425FA5C}.Release|x64.Build.0 = Release|Any CPU
		{11AE930E-573C-4467-8D07-0708C425FA5C}.Release|x64.Deploy.0 = Release|Any CPU
		{11AE930E-573C-4467-8D07-0708C425FA5C}.Release|x86.ActiveCfg = Release|Any CPU
		{11AE930E-573C-4467-8D07-0708C425FA5C}.Release|x86.Build.0 = Release|Any CPU
		{11AE930E-573C-4467-8D07-0708C425FA5C}.Release|x86.Deploy.0 = Release|Any CPU
	EndGlobalSection
	GlobalSection(SolutionProperties) = preSolution
		HideSolutionNode = FALSE
	EndGlobalSection
	GlobalSection(ExtensibilityGlobals) = postSolution
		SolutionGuid = {9409A36B-2DC5-4781-8B16-AE2CE97A17D6}
	EndGlobalSection
EndGlobal
