
Microsoft Visual Studio Solution File, Format Version 12.00
# Visual Studio Version 16
VisualStudioVersion = 16.0.30413.136
MinimumVisualStudioVersion = 10.0.40219.1
Project("{FAE04EC0-301F-11D3-BF4B-00C04F79EFBC}") = "ImageBrowser.UWP", "ImageBrowser\ImageBrowser.UWP\ImageBrowser.UWP.csproj", "{816FD1BF-57E5-4088-B2AE-8494E716FC50}"
EndProject
Project("{FAE04EC0-301F-11D3-BF4B-00C04F79EFBC}") = "ImageBrowser.Android", "ImageBrowser\ImageBrowser.Android\ImageBrowser.Android.csproj", "{6A5F2841-F829-4F17-B8B4-17C180C36E6B}"
EndProject
Project("{FAE04EC0-301F-11D3-BF4B-00C04F79EFBC}") = "ImageBrowser.iOS", "ImageBrowser\ImageBrowser.iOS\ImageBrowser.iOS.csproj", "{8009BFC2-D99D-48F8-92AC-C8C853DD63A6}"
EndProject
Project("{FAE04EC0-301F-11D3-BF4B-00C04F79EFBC}") = "ImageBrowser", "ImageBrowser\ImageBrowser\ImageBrowser.csproj", "{A6ECFD4B-6547-4C5E-8D57-46DD71038702}"
EndProject
Global
	GlobalSection(SolutionConfigurationPlatforms) = preSolution
		Debug|Any CPU = Debug|Any CPU
		Debug|ARM = Debug|ARM
		Debug|iPhone = Debug|iPhone
		Debug|iPhoneSimulator = Debug|iPhoneSimulator
		Debug|x64 = Debug|x64
		Debug|x86 = Debug|x86
		Release|Any CPU = Release|Any CPU
		Release|ARM = Release|ARM
		Release|iPhone = Release|iPhone
		Release|iPhoneSimulator = Release|iPhoneSimulator
		Release|x64 = Release|x64
		Release|x86 = Release|x86
	EndGlobalSection
	GlobalSection(ProjectConfigurationPlatforms) = postSolution
		{816FD1BF-57E5-4088-B2AE-8494E716FC50}.Debug|Any CPU.ActiveCfg = Debug|x86
		{816FD1BF-57E5-4088-B2AE-8494E716FC50}.Debug|Any CPU.Build.0 = Debug|x86
		{816FD1BF-57E5-4088-B2AE-8494E716FC50}.Debug|Any CPU.Deploy.0 = Debug|x86
		{816FD1BF-57E5-4088-B2AE-8494E716FC50}.Debug|ARM.ActiveCfg = Debug|ARM
		{816FD1BF-57E5-4088-B2AE-8494E716FC50}.Debug|ARM.Build.0 = Debug|ARM
		{816FD1BF-57E5-4088-B2AE-8494E716FC50}.Debug|ARM.Deploy.0 = Debug|ARM
		{816FD1BF-57E5-4088-B2AE-8494E716FC50}.Debug|iPhone.ActiveCfg = Debug|x86
		{816FD1BF-57E5-4088-B2AE-8494E716FC50}.Debug|iPhone.Build.0 = Debug|x86
		{816FD1BF-57E5-4088-B2AE-8494E716FC50}.Debug|iPhone.Deploy.0 = Debug|x86
		{816FD1BF-57E5-4088-B2AE-8494E716FC50}.Debug|iPhoneSimulator.ActiveCfg = Debug|x86
		{816FD1BF-57E5-4088-B2AE-8494E716FC50}.Debug|iPhoneSimulator.Build.0 = Debug|x86
		{816FD1BF-57E5-4088-B2AE-8494E716FC50}.Debug|iPhoneSimulator.Deploy.0 = Debug|x86
		{816FD1BF-57E5-4088-B2AE-8494E716FC50}.Debug|x64.ActiveCfg = Debug|x64
		{816FD1BF-57E5-4088-B2AE-8494E716FC50}.Debug|x64.Build.0 = Debug|x64
		{816FD1BF-57E5-4088-B2AE-8494E716FC50}.Debug|x64.Deploy.0 = Debug|x64
		{816FD1BF-57E5-4088-B2AE-8494E716FC50}.Debug|x86.ActiveCfg = Debug|x86
		{816FD1BF-57E5-4088-B2AE-8494E716FC50}.Debug|x86.Build.0 = Debug|x86
		{816FD1BF-57E5-4088-B2AE-8494E716FC50}.Debug|x86.Deploy.0 = Debug|x86
		{816FD1BF-57E5-4088-B2AE-8494E716FC50}.Release|Any CPU.ActiveCfg = Release|x86
		{816FD1BF-57E5-4088-B2AE-8494E716FC50}.Release|Any CPU.Build.0 = Release|x86
		{816FD1BF-57E5-4088-B2AE-8494E716FC50}.Release|Any CPU.Deploy.0 = Release|x86
		{816FD1BF-57E5-4088-B2AE-8494E716FC50}.Release|ARM.ActiveCfg = Release|ARM
		{816FD1BF-57E5-4088-B2AE-8494E716FC50}.Release|ARM.Build.0 = Release|ARM
		{816FD1BF-57E5-4088-B2AE-8494E716FC50}.Release|ARM.Deploy.0 = Release|ARM
		{816FD1BF-57E5-4088-B2AE-8494E716FC50}.Release|iPhone.ActiveCfg = Release|x86
		{816FD1BF-57E5-4088-B2AE-8494E716FC50}.Release|iPhone.Build.0 = Release|x86
		{816FD1BF-57E5-4088-B2AE-8494E716FC50}.Release|iPhone.Deploy.0 = Release|x86
		{816FD1BF-57E5-4088-B2AE-8494E716FC50}.Release|iPhoneSimulator.ActiveCfg = Release|x86
		{816FD1BF-57E5-4088-B2AE-8494E716FC50}.Release|iPhoneSimulator.Build.0 = Release|x86
		{816FD1BF-57E5-4088-B2AE-8494E716FC50}.Release|iPhoneSimulator.Deploy.0 = Release|x86
		{816FD1BF-57E5-4088-B2AE-8494E716FC50}.Release|x64.ActiveCfg = Release|x64
		{816FD1BF-57E5-4088-B2AE-8494E716FC50}.Release|x64.Build.0 = Release|x64
		{816FD1BF-57E5-4088-B2AE-8494E716FC50}.Release|x64.Deploy.0 = Release|x64
		{816FD1BF-57E5-4088-B2AE-8494E716FC50}.Release|x86.ActiveCfg = Release|x86
		{816FD1BF-57E5-4088-B2AE-8494E716FC50}.Release|x86.Build.0 = Release|x86
		{816FD1BF-57E5-4088-B2AE-8494E716FC50}.Release|x86.Deploy.0 = Release|x86
		{6A5F2841-F829-4F17-B8B4-17C180C36E6B}.Debug|Any CPU.ActiveCfg = Debug|Any CPU
		{6A5F2841-F829-4F17-B8B4-17C180C36E6B}.Debug|Any CPU.Build.0 = Debug|Any CPU
		{6A5F2841-F829-4F17-B8B4-17C180C36E6B}.Debug|Any CPU.Deploy.0 = Debug|Any CPU
		{6A5F2841-F829-4F17-B8B4-17C180C36E6B}.Debug|ARM.ActiveCfg = Debug|Any CPU
		{6A5F2841-F829-4F17-B8B4-17C180C36E6B}.Debug|ARM.Build.0 = Debug|Any CPU
		{6A5F2841-F829-4F17-B8B4-17C180C36E6B}.Debug|ARM.Deploy.0 = Debug|Any CPU
		{6A5F2841-F829-4F17-B8B4-17C180C36E6B}.Debug|iPhone.ActiveCfg = Debug|Any CPU
		{6A5F2841-F829-4F17-B8B4-17C180C36E6B}.Debug|iPhone.Build.0 = Debug|Any CPU
		{6A5F2841-F829-4F17-B8B4-17C180C36E6B}.Debug|iPhone.Deploy.0 = Debug|Any CPU
		{6A5F2841-F829-4F17-B8B4-17C180C36E6B}.Debug|iPhoneSimulator.ActiveCfg = Debug|Any CPU
		{6A5F2841-F829-4F17-B8B4-17C180C36E6B}.Debug|iPhoneSimulator.Build.0 = Debug|Any CPU
		{6A5F2841-F829-4F17-B8B4-17C180C36E6B}.Debug|iPhoneSimulator.Deploy.0 = Debug|Any CPU
		{6A5F2841-F829-4F17-B8B4-17C180C36E6B}.Debug|x64.ActiveCfg = Debug|Any CPU
		{6A5F2841-F829-4F17-B8B4-17C180C36E6B}.Debug|x64.Build.0 = Debug|Any CPU
		{6A5F2841-F829-4F17-B8B4-17C180C36E6B}.Debug|x64.Deploy.0 = Debug|Any CPU
		{6A5F2841-F829-4F17-B8B4-17C180C36E6B}.Debug|x86.ActiveCfg = Debug|Any CPU
		{6A5F2841-F829-4F17-B8B4-17C180C36E6B}.Debug|x86.Build.0 = Debug|Any CPU
		{6A5F2841-F829-4F17-B8B4-17C180C36E6B}.Debug|x86.Deploy.0 = Debug|Any CPU
		{6A5F2841-F829-4F17-B8B4-17C180C36E6B}.Release|Any CPU.ActiveCfg = Release|Any CPU
		{6A5F2841-F829-4F17-B8B4-17C180C36E6B}.Release|Any CPU.Build.0 = Release|Any CPU
		{6A5F2841-F829-4F17-B8B4-17C180C36E6B}.Release|Any CPU.Deploy.0 = Release|Any CPU
		{6A5F2841-F829-4F17-B8B4-17C180C36E6B}.Release|ARM.ActiveCfg = Release|Any CPU
		{6A5F2841-F829-4F17-B8B4-17C180C36E6B}.Release|ARM.Build.0 = Release|Any CPU
		{6A5F2841-F829-4F17-B8B4-17C180C36E6B}.Release|ARM.Deploy.0 = Release|Any CPU
		{6A5F2841-F829-4F17-B8B4-17C180C36E6B}.Release|iPhone.ActiveCfg = Release|Any CPU
		{6A5F2841-F829-4F17-B8B4-17C180C36E6B}.Release|iPhone.Build.0 = Release|Any CPU
		{6A5F2841-F829-4F17-B8B4-17C180C36E6B}.Release|iPhone.Deploy.0 = Release|Any CPU
		{6A5F2841-F829-4F17-B8B4-17C180C36E6B}.Release|iPhoneSimulator.ActiveCfg = Release|Any CPU
		{6A5F2841-F829-4F17-B8B4-17C180C36E6B}.Release|iPhoneSimulator.Build.0 = Release|Any CPU
		{6A5F2841-F829-4F17-B8B4-17C180C36E6B}.Release|iPhoneSimulator.Deploy.0 = Release|Any CPU
		{6A5F2841-F829-4F17-B8B4-17C180C36E6B}.Release|x64.ActiveCfg = Release|Any CPU
		{6A5F2841-F829-4F17-B8B4-17C180C36E6B}.Release|x64.Build.0 = Release|Any CPU
		{6A5F2841-F829-4F17-B8B4-17C180C36E6B}.Release|x64.Deploy.0 = Release|Any CPU
		{6A5F2841-F829-4F17-B8B4-17C180C36E6B}.Release|x86.ActiveCfg = Release|Any CPU
		{6A5F2841-F829-4F17-B8B4-17C180C36E6B}.Release|x86.Build.0 = Release|Any CPU
		{6A5F2841-F829-4F17-B8B4-17C180C36E6B}.Release|x86.Deploy.0 = Release|Any CPU
		{8009BFC2-D99D-48F8-92AC-C8C853DD63A6}.Debug|Any CPU.ActiveCfg = Debug|iPhone
		{8009BFC2-D99D-48F8-92AC-C8C853DD63A6}.Debug|Any CPU.Build.0 = Debug|iPhone
		{8009BFC2-D99D-48F8-92AC-C8C853DD63A6}.Debug|Any CPU.Deploy.0 = Debug|iPhone
		{8009BFC2-D99D-48F8-92AC-C8C853DD63A6}.Debug|ARM.ActiveCfg = Debug|iPhone
		{8009BFC2-D99D-48F8-92AC-C8C853DD63A6}.Debug|ARM.Build.0 = Debug|iPhone
		{8009BFC2-D99D-48F8-92AC-C8C853DD63A6}.Debug|ARM.Deploy.0 = Debug|iPhone
		{8009BFC2-D99D-48F8-92AC-C8C853DD63A6}.Debug|iPhone.ActiveCfg = Debug|iPhone
		{8009BFC2-D99D-48F8-92AC-C8C853DD63A6}.Debug|iPhone.Build.0 = Debug|iPhone
		{8009BFC2-D99D-48F8-92AC-C8C853DD63A6}.Debug|iPhone.Deploy.0 = Debug|iPhone
		{8009BFC2-D99D-48F8-92AC-C8C853DD63A6}.Debug|iPhoneSimulator.ActiveCfg = Debug|iPhoneSimulator
		{8009BFC2-D99D-48F8-92AC-C8C853DD63A6}.Debug|iPhoneSimulator.Build.0 = Debug|iPhoneSimulator
		{8009BFC2-D99D-48F8-92AC-C8C853DD63A6}.Debug|iPhoneSimulator.Deploy.0 = Debug|iPhoneSimulator
		{8009BFC2-D99D-48F8-92AC-C8C853DD63A6}.Debug|x64.ActiveCfg = Debug|iPhone
		{8009BFC2-D99D-48F8-92AC-C8C853DD63A6}.Debug|x64.Build.0 = Debug|iPhone
		{8009BFC2-D99D-48F8-92AC-C8C853DD63A6}.Debug|x64.Deploy.0 = Debug|iPhone
		{8009BFC2-D99D-48F8-92AC-C8C853DD63A6}.Debug|x86.ActiveCfg = Debug|iPhone
		{8009BFC2-D99D-48F8-92AC-C8C853DD63A6}.Debug|x86.Build.0 = Debug|iPhone
		{8009BFC2-D99D-48F8-92AC-C8C853DD63A6}.Debug|x86.Deploy.0 = Debug|iPhone
		{8009BFC2-D99D-48F8-92AC-C8C853DD63A6}.Release|Any CPU.ActiveCfg = Release|iPhone
		{8009BFC2-D99D-48F8-92AC-C8C853DD63A6}.Release|Any CPU.Build.0 = Release|iPhone
		{8009BFC2-D99D-48F8-92AC-C8C853DD63A6}.Release|Any CPU.Deploy.0 = Release|iPhone
		{8009BFC2-D99D-48F8-92AC-C8C853DD63A6}.Release|ARM.ActiveCfg = Release|iPhone
		{8009BFC2-D99D-48F8-92AC-C8C853DD63A6}.Release|ARM.Build.0 = Release|iPhone
		{8009BFC2-D99D-48F8-92AC-C8C853DD63A6}.Release|ARM.Deploy.0 = Release|iPhone
		{8009BFC2-D99D-48F8-92AC-C8C853DD63A6}.Release|iPhone.ActiveCfg = Release|iPhone
		{8009BFC2-D99D-48F8-92AC-C8C853DD63A6}.Release|iPhone.Build.0 = Release|iPhone
		{8009BFC2-D99D-48F8-92AC-C8C853DD63A6}.Release|iPhone.Deploy.0 = Release|iPhone
		{8009BFC2-D99D-48F8-92AC-C8C853DD63A6}.Release|iPhoneSimulator.ActiveCfg = Release|iPhoneSimulator
		{8009BFC2-D99D-48F8-92AC-C8C853DD63A6}.Release|iPhoneSimulator.Build.0 = Release|iPhoneSimulator
		{8009BFC2-D99D-48F8-92AC-C8C853DD63A6}.Release|iPhoneSimulator.Deploy.0 = Release|iPhoneSimulator
		{8009BFC2-D99D-48F8-92AC-C8C853DD63A6}.Release|x64.ActiveCfg = Release|iPhone
		{8009BFC2-D99D-48F8-92AC-C8C853DD63A6}.Release|x64.Build.0 = Release|iPhone
		{8009BFC2-D99D-48F8-92AC-C8C853DD63A6}.Release|x64.Deploy.0 = Release|iPhone
		{8009BFC2-D99D-48F8-92AC-C8C853DD63A6}.Release|x86.ActiveCfg = Release|iPhone
		{8009BFC2-D99D-48F8-92AC-C8C853DD63A6}.Release|x86.Build.0 = Release|iPhone
		{8009BFC2-D99D-48F8-92AC-C8C853DD63A6}.Release|x86.Deploy.0 = Release|iPhone
		{A6ECFD4B-6547-4C5E-8D57-46DD71038702}.Debug|Any CPU.ActiveCfg = Debug|Any CPU
		{A6ECFD4B-6547-4C5E-8D57-46DD71038702}.Debug|Any CPU.Build.0 = Debug|Any CPU
		{A6ECFD4B-6547-4C5E-8D57-46DD71038702}.Debug|Any CPU.Deploy.0 = Debug|Any CPU
		{A6ECFD4B-6547-4C5E-8D57-46DD71038702}.Debug|ARM.ActiveCfg = Debug|Any CPU
		{A6ECFD4B-6547-4C5E-8D57-46DD71038702}.Debug|ARM.Build.0 = Debug|Any CPU
		{A6ECFD4B-6547-4C5E-8D57-46DD71038702}.Debug|ARM.Deploy.0 = Debug|Any CPU
		{A6ECFD4B-6547-4C5E-8D57-46DD71038702}.Debug|iPhone.ActiveCfg = Debug|Any CPU
		{A6ECFD4B-6547-4C5E-8D57-46DD71038702}.Debug|iPhone.Build.0 = Debug|Any CPU
		{A6ECFD4B-6547-4C5E-8D57-46DD71038702}.Debug|iPhone.Deploy.0 = Debug|Any CPU
		{A6ECFD4B-6547-4C5E-8D57-46DD71038702}.Debug|iPhoneSimulator.ActiveCfg = Debug|Any CPU
		{A6ECFD4B-6547-4C5E-8D57-46DD71038702}.Debug|iPhoneSimulator.Build.0 = Debug|Any CPU
		{A6ECFD4B-6547-4C5E-8D57-46DD71038702}.Debug|iPhoneSimulator.Deploy.0 = Debug|Any CPU
		{A6ECFD4B-6547-4C5E-8D57-46DD71038702}.Debug|x64.ActiveCfg = Debug|Any CPU
		{A6ECFD4B-6547-4C5E-8D57-46DD71038702}.Debug|x64.Build.0 = Debug|Any CPU
		{A6ECFD4B-6547-4C5E-8D57-46DD71038702}.Debug|x64.Deploy.0 = Debug|Any CPU
		{A6ECFD4B-6547-4C5E-8D57-46DD71038702}.Debug|x86.ActiveCfg = Debug|Any CPU
		{A6ECFD4B-6547-4C5E-8D57-46DD71038702}.Debug|x86.Build.0 = Debug|Any CPU
		{A6ECFD4B-6547-4C5E-8D57-46DD71038702}.Debug|x86.Deploy.0 = Debug|Any CPU
		{A6ECFD4B-6547-4C5E-8D57-46DD71038702}.Release|Any CPU.ActiveCfg = Release|Any CPU
		{A6ECFD4B-6547-4C5E-8D57-46DD71038702}.Release|Any CPU.Build.0 = Release|Any CPU
		{A6ECFD4B-6547-4C5E-8D57-46DD71038702}.Release|Any CPU.Deploy.0 = Release|Any CPU
		{A6ECFD4B-6547-4C5E-8D57-46DD71038702}.Release|ARM.ActiveCfg = Release|Any CPU
		{A6ECFD4B-6547-4C5E-8D57-46DD71038702}.Release|ARM.Build.0 = Release|Any CPU
		{A6ECFD4B-6547-4C5E-8D57-46DD71038702}.Release|ARM.Deploy.0 = Release|Any CPU
		{A6ECFD4B-6547-4C5E-8D57-46DD71038702}.Release|iPhone.ActiveCfg = Release|Any CPU
		{A6ECFD4B-6547-4C5E-8D57-46DD71038702}.Release|iPhone.Build.0 = Release|Any CPU
		{A6ECFD4B-6547-4C5E-8D57-46DD71038702}.Release|iPhone.Deploy.0 = Release|Any CPU
		{A6ECFD4B-6547-4C5E-8D57-46DD71038702}.Release|iPhoneSimulator.ActiveCfg = Release|Any CPU
		{A6ECFD4B-6547-4C5E-8D57-46DD71038702}.Release|iPhoneSimulator.Build.0 = Release|Any CPU
		{A6ECFD4B-6547-4C5E-8D57-46DD71038702}.Release|iPhoneSimulator.Deploy.0 = Release|Any CPU
		{A6ECFD4B-6547-4C5E-8D57-46DD71038702}.Release|x64.ActiveCfg = Release|Any CPU
		{A6ECFD4B-6547-4C5E-8D57-46DD71038702}.Release|x64.Build.0 = Release|Any CPU
		{A6ECFD4B-6547-4C5E-8D57-46DD71038702}.Release|x64.Deploy.0 = Release|Any CPU
		{A6ECFD4B-6547-4C5E-8D57-46DD71038702}.Release|x86.ActiveCfg = Release|Any CPU
		{A6ECFD4B-6547-4C5E-8D57-46DD71038702}.Release|x86.Build.0 = Release|Any CPU
		{A6ECFD4B-6547-4C5E-8D57-46DD71038702}.Release|x86.Deploy.0 = Release|Any CPU
	EndGlobalSection
	GlobalSection(SolutionProperties) = preSolution
		HideSolutionNode = FALSE
	EndGlobalSection
	GlobalSection(ExtensibilityGlobals) = postSolution
		SolutionGuid = {9BC9002D-1C45-487D-AA0A-FCEA8C2F9026}
	EndGlobalSection
EndGlobal
